// !$*UTF8*$!
{
	archiveVersion = 1;
	classes = {
	};
	objectVersion = 46;
	objects = {

/* Begin PBXBuildFile section */
		0805B17B1804FBA000525B32 /* FacebookSDK.framework in Frameworks */ = {isa = PBXBuildFile; fileRef = 0805B17A1804FBA000525B32 /* FacebookSDK.framework */; };
		0822347D17AC32B4009F2FC5 /* TapToScroll.m in Sources */ = {isa = PBXBuildFile; fileRef = 0822347C17AC32B4009F2FC5 /* TapToScroll.m */; };
		082371E51835A14B00F04A1E /* AudioToolbox.framework in Frameworks */ = {isa = PBXBuildFile; fileRef = 301BF5B8109A6A2B0062928A /* AudioToolbox.framework */; };
		082371E61835A1EB00F04A1E /* CDVSplashScreen.m in Sources */ = {isa = PBXBuildFile; fileRef = C27FDD1B78CA482AB28BCE5E /* CDVSplashScreen.m */; };
		082371EC1835A2F300F04A1E /* CoreGraphics.framework in Frameworks */ = {isa = PBXBuildFile; fileRef = 288765FC0DF74451002DB57D /* CoreGraphics.framework */; };
		082371ED1835A31E00F04A1E /* SystemConfiguration.framework in Frameworks */ = {isa = PBXBuildFile; fileRef = 85206CA98ACC4578BC1BAA55 /* SystemConfiguration.framework */; };
		082371F21836917900F04A1E /* libTestFlight.a in Frameworks */ = {isa = PBXBuildFile; fileRef = 082371EE1836917900F04A1E /* libTestFlight.a */; };
		08409BEF17E5319A001051B7 /* FacebookConnectPlugin.m in Sources */ = {isa = PBXBuildFile; fileRef = 08409BEE17E5319A001051B7 /* FacebookConnectPlugin.m */; };
		085C86B317B3288500A40B53 /* libz.dylib in Frameworks */ = {isa = PBXBuildFile; fileRef = 085C86B217B3288500A40B53 /* libz.dylib */; };
		085E2C3317A84E47007A9847 /* icon-57-2x.png in Resources */ = {isa = PBXBuildFile; fileRef = 085E2C2C17A84E47007A9847 /* icon-57-2x.png */; };
		085E2C3417A84E47007A9847 /* icon-57.png in Resources */ = {isa = PBXBuildFile; fileRef = 085E2C2D17A84E47007A9847 /* icon-57.png */; };
		085E2C3517A84E47007A9847 /* icon-72-2x.png in Resources */ = {isa = PBXBuildFile; fileRef = 085E2C2E17A84E47007A9847 /* icon-72-2x.png */; };
		085E2C3617A84E47007A9847 /* icon-72.png in Resources */ = {isa = PBXBuildFile; fileRef = 085E2C2F17A84E47007A9847 /* icon-72.png */; };
		085E2C3717A84E47007A9847 /* icon-76.png in Resources */ = {isa = PBXBuildFile; fileRef = 085E2C3017A84E47007A9847 /* icon-76.png */; };
		085E2C3817A84E47007A9847 /* icon-120.png in Resources */ = {isa = PBXBuildFile; fileRef = 085E2C3117A84E47007A9847 /* icon-120.png */; };
		085E2C3917A84E47007A9847 /* icon-152.png in Resources */ = {isa = PBXBuildFile; fileRef = 085E2C3217A84E47007A9847 /* icon-152.png */; };
		085E2C4717A8504E007A9847 /* icon-29.png in Resources */ = {isa = PBXBuildFile; fileRef = 085E2C3A17A8504E007A9847 /* icon-29.png */; };
		085E2C4817A8504E007A9847 /* icon-40.png in Resources */ = {isa = PBXBuildFile; fileRef = 085E2C3B17A8504E007A9847 /* icon-40.png */; };
		085E2C4917A8504E007A9847 /* icon-50.png in Resources */ = {isa = PBXBuildFile; fileRef = 085E2C3C17A8504E007A9847 /* icon-50.png */; };
		085E2C4A17A8504E007A9847 /* icon-57-2x.png in Resources */ = {isa = PBXBuildFile; fileRef = 085E2C3D17A8504E007A9847 /* icon-57-2x.png */; };
		085E2C4B17A8504E007A9847 /* icon-57.png in Resources */ = {isa = PBXBuildFile; fileRef = 085E2C3E17A8504E007A9847 /* icon-57.png */; };
		085E2C4C17A8504E007A9847 /* icon-58.png in Resources */ = {isa = PBXBuildFile; fileRef = 085E2C3F17A8504E007A9847 /* icon-58.png */; };
		085E2C4D17A8504E007A9847 /* icon-72-2x.png in Resources */ = {isa = PBXBuildFile; fileRef = 085E2C4017A8504E007A9847 /* icon-72-2x.png */; };
		085E2C4E17A8504E007A9847 /* icon-72.png in Resources */ = {isa = PBXBuildFile; fileRef = 085E2C4117A8504E007A9847 /* icon-72.png */; };
		085E2C4F17A8504E007A9847 /* icon-76.png in Resources */ = {isa = PBXBuildFile; fileRef = 085E2C4217A8504E007A9847 /* icon-76.png */; };
		085E2C5017A8504E007A9847 /* icon-80.png in Resources */ = {isa = PBXBuildFile; fileRef = 085E2C4317A8504E007A9847 /* icon-80.png */; };
		085E2C5117A8504E007A9847 /* icon-100.png in Resources */ = {isa = PBXBuildFile; fileRef = 085E2C4417A8504E007A9847 /* icon-100.png */; };
		085E2C5217A8504E007A9847 /* icon-120.png in Resources */ = {isa = PBXBuildFile; fileRef = 085E2C4517A8504E007A9847 /* icon-120.png */; };
		085E2C5317A8504E007A9847 /* icon-152.png in Resources */ = {isa = PBXBuildFile; fileRef = 085E2C4617A8504E007A9847 /* icon-152.png */; };
		085E2C6E17A851F9007A9847 /* Default-Landscape@2x~ipad.png in Resources */ = {isa = PBXBuildFile; fileRef = 085E2C6717A851F9007A9847 /* Default-Landscape@2x~ipad.png */; };
		085E2C6F17A851F9007A9847 /* Default-Landscape~ipad.png in Resources */ = {isa = PBXBuildFile; fileRef = 085E2C6817A851F9007A9847 /* Default-Landscape~ipad.png */; };
		085E2C7017A851F9007A9847 /* Default-Portrait@2x~ipad.png in Resources */ = {isa = PBXBuildFile; fileRef = 085E2C6917A851F9007A9847 /* Default-Portrait@2x~ipad.png */; };
		085E2C7117A851F9007A9847 /* Default-Portrait~ipad.png in Resources */ = {isa = PBXBuildFile; fileRef = 085E2C6A17A851F9007A9847 /* Default-Portrait~ipad.png */; };
		085E2C7217A851F9007A9847 /* Default@2x~iphone.png in Resources */ = {isa = PBXBuildFile; fileRef = 085E2C6B17A851F9007A9847 /* Default@2x~iphone.png */; };
		085E2C7317A851F9007A9847 /* Default~iphone.png in Resources */ = {isa = PBXBuildFile; fileRef = 085E2C6C17A851F9007A9847 /* Default~iphone.png */; };
		085E2C7517A853FD007A9847 /* Default-568h@2x~iphone.png in Resources */ = {isa = PBXBuildFile; fileRef = 085E2C7417A853FD007A9847 /* Default-568h@2x~iphone.png */; };
		085E2CA517A85D06007A9847 /* Social.framework in Frameworks */ = {isa = PBXBuildFile; fileRef = 085E2CA417A85D06007A9847 /* Social.framework */; settings = {ATTRIBUTES = (Weak, ); }; };
		085E2CA717A85D14007A9847 /* Accounts.framework in Frameworks */ = {isa = PBXBuildFile; fileRef = 085E2CA617A85D14007A9847 /* Accounts.framework */; settings = {ATTRIBUTES = (Weak, ); }; };
		085E2CA917A85D20007A9847 /* AdSupport.framework in Frameworks */ = {isa = PBXBuildFile; fileRef = 085E2CA817A85D20007A9847 /* AdSupport.framework */; settings = {ATTRIBUTES = (Weak, ); }; };
		085E2CAB17A85D2B007A9847 /* Security.framework in Frameworks */ = {isa = PBXBuildFile; fileRef = 085E2CAA17A85D2B007A9847 /* Security.framework */; settings = {ATTRIBUTES = (Weak, ); }; };
		08AB49B6181A124A0084A835 /* balanced.a in Frameworks */ = {isa = PBXBuildFile; fileRef = 08AB49B5181A124A0084A835 /* balanced.a */; };
		08AB49B8181A12950084A835 /* Balanced in Resources */ = {isa = PBXBuildFile; fileRef = 08AB49B7181A12950084A835 /* Balanced */; };
		08AE05C417FC8D98008E44E7 /* VersionPlugin.m in Sources */ = {isa = PBXBuildFile; fileRef = 08AE05C317FC8D98008E44E7 /* VersionPlugin.m */; };
		08F8416317F4D2550020D069 /* CoreTelephony.framework in Frameworks */ = {isa = PBXBuildFile; fileRef = 08F8416217F4D2550020D069 /* CoreTelephony.framework */; };
		08F8417017F4D3B10020D069 /* BalancedPlugin.m in Sources */ = {isa = PBXBuildFile; fileRef = 08F8416F17F4D3B10020D069 /* BalancedPlugin.m */; };
		0B06F709367C4B96A5C3309F /* CDVVibration.m in Sources */ = {isa = PBXBuildFile; fileRef = DA526E4372FB4FA7BCDA9404 /* CDVVibration.m */; };
		1D3623260D0F684500981E51 /* AppDelegate.m in Sources */ = {isa = PBXBuildFile; fileRef = 1D3623250D0F684500981E51 /* AppDelegate.m */; };
		1D60589B0D05DD56006BFB54 /* main.m in Sources */ = {isa = PBXBuildFile; fileRef = 29B97316FDCFA39411CA2CEA /* main.m */; };
		1D60589F0D05DD5A006BFB54 /* Foundation.framework in Frameworks */ = {isa = PBXBuildFile; fileRef = 1D30AB110D05D00D00671497 /* Foundation.framework */; };
		1DF5F4E00D08C38300B7A737 /* UIKit.framework in Frameworks */ = {isa = PBXBuildFile; fileRef = 1DF5F4DF0D08C38300B7A737 /* UIKit.framework */; settings = {ATTRIBUTES = (Weak, ); }; };
		1F766FE113BBADB100FB74C0 /* Localizable.strings in Resources */ = {isa = PBXBuildFile; fileRef = 1F766FDC13BBADB100FB74C0 /* Localizable.strings */; };
		2BB207406ED648B0A45E8127 /* CDVNotification.m in Sources */ = {isa = PBXBuildFile; fileRef = 792ADD44EB4C4AB196C6EFAF /* CDVNotification.m */; };
		301BF552109A68D80062928A /* libCordova.a in Frameworks */ = {isa = PBXBuildFile; fileRef = 301BF535109A57CC0062928A /* libCordova.a */; };
		301BF5B5109A6A2B0062928A /* AddressBook.framework in Frameworks */ = {isa = PBXBuildFile; fileRef = 301BF5B4109A6A2B0062928A /* AddressBook.framework */; };
		301BF5B7109A6A2B0062928A /* AddressBookUI.framework in Frameworks */ = {isa = PBXBuildFile; fileRef = 301BF5B6109A6A2B0062928A /* AddressBookUI.framework */; };
		301BF5BB109A6A2B0062928A /* AVFoundation.framework in Frameworks */ = {isa = PBXBuildFile; fileRef = 301BF5BA109A6A2B0062928A /* AVFoundation.framework */; settings = {ATTRIBUTES = (Weak, ); }; };
		301BF5BD109A6A2B0062928A /* CFNetwork.framework in Frameworks */ = {isa = PBXBuildFile; fileRef = 301BF5BC109A6A2B0062928A /* CFNetwork.framework */; };
		301BF5BF109A6A2B0062928A /* CoreLocation.framework in Frameworks */ = {isa = PBXBuildFile; fileRef = 301BF5BE109A6A2B0062928A /* CoreLocation.framework */; };
		301BF5C1109A6A2B0062928A /* MediaPlayer.framework in Frameworks */ = {isa = PBXBuildFile; fileRef = 301BF5C0109A6A2B0062928A /* MediaPlayer.framework */; };
		301BF5C3109A6A2B0062928A /* QuartzCore.framework in Frameworks */ = {isa = PBXBuildFile; fileRef = 301BF5C2109A6A2B0062928A /* QuartzCore.framework */; };
		302D95F114D2391D003F00A1 /* MainViewController.m in Sources */ = {isa = PBXBuildFile; fileRef = 302D95EF14D2391D003F00A1 /* MainViewController.m */; };
		302D95F214D2391D003F00A1 /* MainViewController.xib in Resources */ = {isa = PBXBuildFile; fileRef = 302D95F014D2391D003F00A1 /* MainViewController.xib */; };
		305D5FD1115AB8F900A74A75 /* MobileCoreServices.framework in Frameworks */ = {isa = PBXBuildFile; fileRef = 305D5FD0115AB8F900A74A75 /* MobileCoreServices.framework */; };
		308D05371370CCF300D202BF /* icon-72.png in Resources */ = {isa = PBXBuildFile; fileRef = 308D052E1370CCF300D202BF /* icon-72.png */; };
		30E5649213A7FCAF007403D8 /* CoreMedia.framework in Frameworks */ = {isa = PBXBuildFile; fileRef = 30E5649113A7FCAF007403D8 /* CoreMedia.framework */; settings = {ATTRIBUTES = (Weak, ); }; };
		4C4425B3B73547C29D58004A /* CDVConnection.m in Sources */ = {isa = PBXBuildFile; fileRef = 23C861A146C043C78C83A1AF /* CDVConnection.m */; };
		5AA0E66D1729F45B000DC89A /* OpenAL.framework in Frameworks */ = {isa = PBXBuildFile; fileRef = 5AA0E66C1729F45B000DC89A /* OpenAL.framework */; };
		5AEE5B35173C68D80009041E /* CoreLocation.framework in Frameworks */ = {isa = PBXBuildFile; fileRef = 5AEE5B34173C68D80009041E /* CoreLocation.framework */; };
		5B1594DD16A7569C00FEF299 /* AssetsLibrary.framework in Frameworks */ = {isa = PBXBuildFile; fileRef = 5B1594DC16A7569C00FEF299 /* AssetsLibrary.framework */; };
		60D18C3F8AB244F19BC33488 /* CDVReachability.m in Sources */ = {isa = PBXBuildFile; fileRef = 68DD8F7B72924D439FEBD4C5 /* CDVReachability.m */; };
		9EB0408006364EECA37E52FC /* CDVLocation.m in Sources */ = {isa = PBXBuildFile; fileRef = 8CD0623DE15B4E7CAB8B9495 /* CDVLocation.m */; };
		F840E1F1165FE0F500CFE078 /* config.xml in Resources */ = {isa = PBXBuildFile; fileRef = F840E1F0165FE0F500CFE078 /* config.xml */; };
		FE6B096147BA405CAD0B363F /* CDVNotification.bundle in Resources */ = {isa = PBXBuildFile; fileRef = C00CDBC49D584448A624A021 /* CDVNotification.bundle */; };
/* End PBXBuildFile section */

/* Begin PBXContainerItemProxy section */
		301BF534109A57CC0062928A /* PBXContainerItemProxy */ = {
			isa = PBXContainerItemProxy;
			containerPortal = 301BF52D109A57CC0062928A /* CordovaLib.xcodeproj */;
			proxyType = 2;
			remoteGlobalIDString = D2AAC07E0554694100DB518D;
			remoteInfo = CordovaLib;
		};
		301BF550109A68C00062928A /* PBXContainerItemProxy */ = {
			isa = PBXContainerItemProxy;
			containerPortal = 301BF52D109A57CC0062928A /* CordovaLib.xcodeproj */;
			proxyType = 1;
			remoteGlobalIDString = D2AAC07D0554694100DB518D;
			remoteInfo = CordovaLib;
		};
/* End PBXContainerItemProxy section */

/* Begin PBXFileReference section */
		03B3C437EB64412783868802 /* CDVSplashScreen.h */ = {isa = PBXFileReference; fileEncoding = 4; lastKnownFileType = sourcecode.c.h; name = CDVSplashScreen.h; path = org.apache.cordova.splashscreen/CDVSplashScreen.h; sourceTree = "<group>"; };
		0805B17A1804FBA000525B32 /* FacebookSDK.framework */ = {isa = PBXFileReference; lastKnownFileType = wrapper.framework; name = FacebookSDK.framework; path = ../../../../../Documents/FacebookSDK/FacebookSDK.framework; sourceTree = "<group>"; };
		08168BF817E920A500347F67 /* CoreAudio.framework */ = {isa = PBXFileReference; lastKnownFileType = wrapper.framework; name = CoreAudio.framework; path = System/Library/Frameworks/CoreAudio.framework; sourceTree = SDKROOT; };
		0822347B17AC32B4009F2FC5 /* TapToScroll.h */ = {isa = PBXFileReference; fileEncoding = 4; lastKnownFileType = sourcecode.c.h; path = TapToScroll.h; sourceTree = "<group>"; };
		0822347C17AC32B4009F2FC5 /* TapToScroll.m */ = {isa = PBXFileReference; fileEncoding = 4; lastKnownFileType = sourcecode.c.objc; path = TapToScroll.m; sourceTree = "<group>"; };
		082371EE1836917900F04A1E /* libTestFlight.a */ = {isa = PBXFileReference; lastKnownFileType = archive.ar; path = libTestFlight.a; sourceTree = "<group>"; };
		082371EF1836917900F04A1E /* TestFlight.h */ = {isa = PBXFileReference; fileEncoding = 4; lastKnownFileType = sourcecode.c.h; path = TestFlight.h; sourceTree = "<group>"; };
		082371F01836917900F04A1E /* TestFlight+AsyncLogging.h */ = {isa = PBXFileReference; fileEncoding = 4; lastKnownFileType = sourcecode.c.h; path = "TestFlight+AsyncLogging.h"; sourceTree = "<group>"; };
		082371F11836917900F04A1E /* TestFlight+ManualSessions.h */ = {isa = PBXFileReference; fileEncoding = 4; lastKnownFileType = sourcecode.c.h; path = "TestFlight+ManualSessions.h"; sourceTree = "<group>"; };
		08409BED17E5319A001051B7 /* FacebookConnectPlugin.h */ = {isa = PBXFileReference; fileEncoding = 4; lastKnownFileType = sourcecode.c.h; path = FacebookConnectPlugin.h; sourceTree = "<group>"; };
		08409BEE17E5319A001051B7 /* FacebookConnectPlugin.m */ = {isa = PBXFileReference; fileEncoding = 4; lastKnownFileType = sourcecode.c.objc; path = FacebookConnectPlugin.m; sourceTree = "<group>"; };
		085C86B017B3285D00A40B53 /* lazydylib1.o */ = {isa = PBXFileReference; lastKnownFileType = "compiled.mach-o.objfile"; name = lazydylib1.o; path = usr/lib/lazydylib1.o; sourceTree = SDKROOT; };
		085C86B217B3288500A40B53 /* libz.dylib */ = {isa = PBXFileReference; lastKnownFileType = "compiled.mach-o.dylib"; name = libz.dylib; path = usr/lib/libz.dylib; sourceTree = SDKROOT; };
		085C86B617B32F7D00A40B53 /* CoreFoundation.framework */ = {isa = PBXFileReference; lastKnownFileType = wrapper.framework; name = CoreFoundation.framework; path = System/Library/Frameworks/CoreFoundation.framework; sourceTree = SDKROOT; };
		085E2C2C17A84E47007A9847 /* icon-57-2x.png */ = {isa = PBXFileReference; lastKnownFileType = image.png; path = "icon-57-2x.png"; sourceTree = "<group>"; };
		085E2C2D17A84E47007A9847 /* icon-57.png */ = {isa = PBXFileReference; lastKnownFileType = image.png; path = "icon-57.png"; sourceTree = "<group>"; };
		085E2C2E17A84E47007A9847 /* icon-72-2x.png */ = {isa = PBXFileReference; lastKnownFileType = image.png; path = "icon-72-2x.png"; sourceTree = "<group>"; };
		085E2C2F17A84E47007A9847 /* icon-72.png */ = {isa = PBXFileReference; lastKnownFileType = image.png; path = "icon-72.png"; sourceTree = "<group>"; };
		085E2C3017A84E47007A9847 /* icon-76.png */ = {isa = PBXFileReference; lastKnownFileType = image.png; path = "icon-76.png"; sourceTree = "<group>"; };
		085E2C3117A84E47007A9847 /* icon-120.png */ = {isa = PBXFileReference; lastKnownFileType = image.png; path = "icon-120.png"; sourceTree = "<group>"; };
		085E2C3217A84E47007A9847 /* icon-152.png */ = {isa = PBXFileReference; lastKnownFileType = image.png; path = "icon-152.png"; sourceTree = "<group>"; };
		085E2C3A17A8504E007A9847 /* icon-29.png */ = {isa = PBXFileReference; lastKnownFileType = image.png; path = "icon-29.png"; sourceTree = "<group>"; };
		085E2C3B17A8504E007A9847 /* icon-40.png */ = {isa = PBXFileReference; lastKnownFileType = image.png; path = "icon-40.png"; sourceTree = "<group>"; };
		085E2C3C17A8504E007A9847 /* icon-50.png */ = {isa = PBXFileReference; lastKnownFileType = image.png; path = "icon-50.png"; sourceTree = "<group>"; };
		085E2C3D17A8504E007A9847 /* icon-57-2x.png */ = {isa = PBXFileReference; lastKnownFileType = image.png; path = "icon-57-2x.png"; sourceTree = "<group>"; };
		085E2C3E17A8504E007A9847 /* icon-57.png */ = {isa = PBXFileReference; lastKnownFileType = image.png; path = "icon-57.png"; sourceTree = "<group>"; };
		085E2C3F17A8504E007A9847 /* icon-58.png */ = {isa = PBXFileReference; lastKnownFileType = image.png; path = "icon-58.png"; sourceTree = "<group>"; };
		085E2C4017A8504E007A9847 /* icon-72-2x.png */ = {isa = PBXFileReference; lastKnownFileType = image.png; path = "icon-72-2x.png"; sourceTree = "<group>"; };
		085E2C4117A8504E007A9847 /* icon-72.png */ = {isa = PBXFileReference; lastKnownFileType = image.png; path = "icon-72.png"; sourceTree = "<group>"; };
		085E2C4217A8504E007A9847 /* icon-76.png */ = {isa = PBXFileReference; lastKnownFileType = image.png; path = "icon-76.png"; sourceTree = "<group>"; };
		085E2C4317A8504E007A9847 /* icon-80.png */ = {isa = PBXFileReference; lastKnownFileType = image.png; path = "icon-80.png"; sourceTree = "<group>"; };
		085E2C4417A8504E007A9847 /* icon-100.png */ = {isa = PBXFileReference; lastKnownFileType = image.png; path = "icon-100.png"; sourceTree = "<group>"; };
		085E2C4517A8504E007A9847 /* icon-120.png */ = {isa = PBXFileReference; lastKnownFileType = image.png; path = "icon-120.png"; sourceTree = "<group>"; };
		085E2C4617A8504E007A9847 /* icon-152.png */ = {isa = PBXFileReference; lastKnownFileType = image.png; path = "icon-152.png"; sourceTree = "<group>"; };
		085E2C6717A851F9007A9847 /* Default-Landscape@2x~ipad.png */ = {isa = PBXFileReference; lastKnownFileType = image.png; path = "Default-Landscape@2x~ipad.png"; sourceTree = "<group>"; };
		085E2C6817A851F9007A9847 /* Default-Landscape~ipad.png */ = {isa = PBXFileReference; lastKnownFileType = image.png; path = "Default-Landscape~ipad.png"; sourceTree = "<group>"; };
		085E2C6917A851F9007A9847 /* Default-Portrait@2x~ipad.png */ = {isa = PBXFileReference; lastKnownFileType = image.png; path = "Default-Portrait@2x~ipad.png"; sourceTree = "<group>"; };
		085E2C6A17A851F9007A9847 /* Default-Portrait~ipad.png */ = {isa = PBXFileReference; lastKnownFileType = image.png; path = "Default-Portrait~ipad.png"; sourceTree = "<group>"; };
		085E2C6B17A851F9007A9847 /* Default@2x~iphone.png */ = {isa = PBXFileReference; lastKnownFileType = image.png; path = "Default@2x~iphone.png"; sourceTree = "<group>"; };
		085E2C6C17A851F9007A9847 /* Default~iphone.png */ = {isa = PBXFileReference; lastKnownFileType = image.png; path = "Default~iphone.png"; sourceTree = "<group>"; };
		085E2C7417A853FD007A9847 /* Default-568h@2x~iphone.png */ = {isa = PBXFileReference; lastKnownFileType = image.png; path = "Default-568h@2x~iphone.png"; sourceTree = "<group>"; };
		085E2CA417A85D06007A9847 /* Social.framework */ = {isa = PBXFileReference; lastKnownFileType = wrapper.framework; name = Social.framework; path = System/Library/Frameworks/Social.framework; sourceTree = SDKROOT; };
		085E2CA617A85D14007A9847 /* Accounts.framework */ = {isa = PBXFileReference; lastKnownFileType = wrapper.framework; name = Accounts.framework; path = System/Library/Frameworks/Accounts.framework; sourceTree = SDKROOT; };
		085E2CA817A85D20007A9847 /* AdSupport.framework */ = {isa = PBXFileReference; lastKnownFileType = wrapper.framework; name = AdSupport.framework; path = System/Library/Frameworks/AdSupport.framework; sourceTree = SDKROOT; };
		085E2CAA17A85D2B007A9847 /* Security.framework */ = {isa = PBXFileReference; lastKnownFileType = wrapper.framework; name = Security.framework; path = System/Library/Frameworks/Security.framework; sourceTree = SDKROOT; };
		08AB49B5181A124A0084A835 /* balanced.a */ = {isa = PBXFileReference; lastKnownFileType = archive.ar; path = balanced.a; sourceTree = "<group>"; };
		08AB49B7181A12950084A835 /* Balanced */ = {isa = PBXFileReference; lastKnownFileType = folder; path = Balanced; sourceTree = "<group>"; };
		08AE05C217FC8D98008E44E7 /* VersionPlugin.h */ = {isa = PBXFileReference; fileEncoding = 4; lastKnownFileType = sourcecode.c.h; path = VersionPlugin.h; sourceTree = "<group>"; };
		08AE05C317FC8D98008E44E7 /* VersionPlugin.m */ = {isa = PBXFileReference; fileEncoding = 4; lastKnownFileType = sourcecode.c.objc; path = VersionPlugin.m; sourceTree = "<group>"; };
		08DA713F17BA2014004DA9AF /* CoreData.framework */ = {isa = PBXFileReference; lastKnownFileType = wrapper.framework; name = CoreData.framework; path = System/Library/Frameworks/CoreData.framework; sourceTree = SDKROOT; };
		08DA714317BA2027004DA9AF /* GLKit.framework */ = {isa = PBXFileReference; lastKnownFileType = wrapper.framework; name = GLKit.framework; path = System/Library/Frameworks/GLKit.framework; sourceTree = SDKROOT; };
		08DA714917BA2054004DA9AF /* OpenGLES.framework */ = {isa = PBXFileReference; lastKnownFileType = wrapper.framework; name = OpenGLES.framework; path = System/Library/Frameworks/OpenGLES.framework; sourceTree = SDKROOT; };
		08F8416217F4D2550020D069 /* CoreTelephony.framework */ = {isa = PBXFileReference; lastKnownFileType = wrapper.framework; name = CoreTelephony.framework; path = System/Library/Frameworks/CoreTelephony.framework; sourceTree = SDKROOT; };
		08F8416C17F4D31D0020D069 /* BalancedPlugin.h */ = {isa = PBXFileReference; lastKnownFileType = sourcecode.c.h; path = BalancedPlugin.h; sourceTree = "<group>"; };
		08F8416F17F4D3B10020D069 /* BalancedPlugin.m */ = {isa = PBXFileReference; fileEncoding = 4; lastKnownFileType = sourcecode.c.objc; path = BalancedPlugin.m; sourceTree = "<group>"; };
		09AA0BF1FF9C41D584A06C36 /* CDVReachability.h */ = {isa = PBXFileReference; fileEncoding = 4; lastKnownFileType = sourcecode.c.h; name = CDVReachability.h; path = "org.apache.cordova.network-information/CDVReachability.h"; sourceTree = "<group>"; };
		0CF6A73F1DFA47A5A3855E4F /* CDVConnection.h */ = {isa = PBXFileReference; fileEncoding = 4; lastKnownFileType = sourcecode.c.h; name = CDVConnection.h; path = "org.apache.cordova.network-information/CDVConnection.h"; sourceTree = "<group>"; };
		190E3C6C05AC41A1A9A634C4 /* CDVNotification.h */ = {isa = PBXFileReference; fileEncoding = 4; lastKnownFileType = sourcecode.c.h; name = CDVNotification.h; path = org.apache.cordova.dialogs/CDVNotification.h; sourceTree = "<group>"; };
		1D30AB110D05D00D00671497 /* Foundation.framework */ = {isa = PBXFileReference; lastKnownFileType = wrapper.framework; name = Foundation.framework; path = System/Library/Frameworks/Foundation.framework; sourceTree = SDKROOT; };
		1D3623240D0F684500981E51 /* AppDelegate.h */ = {isa = PBXFileReference; fileEncoding = 4; lastKnownFileType = sourcecode.c.h; path = AppDelegate.h; sourceTree = "<group>"; };
		1D3623250D0F684500981E51 /* AppDelegate.m */ = {isa = PBXFileReference; fileEncoding = 4; lastKnownFileType = sourcecode.c.objc; path = AppDelegate.m; sourceTree = "<group>"; };
		1D6058910D05DD3D006BFB54 /* Crunchbutton.app */ = {isa = PBXFileReference; explicitFileType = wrapper.application; includeInIndex = 0; path = Crunchbutton.app; sourceTree = BUILT_PRODUCTS_DIR; };
		1DF5F4DF0D08C38300B7A737 /* UIKit.framework */ = {isa = PBXFileReference; lastKnownFileType = wrapper.framework; name = UIKit.framework; path = System/Library/Frameworks/UIKit.framework; sourceTree = SDKROOT; };
		1F766FDD13BBADB100FB74C0 /* en */ = {isa = PBXFileReference; lastKnownFileType = text.plist.strings; name = en; path = Localizable.strings; sourceTree = "<group>"; };
		1F766FE013BBADB100FB74C0 /* es */ = {isa = PBXFileReference; lastKnownFileType = text.plist.strings; name = es; path = Localizable.strings; sourceTree = "<group>"; };
		23C861A146C043C78C83A1AF /* CDVConnection.m */ = {isa = PBXFileReference; fileEncoding = 4; lastKnownFileType = sourcecode.c.objc; name = CDVConnection.m; path = "org.apache.cordova.network-information/CDVConnection.m"; sourceTree = "<group>"; };
		288765FC0DF74451002DB57D /* CoreGraphics.framework */ = {isa = PBXFileReference; lastKnownFileType = wrapper.framework; name = CoreGraphics.framework; path = System/Library/Frameworks/CoreGraphics.framework; sourceTree = SDKROOT; };
		29B97316FDCFA39411CA2CEA /* main.m */ = {isa = PBXFileReference; fileEncoding = 4; lastKnownFileType = sourcecode.c.objc; path = main.m; sourceTree = "<group>"; };
		2D297EB354784954AEB220E9 /* CDVNotification.bundle */ = {isa = PBXFileReference; lastKnownFileType = "wrapper.plug-in"; path = CDVNotification.bundle; sourceTree = "<group>"; };
		301BF52D109A57CC0062928A /* CordovaLib.xcodeproj */ = {isa = PBXFileReference; lastKnownFileType = "wrapper.pb-project"; name = CordovaLib.xcodeproj; path = CordovaLib/CordovaLib.xcodeproj; sourceTree = "<group>"; };
		301BF56E109A69640062928A /* www */ = {isa = PBXFileReference; lastKnownFileType = folder; path = www; sourceTree = SOURCE_ROOT; };
		301BF5B4109A6A2B0062928A /* AddressBook.framework */ = {isa = PBXFileReference; lastKnownFileType = wrapper.framework; name = AddressBook.framework; path = System/Library/Frameworks/AddressBook.framework; sourceTree = SDKROOT; };
		301BF5B6109A6A2B0062928A /* AddressBookUI.framework */ = {isa = PBXFileReference; lastKnownFileType = wrapper.framework; name = AddressBookUI.framework; path = System/Library/Frameworks/AddressBookUI.framework; sourceTree = SDKROOT; };
		301BF5B8109A6A2B0062928A /* AudioToolbox.framework */ = {isa = PBXFileReference; lastKnownFileType = wrapper.framework; name = AudioToolbox.framework; path = System/Library/Frameworks/AudioToolbox.framework; sourceTree = SDKROOT; };
		301BF5BA109A6A2B0062928A /* AVFoundation.framework */ = {isa = PBXFileReference; lastKnownFileType = wrapper.framework; name = AVFoundation.framework; path = System/Library/Frameworks/AVFoundation.framework; sourceTree = SDKROOT; };
		301BF5BC109A6A2B0062928A /* CFNetwork.framework */ = {isa = PBXFileReference; lastKnownFileType = wrapper.framework; name = CFNetwork.framework; path = System/Library/Frameworks/CFNetwork.framework; sourceTree = SDKROOT; };
		301BF5BE109A6A2B0062928A /* CoreLocation.framework */ = {isa = PBXFileReference; lastKnownFileType = wrapper.framework; name = CoreLocation.framework; path = System/Library/Frameworks/CoreLocation.framework; sourceTree = SDKROOT; };
		301BF5C0109A6A2B0062928A /* MediaPlayer.framework */ = {isa = PBXFileReference; lastKnownFileType = wrapper.framework; name = MediaPlayer.framework; path = System/Library/Frameworks/MediaPlayer.framework; sourceTree = SDKROOT; };
		301BF5C2109A6A2B0062928A /* QuartzCore.framework */ = {isa = PBXFileReference; lastKnownFileType = wrapper.framework; name = QuartzCore.framework; path = System/Library/Frameworks/QuartzCore.framework; sourceTree = SDKROOT; };
		302D95EE14D2391D003F00A1 /* MainViewController.h */ = {isa = PBXFileReference; fileEncoding = 4; lastKnownFileType = sourcecode.c.h; path = MainViewController.h; sourceTree = "<group>"; };
		302D95EF14D2391D003F00A1 /* MainViewController.m */ = {isa = PBXFileReference; fileEncoding = 4; lastKnownFileType = sourcecode.c.objc; path = MainViewController.m; sourceTree = "<group>"; };
		302D95F014D2391D003F00A1 /* MainViewController.xib */ = {isa = PBXFileReference; fileEncoding = 4; lastKnownFileType = file.xib; path = MainViewController.xib; sourceTree = "<group>"; };
		305D5FD0115AB8F900A74A75 /* MobileCoreServices.framework */ = {isa = PBXFileReference; lastKnownFileType = wrapper.framework; name = MobileCoreServices.framework; path = System/Library/Frameworks/MobileCoreServices.framework; sourceTree = SDKROOT; };
		308D052E1370CCF300D202BF /* icon-72.png */ = {isa = PBXFileReference; lastKnownFileType = image.png; path = "icon-72.png"; sourceTree = "<group>"; };
		30A0434414DC770100060A13 /* de */ = {isa = PBXFileReference; lastKnownFileType = text.plist.strings; name = de; path = Localizable.strings; sourceTree = "<group>"; };
		30A0434714DC770100060A13 /* se */ = {isa = PBXFileReference; lastKnownFileType = text.plist.strings; name = se; path = Localizable.strings; sourceTree = "<group>"; };
		30E5649113A7FCAF007403D8 /* CoreMedia.framework */ = {isa = PBXFileReference; lastKnownFileType = wrapper.framework; name = CoreMedia.framework; path = System/Library/Frameworks/CoreMedia.framework; sourceTree = SDKROOT; };
		32CA4F630368D1EE00C91783 /* Crunchbutton-Prefix.pch */ = {isa = PBXFileReference; fileEncoding = 4; lastKnownFileType = sourcecode.c.h; path = "Crunchbutton-Prefix.pch"; sourceTree = "<group>"; };
		5AA0E66C1729F45B000DC89A /* OpenAL.framework */ = {isa = PBXFileReference; lastKnownFileType = wrapper.framework; name = OpenAL.framework; path = System/Library/Frameworks/OpenAL.framework; sourceTree = SDKROOT; };
		5AEE5B34173C68D80009041E /* CoreLocation.framework */ = {isa = PBXFileReference; lastKnownFileType = wrapper.framework; name = CoreLocation.framework; path = System/Library/Frameworks/CoreLocation.framework; sourceTree = SDKROOT; };
		5B1594DC16A7569C00FEF299 /* AssetsLibrary.framework */ = {isa = PBXFileReference; lastKnownFileType = wrapper.framework; name = AssetsLibrary.framework; path = System/Library/Frameworks/AssetsLibrary.framework; sourceTree = SDKROOT; };
		68DD8F7B72924D439FEBD4C5 /* CDVReachability.m */ = {isa = PBXFileReference; fileEncoding = 4; lastKnownFileType = sourcecode.c.objc; name = CDVReachability.m; path = "org.apache.cordova.network-information/CDVReachability.m"; sourceTree = "<group>"; };
		792ADD44EB4C4AB196C6EFAF /* CDVNotification.m */ = {isa = PBXFileReference; fileEncoding = 4; lastKnownFileType = sourcecode.c.objc; name = CDVNotification.m; path = org.apache.cordova.dialogs/CDVNotification.m; sourceTree = "<group>"; };
		85206CA98ACC4578BC1BAA55 /* SystemConfiguration.framework */ = {isa = PBXFileReference; fileEncoding = 4; lastKnownFileType = wrapper.framework; name = SystemConfiguration.framework; path = System/Library/Frameworks/SystemConfiguration.framework; sourceTree = SDKROOT; };
		8CD0623DE15B4E7CAB8B9495 /* CDVLocation.m */ = {isa = PBXFileReference; fileEncoding = 4; lastKnownFileType = sourcecode.c.objc; name = CDVLocation.m; path = org.apache.cordova.geolocation/CDVLocation.m; sourceTree = "<group>"; };
		8D1107310486CEB800E47090 /* Crunchbutton-Info.plist */ = {isa = PBXFileReference; fileEncoding = 4; lastKnownFileType = text.plist.xml; name = "Crunchbutton-Info.plist"; path = "../Crunchbutton-Info.plist"; plistStructureDefinitionIdentifier = "com.apple.xcode.plist.structure-definition.iphone.info-plist"; sourceTree = "<group>"; };
		A0E1053115AA42098E783AD8 /* CDVLocation.h */ = {isa = PBXFileReference; fileEncoding = 4; lastKnownFileType = sourcecode.c.h; name = CDVLocation.h; path = org.apache.cordova.geolocation/CDVLocation.h; sourceTree = "<group>"; };
		C00CDBC49D584448A624A021 /* CDVNotification.bundle */ = {isa = PBXFileReference; lastKnownFileType = "wrapper.plug-in"; path = CDVNotification.bundle; sourceTree = "<group>"; };
		C241885B581D4C8593957C25 /* CDVVibration.h */ = {isa = PBXFileReference; fileEncoding = 4; lastKnownFileType = sourcecode.c.h; name = CDVVibration.h; path = org.apache.cordova.vibration/CDVVibration.h; sourceTree = "<group>"; };
		C27FDD1B78CA482AB28BCE5E /* CDVSplashScreen.m */ = {isa = PBXFileReference; fileEncoding = 4; lastKnownFileType = sourcecode.c.objc; name = CDVSplashScreen.m; path = org.apache.cordova.splashscreen/CDVSplashScreen.m; sourceTree = "<group>"; };
		DA526E4372FB4FA7BCDA9404 /* CDVVibration.m */ = {isa = PBXFileReference; fileEncoding = 4; lastKnownFileType = sourcecode.c.objc; name = CDVVibration.m; path = org.apache.cordova.vibration/CDVVibration.m; sourceTree = "<group>"; };
		EBEE5442D30C4AD19093F07B /* CDVNotification.bundle */ = {isa = PBXFileReference; lastKnownFileType = "wrapper.plug-in"; name = CDVNotification.bundle; path = Crunchbutton/Resources/CDVNotification.bundle; sourceTree = "<group>"; };
		F840E1F0165FE0F500CFE078 /* config.xml */ = {isa = PBXFileReference; lastKnownFileType = text.xml; name = config.xml; path = Crunchbutton/config.xml; sourceTree = "<group>"; };
/* End PBXFileReference section */

/* Begin PBXFrameworksBuildPhase section */
		1D60588F0D05DD3D006BFB54 /* Frameworks */ = {
			isa = PBXFrameworksBuildPhase;
			buildActionMask = 2147483647;
			files = (
				082371ED1835A31E00F04A1E /* SystemConfiguration.framework in Frameworks */,
				082371EC1835A2F300F04A1E /* CoreGraphics.framework in Frameworks */,
				082371E51835A14B00F04A1E /* AudioToolbox.framework in Frameworks */,
				08F8416317F4D2550020D069 /* CoreTelephony.framework in Frameworks */,
				085C86B317B3288500A40B53 /* libz.dylib in Frameworks */,
				085E2CAB17A85D2B007A9847 /* Security.framework in Frameworks */,
				08AB49B6181A124A0084A835 /* balanced.a in Frameworks */,
				085E2CA917A85D20007A9847 /* AdSupport.framework in Frameworks */,
				085E2CA717A85D14007A9847 /* Accounts.framework in Frameworks */,
				085E2CA517A85D06007A9847 /* Social.framework in Frameworks */,
				301BF5BF109A6A2B0062928A /* CoreLocation.framework in Frameworks */,
				5AA0E66D1729F45B000DC89A /* OpenAL.framework in Frameworks */,
				5B1594DD16A7569C00FEF299 /* AssetsLibrary.framework in Frameworks */,
				301BF552109A68D80062928A /* libCordova.a in Frameworks */,
				1D60589F0D05DD5A006BFB54 /* Foundation.framework in Frameworks */,
				1DF5F4E00D08C38300B7A737 /* UIKit.framework in Frameworks */,
				301BF5B5109A6A2B0062928A /* AddressBook.framework in Frameworks */,
				301BF5B7109A6A2B0062928A /* AddressBookUI.framework in Frameworks */,
				082371F21836917900F04A1E /* libTestFlight.a in Frameworks */,
				301BF5BB109A6A2B0062928A /* AVFoundation.framework in Frameworks */,
				301BF5BD109A6A2B0062928A /* CFNetwork.framework in Frameworks */,
				301BF5C1109A6A2B0062928A /* MediaPlayer.framework in Frameworks */,
				301BF5C3109A6A2B0062928A /* QuartzCore.framework in Frameworks */,
				305D5FD1115AB8F900A74A75 /* MobileCoreServices.framework in Frameworks */,
				0805B17B1804FBA000525B32 /* FacebookSDK.framework in Frameworks */,
				30E5649213A7FCAF007403D8 /* CoreMedia.framework in Frameworks */,
				5AEE5B35173C68D80009041E /* CoreLocation.framework in Frameworks */,
			);
			runOnlyForDeploymentPostprocessing = 0;
		};
/* End PBXFrameworksBuildPhase section */

/* Begin PBXGroup section */
		080E96DDFE201D6D7F000001 /* Classes */ = {
			isa = PBXGroup;
			children = (
				082371EE1836917900F04A1E /* libTestFlight.a */,
				082371EF1836917900F04A1E /* TestFlight.h */,
				082371F01836917900F04A1E /* TestFlight+AsyncLogging.h */,
				082371F11836917900F04A1E /* TestFlight+ManualSessions.h */,
				302D95EE14D2391D003F00A1 /* MainViewController.h */,
				302D95EF14D2391D003F00A1 /* MainViewController.m */,
				302D95F014D2391D003F00A1 /* MainViewController.xib */,
				1D3623240D0F684500981E51 /* AppDelegate.h */,
				1D3623250D0F684500981E51 /* AppDelegate.m */,
			);
			name = Classes;
			path = Crunchbutton/Classes;
			sourceTree = SOURCE_ROOT;
		};
		19C28FACFE9D520D11CA2CBB /* Products */ = {
			isa = PBXGroup;
			children = (
				1D6058910D05DD3D006BFB54 /* Crunchbutton.app */,
			);
			name = Products;
			sourceTree = "<group>";
		};
		1F766FDB13BBADB100FB74C0 /* en.lproj */ = {
			isa = PBXGroup;
			children = (
				1F766FDC13BBADB100FB74C0 /* Localizable.strings */,
			);
			path = en.lproj;
			sourceTree = "<group>";
		};
		1F766FDE13BBADB100FB74C0 /* es.lproj */ = {
			isa = PBXGroup;
			children = (
				1F766FDF13BBADB100FB74C0 /* Localizable.strings */,
			);
			path = es.lproj;
			sourceTree = "<group>";
		};
		29B97314FDCFA39411CA2CEA /* CustomTemplate */ = {
			isa = PBXGroup;
			children = (
				F840E1F0165FE0F500CFE078 /* config.xml */,
				301BF56E109A69640062928A /* www */,
				301BF52D109A57CC0062928A /* CordovaLib.xcodeproj */,
				080E96DDFE201D6D7F000001 /* Classes */,
				307C750510C5A3420062BCA9 /* Plugins */,
				29B97315FDCFA39411CA2CEA /* Other Sources */,
				29B97317FDCFA39411CA2CEA /* Resources */,
				29B97323FDCFA39411CA2CEA /* Frameworks */,
				19C28FACFE9D520D11CA2CBB /* Products */,
			);
			name = CustomTemplate;
			sourceTree = "<group>";
		};
		29B97315FDCFA39411CA2CEA /* Other Sources */ = {
			isa = PBXGroup;
			children = (
				32CA4F630368D1EE00C91783 /* Crunchbutton-Prefix.pch */,
				29B97316FDCFA39411CA2CEA /* main.m */,
			);
			name = "Other Sources";
			path = Crunchbutton;
			sourceTree = "<group>";
		};
		29B97317FDCFA39411CA2CEA /* Resources */ = {
			isa = PBXGroup;
			children = (
				30A0434214DC770100060A13 /* de.lproj */,
				30A0434514DC770100060A13 /* se.lproj */,
				1F766FDB13BBADB100FB74C0 /* en.lproj */,
				1F766FDE13BBADB100FB74C0 /* es.lproj */,
				308D052D1370CCF300D202BF /* icons */,
				308D05311370CCF300D202BF /* splash */,
				8D1107310486CEB800E47090 /* Crunchbutton-Info.plist */,
				2D297EB354784954AEB220E9 /* CDVNotification.bundle */,
				C00CDBC49D584448A624A021 /* CDVNotification.bundle */,
			);
			name = Resources;
			path = Crunchbutton/Resources;
			sourceTree = "<group>";
		};
		29B97323FDCFA39411CA2CEA /* Frameworks */ = {
			isa = PBXGroup;
			children = (
				08AB49B5181A124A0084A835 /* balanced.a */,
				0805B17A1804FBA000525B32 /* FacebookSDK.framework */,
				08F8416217F4D2550020D069 /* CoreTelephony.framework */,
				08168BF817E920A500347F67 /* CoreAudio.framework */,
				EBEE5442D30C4AD19093F07B /* CDVNotification.bundle */,
				08DA714917BA2054004DA9AF /* OpenGLES.framework */,
				08DA714317BA2027004DA9AF /* GLKit.framework */,
				08DA713F17BA2014004DA9AF /* CoreData.framework */,
				085C86B617B32F7D00A40B53 /* CoreFoundation.framework */,
				085C86B217B3288500A40B53 /* libz.dylib */,
				085C86B017B3285D00A40B53 /* lazydylib1.o */,
				085E2CAA17A85D2B007A9847 /* Security.framework */,
				085E2CA817A85D20007A9847 /* AdSupport.framework */,
				085E2CA617A85D14007A9847 /* Accounts.framework */,
				085E2CA417A85D06007A9847 /* Social.framework */,
				5AEE5B34173C68D80009041E /* CoreLocation.framework */,
				5AA0E66C1729F45B000DC89A /* OpenAL.framework */,
				5B1594DC16A7569C00FEF299 /* AssetsLibrary.framework */,
				1DF5F4DF0D08C38300B7A737 /* UIKit.framework */,
				1D30AB110D05D00D00671497 /* Foundation.framework */,
				288765FC0DF74451002DB57D /* CoreGraphics.framework */,
				301BF5B4109A6A2B0062928A /* AddressBook.framework */,
				301BF5B6109A6A2B0062928A /* AddressBookUI.framework */,
				301BF5B8109A6A2B0062928A /* AudioToolbox.framework */,
				301BF5BA109A6A2B0062928A /* AVFoundation.framework */,
				301BF5BC109A6A2B0062928A /* CFNetwork.framework */,
				301BF5BE109A6A2B0062928A /* CoreLocation.framework */,
				301BF5C0109A6A2B0062928A /* MediaPlayer.framework */,
				301BF5C2109A6A2B0062928A /* QuartzCore.framework */,
				305D5FD0115AB8F900A74A75 /* MobileCoreServices.framework */,
				30E5649113A7FCAF007403D8 /* CoreMedia.framework */,
				85206CA98ACC4578BC1BAA55 /* SystemConfiguration.framework */,
			);
			name = Frameworks;
			sourceTree = "<group>";
		};
		301BF52E109A57CC0062928A /* Products */ = {
			isa = PBXGroup;
			children = (
				301BF535109A57CC0062928A /* libCordova.a */,
			);
			name = Products;
			sourceTree = "<group>";
		};
		307C750510C5A3420062BCA9 /* Plugins */ = {
			isa = PBXGroup;
			children = (
				08AB49B7181A12950084A835 /* Balanced */,
				08AE05C217FC8D98008E44E7 /* VersionPlugin.h */,
				08AE05C317FC8D98008E44E7 /* VersionPlugin.m */,
				08F8416C17F4D31D0020D069 /* BalancedPlugin.h */,
				08F8416F17F4D3B10020D069 /* BalancedPlugin.m */,
				08409BED17E5319A001051B7 /* FacebookConnectPlugin.h */,
				08409BEE17E5319A001051B7 /* FacebookConnectPlugin.m */,
				0822347B17AC32B4009F2FC5 /* TapToScroll.h */,
				0822347C17AC32B4009F2FC5 /* TapToScroll.m */,
				C27FDD1B78CA482AB28BCE5E /* CDVSplashScreen.m */,
				03B3C437EB64412783868802 /* CDVSplashScreen.h */,
				792ADD44EB4C4AB196C6EFAF /* CDVNotification.m */,
				190E3C6C05AC41A1A9A634C4 /* CDVNotification.h */,
				DA526E4372FB4FA7BCDA9404 /* CDVVibration.m */,
				C241885B581D4C8593957C25 /* CDVVibration.h */,
				8CD0623DE15B4E7CAB8B9495 /* CDVLocation.m */,
				A0E1053115AA42098E783AD8 /* CDVLocation.h */,
				23C861A146C043C78C83A1AF /* CDVConnection.m */,
				68DD8F7B72924D439FEBD4C5 /* CDVReachability.m */,
				0CF6A73F1DFA47A5A3855E4F /* CDVConnection.h */,
				09AA0BF1FF9C41D584A06C36 /* CDVReachability.h */,
			);
			name = Plugins;
			path = Crunchbutton/Plugins;
			sourceTree = SOURCE_ROOT;
		};
		308D052D1370CCF300D202BF /* icons */ = {
			isa = PBXGroup;
			children = (
				085E2C3A17A8504E007A9847 /* icon-29.png */,
				085E2C3B17A8504E007A9847 /* icon-40.png */,
				085E2C3C17A8504E007A9847 /* icon-50.png */,
				085E2C3D17A8504E007A9847 /* icon-57-2x.png */,
				085E2C3E17A8504E007A9847 /* icon-57.png */,
				085E2C3F17A8504E007A9847 /* icon-58.png */,
				085E2C4017A8504E007A9847 /* icon-72-2x.png */,
				085E2C4117A8504E007A9847 /* icon-72.png */,
				085E2C4217A8504E007A9847 /* icon-76.png */,
				085E2C4317A8504E007A9847 /* icon-80.png */,
				085E2C4417A8504E007A9847 /* icon-100.png */,
				085E2C4517A8504E007A9847 /* icon-120.png */,
				085E2C4617A8504E007A9847 /* icon-152.png */,
				085E2C2C17A84E47007A9847 /* icon-57-2x.png */,
				085E2C2D17A84E47007A9847 /* icon-57.png */,
				085E2C2E17A84E47007A9847 /* icon-72-2x.png */,
				085E2C2F17A84E47007A9847 /* icon-72.png */,
				085E2C3017A84E47007A9847 /* icon-76.png */,
				085E2C3117A84E47007A9847 /* icon-120.png */,
				085E2C3217A84E47007A9847 /* icon-152.png */,
				308D052E1370CCF300D202BF /* icon-72.png */,
			);
			path = icons;
			sourceTree = "<group>";
		};
		308D05311370CCF300D202BF /* splash */ = {
			isa = PBXGroup;
			children = (
				085E2C7417A853FD007A9847 /* Default-568h@2x~iphone.png */,
				085E2C6717A851F9007A9847 /* Default-Landscape@2x~ipad.png */,
				085E2C6817A851F9007A9847 /* Default-Landscape~ipad.png */,
				085E2C6917A851F9007A9847 /* Default-Portrait@2x~ipad.png */,
				085E2C6A17A851F9007A9847 /* Default-Portrait~ipad.png */,
				085E2C6B17A851F9007A9847 /* Default@2x~iphone.png */,
				085E2C6C17A851F9007A9847 /* Default~iphone.png */,
			);
			path = splash;
			sourceTree = "<group>";
		};
		30A0434214DC770100060A13 /* de.lproj */ = {
			isa = PBXGroup;
			children = (
				30A0434314DC770100060A13 /* Localizable.strings */,
			);
			path = de.lproj;
			sourceTree = "<group>";
		};
		30A0434514DC770100060A13 /* se.lproj */ = {
			isa = PBXGroup;
			children = (
				30A0434614DC770100060A13 /* Localizable.strings */,
			);
			path = se.lproj;
			sourceTree = "<group>";
		};
/* End PBXGroup section */

/* Begin PBXNativeTarget section */
		1D6058900D05DD3D006BFB54 /* Crunchbutton */ = {
			isa = PBXNativeTarget;
			buildConfigurationList = 1D6058960D05DD3E006BFB54 /* Build configuration list for PBXNativeTarget "Crunchbutton" */;
			buildPhases = (
				089A1CCD183C09A1003216C1 /* Build.php */,
				304B58A110DAC018002A0835 /* Copy www directory */,
				1D60588D0D05DD3D006BFB54 /* Resources */,
				1D60588E0D05DD3D006BFB54 /* Sources */,
				1D60588F0D05DD3D006BFB54 /* Frameworks */,
			);
			buildRules = (
			);
			dependencies = (
				301BF551109A68C00062928A /* PBXTargetDependency */,
			);
			name = Crunchbutton;
			productName = Crunchbutton;
			productReference = 1D6058910D05DD3D006BFB54 /* Crunchbutton.app */;
			productType = "com.apple.product-type.application";
		};
/* End PBXNativeTarget section */

/* Begin PBXProject section */
		29B97313FDCFA39411CA2CEA /* Project object */ = {
			isa = PBXProject;
			attributes = {
				LastUpgradeCheck = 500;
				TargetAttributes = {
					1D6058900D05DD3D006BFB54 = {
						DevelopmentTeam = T237M9V2RS;
					};
				};
			};
			buildConfigurationList = C01FCF4E08A954540054247B /* Build configuration list for PBXProject "Crunchbutton" */;
			compatibilityVersion = "Xcode 3.2";
			developmentRegion = English;
			hasScannedForEncodings = 1;
			knownRegions = (
				English,
				Japanese,
				French,
				German,
				en,
				es,
				de,
				se,
			);
			mainGroup = 29B97314FDCFA39411CA2CEA /* CustomTemplate */;
			projectDirPath = "";
			projectReferences = (
				{
					ProductGroup = 301BF52E109A57CC0062928A /* Products */;
					ProjectRef = 301BF52D109A57CC0062928A /* CordovaLib.xcodeproj */;
				},
			);
			projectRoot = "";
			targets = (
				1D6058900D05DD3D006BFB54 /* Crunchbutton */,
			);
		};
/* End PBXProject section */

/* Begin PBXReferenceProxy section */
		301BF535109A57CC0062928A /* libCordova.a */ = {
			isa = PBXReferenceProxy;
			fileType = archive.ar;
			path = libCordova.a;
			remoteRef = 301BF534109A57CC0062928A /* PBXContainerItemProxy */;
			sourceTree = BUILT_PRODUCTS_DIR;
		};
/* End PBXReferenceProxy section */

/* Begin PBXResourcesBuildPhase section */
		1D60588D0D05DD3D006BFB54 /* Resources */ = {
			isa = PBXResourcesBuildPhase;
			buildActionMask = 2147483647;
			files = (
				085E2C3317A84E47007A9847 /* icon-57-2x.png in Resources */,
				085E2C7317A851F9007A9847 /* Default~iphone.png in Resources */,
				085E2C5317A8504E007A9847 /* icon-152.png in Resources */,
				085E2C7017A851F9007A9847 /* Default-Portrait@2x~ipad.png in Resources */,
				F840E1F1165FE0F500CFE078 /* config.xml in Resources */,
				308D05371370CCF300D202BF /* icon-72.png in Resources */,
				085E2C3917A84E47007A9847 /* icon-152.png in Resources */,
				1F766FE113BBADB100FB74C0 /* Localizable.strings in Resources */,
				085E2C5117A8504E007A9847 /* icon-100.png in Resources */,
				085E2C3517A84E47007A9847 /* icon-72-2x.png in Resources */,
				085E2C4717A8504E007A9847 /* icon-29.png in Resources */,
				08AB49B8181A12950084A835 /* Balanced in Resources */,
				085E2C3617A84E47007A9847 /* icon-72.png in Resources */,
				085E2C4817A8504E007A9847 /* icon-40.png in Resources */,
				085E2C5217A8504E007A9847 /* icon-120.png in Resources */,
				302D95F214D2391D003F00A1 /* MainViewController.xib in Resources */,
				085E2C7117A851F9007A9847 /* Default-Portrait~ipad.png in Resources */,
				085E2C4F17A8504E007A9847 /* icon-76.png in Resources */,
				085E2C3417A84E47007A9847 /* icon-57.png in Resources */,
				085E2C4917A8504E007A9847 /* icon-50.png in Resources */,
				085E2C4D17A8504E007A9847 /* icon-72-2x.png in Resources */,
				085E2C7517A853FD007A9847 /* Default-568h@2x~iphone.png in Resources */,
				085E2C3717A84E47007A9847 /* icon-76.png in Resources */,
				085E2C4E17A8504E007A9847 /* icon-72.png in Resources */,
				085E2C7217A851F9007A9847 /* Default@2x~iphone.png in Resources */,
				085E2C6E17A851F9007A9847 /* Default-Landscape@2x~ipad.png in Resources */,
				085E2C4A17A8504E007A9847 /* icon-57-2x.png in Resources */,
				085E2C6F17A851F9007A9847 /* Default-Landscape~ipad.png in Resources */,
				085E2C5017A8504E007A9847 /* icon-80.png in Resources */,
				085E2C3817A84E47007A9847 /* icon-120.png in Resources */,
				085E2C4C17A8504E007A9847 /* icon-58.png in Resources */,
				085E2C4B17A8504E007A9847 /* icon-57.png in Resources */,
				FE6B096147BA405CAD0B363F /* CDVNotification.bundle in Resources */,
			);
			runOnlyForDeploymentPostprocessing = 0;
		};
/* End PBXResourcesBuildPhase section */

/* Begin PBXShellScriptBuildPhase section */
		089A1CCD183C09A1003216C1 /* Build.php */ = {
			isa = PBXShellScriptBuildPhase;
			buildActionMask = 2147483647;
			files = (
			);
			inputPaths = (
			);
			name = Build.php;
			outputPaths = (
			);
			runOnlyForDeploymentPostprocessing = 0;
			shellPath = /bin/sh;
			shellScript = "PATH=${PATH}:/opt/local/bin\n/Users/arzynik/Development/ios/crunchbutton/build.php\n\n\n\n\n\n";
		};
		304B58A110DAC018002A0835 /* Copy www directory */ = {
			isa = PBXShellScriptBuildPhase;
			buildActionMask = 2147483647;
			files = (
			);
			inputPaths = (
			);
			name = "Copy www directory";
			outputPaths = (
			);
			runOnlyForDeploymentPostprocessing = 0;
			shellPath = /bin/sh;
			shellScript = "SRC_DIR=\"www/\"\nDST_DIR=\"$BUILT_PRODUCTS_DIR/$FULL_PRODUCT_NAME/www\"\nCOPY_HIDDEN=\nORIG_IFS=$IFS\nIFS=$(echo -en \"\\n\\b\")\n\nif [[ ! -e \"$SRC_DIR\" ]]; then\n  echo \"Path does not exist: $SRC_DIR\"\n  exit 1\nfi\n\nif [[ -n $COPY_HIDDEN ]]; then\n  alias do_find='find \"$SRC_DIR\"'\nelse\n  alias do_find='find -L \"$SRC_DIR\" -name \".*\" -prune -o'\nfi\n\ntime (\n# Code signing files must be removed or else there are\n# resource signing errors.\nrm -rf \"$DST_DIR\" \\\n       \"$BUILT_PRODUCTS_DIR/$FULL_PRODUCT_NAME/_CodeSignature\" \\\n       \"$BUILT_PRODUCTS_DIR/$FULL_PRODUCT_NAME/PkgInfo\" \\\n       \"$BUILT_PRODUCTS_DIR/$FULL_PRODUCT_NAME/embedded.mobileprovision\"\n\n# Directories\nfor p in $(do_find -type d -print); do\n  subpath=\"${p#$SRC_DIR}\"\n  mkdir \"$DST_DIR$subpath\" || exit 1\ndone\n\n# Symlinks\nfor p in $(do_find -type l -print); do\n  subpath=\"${p#$SRC_DIR}\"\n  source=$(readlink $SRC_DIR$subpath)\n  sourcetype=$(stat -f \"%HT%SY\" $source)\n  if [ \"$sourcetype\" = \"Directory\" ]; then\n    mkdir \"$DST_DIR$subpath\" || exit 2\n  else\n    rsync -a \"$source\" \"$DST_DIR$subpath\" || exit 3\n  fi\ndone\n\n# Files\nfor p in $(do_find -type f -print); do\n  subpath=\"${p#$SRC_DIR}\"\n  if ! ln \"$SRC_DIR$subpath\" \"$DST_DIR$subpath\" 2>/dev/null; then\n    rsync -a \"$SRC_DIR$subpath\" \"$DST_DIR$subpath\" || exit 4\n  fi\ndone\n\n)\nIFS=$ORIG_IFS";
		};
/* End PBXShellScriptBuildPhase section */

/* Begin PBXSourcesBuildPhase section */
		1D60588E0D05DD3D006BFB54 /* Sources */ = {
			isa = PBXSourcesBuildPhase;
			buildActionMask = 2147483647;
			files = (
				082371E61835A1EB00F04A1E /* CDVSplashScreen.m in Sources */,
				08F8417017F4D3B10020D069 /* BalancedPlugin.m in Sources */,
				08AE05C417FC8D98008E44E7 /* VersionPlugin.m in Sources */,
				0822347D17AC32B4009F2FC5 /* TapToScroll.m in Sources */,
				1D60589B0D05DD56006BFB54 /* main.m in Sources */,
				08409BEF17E5319A001051B7 /* FacebookConnectPlugin.m in Sources */,
				1D3623260D0F684500981E51 /* AppDelegate.m in Sources */,
				302D95F114D2391D003F00A1 /* MainViewController.m in Sources */,
				2BB207406ED648B0A45E8127 /* CDVNotification.m in Sources */,
				0B06F709367C4B96A5C3309F /* CDVVibration.m in Sources */,
				9EB0408006364EECA37E52FC /* CDVLocation.m in Sources */,
				4C4425B3B73547C29D58004A /* CDVConnection.m in Sources */,
				60D18C3F8AB244F19BC33488 /* CDVReachability.m in Sources */,
			);
			runOnlyForDeploymentPostprocessing = 0;
		};
/* End PBXSourcesBuildPhase section */

/* Begin PBXTargetDependency section */
		301BF551109A68C00062928A /* PBXTargetDependency */ = {
			isa = PBXTargetDependency;
			name = CordovaLib;
			targetProxy = 301BF550109A68C00062928A /* PBXContainerItemProxy */;
		};
/* End PBXTargetDependency section */

/* Begin PBXVariantGroup section */
		1F766FDC13BBADB100FB74C0 /* Localizable.strings */ = {
			isa = PBXVariantGroup;
			children = (
				1F766FDD13BBADB100FB74C0 /* en */,
			);
			name = Localizable.strings;
			sourceTree = "<group>";
		};
		1F766FDF13BBADB100FB74C0 /* Localizable.strings */ = {
			isa = PBXVariantGroup;
			children = (
				1F766FE013BBADB100FB74C0 /* es */,
			);
			name = Localizable.strings;
			sourceTree = "<group>";
		};
		30A0434314DC770100060A13 /* Localizable.strings */ = {
			isa = PBXVariantGroup;
			children = (
				30A0434414DC770100060A13 /* de */,
			);
			name = Localizable.strings;
			sourceTree = "<group>";
		};
		30A0434614DC770100060A13 /* Localizable.strings */ = {
			isa = PBXVariantGroup;
			children = (
				30A0434714DC770100060A13 /* se */,
			);
			name = Localizable.strings;
			sourceTree = "<group>";
		};
/* End PBXVariantGroup section */

/* Begin XCBuildConfiguration section */
		1D6058940D05DD3E006BFB54 /* Debug */ = {
			isa = XCBuildConfiguration;
			buildSettings = {
				ALWAYS_SEARCH_USER_PATHS = NO;
				ARCHS = "$(ARCHS_STANDARD)";
				CLANG_ENABLE_OBJC_ARC = YES;
				CODE_SIGN_IDENTITY = "iPhone Developer: devin smith (23ANY47UK9)";
				"CODE_SIGN_IDENTITY[sdk=iphoneos*]" = "iPhone Developer: devin smith (23ANY47UK9)";
				COPY_PHASE_STRIP = NO;
				FRAMEWORK_SEARCH_PATHS = (
					"$(inherited)",
					/Users/arzynik/Documents/FacebookSDK,
					/Users/arzynik/Development/ios/crunchbutton/platforms/ios,
				);
				GCC_DYNAMIC_NO_PIC = NO;
				GCC_OPTIMIZATION_LEVEL = 0;
				GCC_PRECOMPILE_PREFIX_HEADER = YES;
				GCC_PREFIX_HEADER = "Crunchbutton/Crunchbutton-Prefix.pch";
				GCC_THUMB_SUPPORT = NO;
				GCC_VERSION = com.apple.compilers.llvm.clang.1_0;
				INFOPLIST_FILE = "Crunchbutton/Crunchbutton-Info.plist";
				IPHONEOS_DEPLOYMENT_TARGET = 5.0;
				LIBRARY_SEARCH_PATHS = (
					"$(inherited)",
					/Users/arzynik/Development/ios/crunchbutton/platforms/ios/Crunchbutton/Classes,
					/Users/arzynik/Development/ios/crunchbutton/platforms/ios,
				);
				ONLY_ACTIVE_ARCH = YES;
				OTHER_LDFLAGS = (
					"-weak_framework",
					CoreFoundation,
					"-weak_framework",
					UIKit,
					"-weak_framework",
					AVFoundation,
					"-weak_framework",
					CoreMedia,
					"-weak-lSystem",
					"-force_load",
					"\"$(BUILT_PRODUCTS_DIR)/libCordova.a\"",
					"-ObjC",
					"-lsqlite3.0",
				);
				PRODUCT_NAME = Crunchbutton;
				PROVISIONING_PROFILE = "C4440504-7C05-4EDE-B982-DF5DCE2AA8DD";
				TARGETED_DEVICE_FAMILY = "1,2";
				VALID_ARCHS = "armv7 armv7s";
			};
			name = Debug;
		};
		1D6058950D05DD3E006BFB54 /* Release */ = {
			isa = XCBuildConfiguration;
			buildSettings = {
				ALWAYS_SEARCH_USER_PATHS = NO;
				ARCHS = "$(ARCHS_STANDARD)";
				CLANG_ENABLE_OBJC_ARC = YES;
				CODE_SIGN_IDENTITY = "iPhone Developer: devin smith (23ANY47UK9)";
				"CODE_SIGN_IDENTITY[sdk=iphoneos*]" = "iPhone Developer: devin smith (23ANY47UK9)";
				COPY_PHASE_STRIP = YES;
				FRAMEWORK_SEARCH_PATHS = (
					"$(inherited)",
					/Users/arzynik/Documents/FacebookSDK,
					/Users/arzynik/Development/ios/crunchbutton/platforms/ios,
				);
				GCC_PRECOMPILE_PREFIX_HEADER = YES;
				GCC_PREFIX_HEADER = "Crunchbutton/Crunchbutton-Prefix.pch";
				GCC_THUMB_SUPPORT = NO;
				GCC_VERSION = com.apple.compilers.llvm.clang.1_0;
				INFOPLIST_FILE = "Crunchbutton/Crunchbutton-Info.plist";
				IPHONEOS_DEPLOYMENT_TARGET = 5.0;
				LIBRARY_SEARCH_PATHS = (
					"$(inherited)",
					/Users/arzynik/Development/ios/crunchbutton/platforms/ios/Crunchbutton/Classes,
					/Users/arzynik/Development/ios/crunchbutton/platforms/ios,
				);
				ONLY_ACTIVE_ARCH = NO;
				OTHER_LDFLAGS = (
					"-weak_framework",
					CoreFoundation,
					"-weak_framework",
					UIKit,
					"-weak_framework",
					AVFoundation,
					"-weak_framework",
					CoreMedia,
					"-weak-lSystem",
					"-force_load",
					"\"$(BUILT_PRODUCTS_DIR)/libCordova.a\"",
					"-ObjC",
					"-lsqlite3.0",
				);
				PRODUCT_NAME = Crunchbutton;
				PROVISIONING_PROFILE = "C4440504-7C05-4EDE-B982-DF5DCE2AA8DD";
				TARGETED_DEVICE_FAMILY = "1,2";
				VALID_ARCHS = "armv7 armv7s";
			};
			name = Release;
		};
		C01FCF4F08A954540054247B /* Debug */ = {
			isa = XCBuildConfiguration;
			buildSettings = {
				CLANG_ENABLE_OBJC_ARC = YES;
				CLANG_WARN_BOOL_CONVERSION = YES;
				CLANG_WARN_CONSTANT_CONVERSION = YES;
				CLANG_WARN_EMPTY_BODY = YES;
				CLANG_WARN_ENUM_CONVERSION = YES;
				CLANG_WARN_INT_CONVERSION = YES;
				CLANG_WARN__DUPLICATE_METHOD_MATCH = YES;
				"CODE_SIGN_IDENTITY[sdk=iphoneos*]" = "iPhone Developer";
				GCC_C_LANGUAGE_STANDARD = c99;
				GCC_THUMB_SUPPORT = NO;
				GCC_VERSION = com.apple.compilers.llvm.clang.1_0;
				GCC_WARN_ABOUT_RETURN_TYPE = YES;
				GCC_WARN_UNDECLARED_SELECTOR = YES;
				GCC_WARN_UNINITIALIZED_AUTOS = YES;
				GCC_WARN_UNUSED_FUNCTION = YES;
				GCC_WARN_UNUSED_VARIABLE = YES;
				HEADER_SEARCH_PATHS = (
					"\"$(TARGET_BUILD_DIR)/usr/local/lib/include\"",
					"\"$(OBJROOT)/UninstalledProducts/include\"",
					"\"$(BUILT_PRODUCTS_DIR)\"",
				);
				IPHONEOS_DEPLOYMENT_TARGET = 7.0;
				ONLY_ACTIVE_ARCH = YES;
				OTHER_LDFLAGS = (
					"-weak_framework",
					CoreFoundation,
					"-weak_framework",
					UIKit,
					"-weak_framework",
					AVFoundation,
					"-weak_framework",
					CoreMedia,
					"-weak-lSystem",
					"-force_load",
					"\"$(BUILT_PRODUCTS_DIR)/libCordova.a\"",
					"-ObjC",
				);
				SDKROOT = iphoneos;
				SKIP_INSTALL = NO;
				USER_HEADER_SEARCH_PATHS = "";
			};
			name = Debug;
		};
		C01FCF5008A954540054247B /* Release */ = {
			isa = XCBuildConfiguration;
			buildSettings = {
				CLANG_ENABLE_OBJC_ARC = YES;
				CLANG_WARN_BOOL_CONVERSION = YES;
				CLANG_WARN_CONSTANT_CONVERSION = YES;
				CLANG_WARN_EMPTY_BODY = YES;
				CLANG_WARN_ENUM_CONVERSION = YES;
				CLANG_WARN_INT_CONVERSION = YES;
				CLANG_WARN__DUPLICATE_METHOD_MATCH = YES;
				"CODE_SIGN_IDENTITY[sdk=iphoneos*]" = "iPhone Developer";
				GCC_C_LANGUAGE_STANDARD = c99;
				GCC_THUMB_SUPPORT = NO;
				GCC_VERSION = com.apple.compilers.llvm.clang.1_0;
				GCC_WARN_ABOUT_RETURN_TYPE = YES;
				GCC_WARN_UNDECLARED_SELECTOR = YES;
				GCC_WARN_UNINITIALIZED_AUTOS = YES;
				GCC_WARN_UNUSED_FUNCTION = YES;
				GCC_WARN_UNUSED_VARIABLE = YES;
				HEADER_SEARCH_PATHS = (
					"\"$(TARGET_BUILD_DIR)/usr/local/lib/include\"",
					"\"$(OBJROOT)/UninstalledProducts/include\"",
					"\"$(BUILT_PRODUCTS_DIR)\"",
				);
				IPHONEOS_DEPLOYMENT_TARGET = 7.0;
				OTHER_LDFLAGS = (
					"-weak_framework",
					CoreFoundation,
					"-weak_framework",
					UIKit,
					"-weak_framework",
					AVFoundation,
					"-weak_framework",
					CoreMedia,
					"-weak-lSystem",
					"-force_load",
					"\"$(BUILT_PRODUCTS_DIR)/libCordova.a\"",
					"-ObjC",
				);
				SDKROOT = iphoneos;
				SKIP_INSTALL = NO;
				USER_HEADER_SEARCH_PATHS = "";
			};
			name = Release;
		};
/* End XCBuildConfiguration section */

/* Begin XCConfigurationList section */
		1D6058960D05DD3E006BFB54 /* Build configuration list for PBXNativeTarget "Crunchbutton" */ = {
			isa = XCConfigurationList;
			buildConfigurations = (
				1D6058940D05DD3E006BFB54 /* Debug */,
				1D6058950D05DD3E006BFB54 /* Release */,
			);
			defaultConfigurationIsVisible = 0;
			defaultConfigurationName = Release;
		};
		C01FCF4E08A954540054247B /* Build configuration list for PBXProject "Crunchbutton" */ = {
			isa = XCConfigurationList;
			buildConfigurations = (
				C01FCF4F08A954540054247B /* Debug */,
				C01FCF5008A954540054247B /* Release */,
			);
			defaultConfigurationIsVisible = 0;
			defaultConfigurationName = Release;
		};
/* End XCConfigurationList section */
	};
	rootObject = 29B97313FDCFA39411CA2CEA /* Project object */;
}
