// !$*UTF8*$!
{
	archiveVersion = 1;
	classes = {
	};
	objectVersion = 46;
	objects = {
/* Begin PBXBuildFile section */
		00FBFF53E7D04F1EB2199758 /* AudioToolbox.framework in Frameworks */ = {isa = PBXBuildFile; fileRef = C9DD919E76C8401D85E3D821 /* AudioToolbox.framework */; settings = {ATTRIBUTES = (Weak, ); }; };
		198B9564F15949CC9B2B6924 /* QuickLook.framework in Frameworks */ = {isa = PBXBuildFile; fileRef = F3924DA89F20426D93D7A88E /* QuickLook.framework */; };
		1D3623260D0F684500981E51 /* AppDelegate.m in Sources */ = {isa = PBXBuildFile; fileRef = 1D3623250D0F684500981E51 /* AppDelegate.m */; };
		1D60589B0D05DD56006BFB54 /* main.m in Sources */ = {isa = PBXBuildFile; fileRef = 29B97316FDCFA39411CA2CEA /* main.m */; };
		1E081C23457247ABB9C6AD7C /* CoreLocation.framework in Frameworks */ = {isa = PBXBuildFile; fileRef = 0EFEDABA143F4BDF94062E92 /* CoreLocation.framework */; };
		25E04A55E392410E887407C7 /* libsqlite3.tbd in Frameworks */ = {isa = PBXBuildFile; fileRef = 3350DFBF60DD47D598EC233D /* libsqlite3.tbd */; };
		2779E3A2528D45DDBE80FB3F /* Accounts.framework in Frameworks */ = {isa = PBXBuildFile; fileRef = D42235BB6CC3486F917CE19F /* Accounts.framework */; settings = {ATTRIBUTES = (Weak, ); }; };
		288765FD0DF74451002DB57D /* CoreGraphics.framework in Frameworks */ = {isa = PBXBuildFile; fileRef = 288765FC0DF74451002DB57D /* CoreGraphics.framework */; };
		301BF552109A68D80062928A /* libCordova.a in Frameworks */ = {isa = PBXBuildFile; fileRef = 301BF535109A57CC0062928A /* libCordova.a */; };
		302D95F114D2391D003F00A1 /* MainViewController.m in Sources */ = {isa = PBXBuildFile; fileRef = 302D95EF14D2391D003F00A1 /* MainViewController.m */; };
		302D95F214D2391D003F00A1 /* MainViewController.xib in Resources */ = {isa = PBXBuildFile; fileRef = 302D95F014D2391D003F00A1 /* MainViewController.xib */; };
		3034A2AE4C2840BFBDCAC764 /* Social.framework in Frameworks */ = {isa = PBXBuildFile; fileRef = 2F74017D68F24B0183721EF2 /* Social.framework */; settings = {ATTRIBUTES = (Weak, ); }; };
		305D5FD1115AB8F900A74A75 /* MobileCoreServices.framework in Frameworks */ = {isa = PBXBuildFile; fileRef = 305D5FD0115AB8F900A74A75 /* MobileCoreServices.framework */; };
		3088BBBD154F3926009F9C59 /* Default-Landscape@2x~ipad.png in Resources */ = {isa = PBXBuildFile; fileRef = 3088BBB7154F3926009F9C59 /* Default-Landscape@2x~ipad.png */; };
		3088BBBE154F3926009F9C59 /* Default-Landscape~ipad.png in Resources */ = {isa = PBXBuildFile; fileRef = 3088BBB8154F3926009F9C59 /* Default-Landscape~ipad.png */; };
		3088BBBF154F3926009F9C59 /* Default-Portrait@2x~ipad.png in Resources */ = {isa = PBXBuildFile; fileRef = 3088BBB9154F3926009F9C59 /* Default-Portrait@2x~ipad.png */; };
		3088BBC0154F3926009F9C59 /* Default-Portrait~ipad.png in Resources */ = {isa = PBXBuildFile; fileRef = 3088BBBA154F3926009F9C59 /* Default-Portrait~ipad.png */; };
		3088BBC1154F3926009F9C59 /* Default@2x~iphone.png in Resources */ = {isa = PBXBuildFile; fileRef = 3088BBBB154F3926009F9C59 /* Default@2x~iphone.png */; };
		3088BBC2154F3926009F9C59 /* Default~iphone.png in Resources */ = {isa = PBXBuildFile; fileRef = 3088BBBC154F3926009F9C59 /* Default~iphone.png */; };
		308D05371370CCF300D202BF /* icon-72.png in Resources */ = {isa = PBXBuildFile; fileRef = 308D052E1370CCF300D202BF /* icon-72.png */; };
		308D05381370CCF300D202BF /* icon.png in Resources */ = {isa = PBXBuildFile; fileRef = 308D052F1370CCF300D202BF /* icon.png */; };
		308D05391370CCF300D202BF /* icon@2x.png in Resources */ = {isa = PBXBuildFile; fileRef = 308D05301370CCF300D202BF /* icon@2x.png */; };
		30B4F30019D5E07200D9F7D8 /* Default-667h.png in Resources */ = {isa = PBXBuildFile; fileRef = 30B4F2FD19D5E07200D9F7D8 /* Default-667h.png */; };
		30B4F30119D5E07200D9F7D8 /* Default-736h.png in Resources */ = {isa = PBXBuildFile; fileRef = 30B4F2FE19D5E07200D9F7D8 /* Default-736h.png */; };
		30B4F30219D5E07200D9F7D8 /* Default-Landscape-736h.png in Resources */ = {isa = PBXBuildFile; fileRef = 30B4F2FF19D5E07200D9F7D8 /* Default-Landscape-736h.png */; };
		30C1856619D5FC0A00212699 /* icon-60@3x.png in Resources */ = {isa = PBXBuildFile; fileRef = 30C1856519D5FC0A00212699 /* icon-60@3x.png */; };
		30FC414916E50CA1004E6F35 /* icon-72@2x.png in Resources */ = {isa = PBXBuildFile; fileRef = 30FC414816E50CA1004E6F35 /* icon-72@2x.png */; };
		45210961581747EEA89D2D44 /* Foundation.framework in Frameworks */ = {isa = PBXBuildFile; fileRef = 98F6B6B8F1F345428F5119DA /* Foundation.framework */; };
		5B1594DD16A7569C00FEF299 /* AssetsLibrary.framework in Frameworks */ = {isa = PBXBuildFile; fileRef = 5B1594DC16A7569C00FEF299 /* AssetsLibrary.framework */; };
		655396CFA84C47D9A6A33D11 /* AddressBook.framework in Frameworks */ = {isa = PBXBuildFile; fileRef = 85BC399259E24F3A83CED7E6 /* AddressBook.framework */; };
		7E7966DE1810823500FA85AD /* icon-40.png in Resources */ = {isa = PBXBuildFile; fileRef = 7E7966D41810823500FA85AD /* icon-40.png */; };
		7E7966DF1810823500FA85AD /* icon-40@2x.png in Resources */ = {isa = PBXBuildFile; fileRef = 7E7966D51810823500FA85AD /* icon-40@2x.png */; };
		7E7966E01810823500FA85AD /* icon-50.png in Resources */ = {isa = PBXBuildFile; fileRef = 7E7966D61810823500FA85AD /* icon-50.png */; };
		7E7966E11810823500FA85AD /* icon-50@2x.png in Resources */ = {isa = PBXBuildFile; fileRef = 7E7966D71810823500FA85AD /* icon-50@2x.png */; };
		7E7966E21810823500FA85AD /* icon-60.png in Resources */ = {isa = PBXBuildFile; fileRef = 7E7966D81810823500FA85AD /* icon-60.png */; };
		7E7966E31810823500FA85AD /* icon-60@2x.png in Resources */ = {isa = PBXBuildFile; fileRef = 7E7966D91810823500FA85AD /* icon-60@2x.png */; };
		7E7966E41810823500FA85AD /* icon-76.png in Resources */ = {isa = PBXBuildFile; fileRef = 7E7966DA1810823500FA85AD /* icon-76.png */; };
		7E7966E51810823500FA85AD /* icon-76@2x.png in Resources */ = {isa = PBXBuildFile; fileRef = 7E7966DB1810823500FA85AD /* icon-76@2x.png */; };
		7E7966E61810823500FA85AD /* icon-small.png in Resources */ = {isa = PBXBuildFile; fileRef = 7E7966DC1810823500FA85AD /* icon-small.png */; };
		7E7966E71810823500FA85AD /* icon-small@2x.png in Resources */ = {isa = PBXBuildFile; fileRef = 7E7966DD1810823500FA85AD /* icon-small@2x.png */; };
		8B4A17CBAA0B4277A1060D71 /* SystemConfiguration.framework in Frameworks */ = {isa = PBXBuildFile; fileRef = 65D75438D5554008AFAF7097 /* SystemConfiguration.framework */; settings = {ATTRIBUTES = (Weak, ); }; };
		AF52766C04A04C36AF1F9F50 /* Security.framework in Frameworks */ = {isa = PBXBuildFile; fileRef = 3BEC7CE536E84B62A31515DD /* Security.framework */; };
		D4A0D8761607E02300AEF8BB /* Default-568h@2x~iphone.png in Resources */ = {isa = PBXBuildFile; fileRef = D4A0D8751607E02300AEF8BB /* Default-568h@2x~iphone.png */; };
		E07F94602E6043DEB56E68CD /* CoreTelephony.framework in Frameworks */ = {isa = PBXBuildFile; fileRef = B416E2D56AF1450B93B9A134 /* CoreTelephony.framework */; };
		E1FB7864275549E29D8AA919 /* libz.tbd in Frameworks */ = {isa = PBXBuildFile; fileRef = 6788073D4F9A4068AF5C99C1 /* libz.tbd */; };
		F01C6467E930439FA911A62F /* PassKit.framework in Frameworks */ = {isa = PBXBuildFile; fileRef = B894D21EBED34CCB8CDF06AC /* PassKit.framework */; };
		FE8F1692EF584AA1A5360E08 /* libsqlite3.dylib in Frameworks */ = {isa = PBXBuildFile; fileRef = A8C27E40FCC3490F809A846D /* libsqlite3.dylib */; };
		A0B582C641384D7E87FAA216 /* AppAvailability.m in Sources */ = {isa = PBXBuildFile; fileRef = 00875D8949934F9C9A3D9931 /* AppAvailability.m */; };
		961675C095814AA59FA86688 /* CDVApplePay.m in Sources */ = {isa = PBXBuildFile; fileRef = 1636516CDF6C42D286F23554 /* CDVApplePay.m */; };
		B82DC79DCEC84BF3BE9C05BF /* Stripe.framework in Frameworks */ = {isa = PBXBuildFile; fileRef = D26D1C6A6EC94A7F9D306937 /* Stripe.framework */; };
		AF6DA1EC088041F9AC03ED10 /* CDVDevice.m in Sources */ = {isa = PBXBuildFile; fileRef = 6846E44B7AD54D44A476F462 /* CDVDevice.m */; };
		69FC341D109544438E892AAA /* CDVNotification.m in Sources */ = {isa = PBXBuildFile; fileRef = 2C20AC55C70C43AFBBE37FF7 /* CDVNotification.m */; };
		5DF9F5CFC08B410C85138EF4 /* CDVNotification.bundle in Resources */ = {isa = PBXBuildFile; fileRef = 548EFF2BF695422F9857D7C4 /* CDVNotification.bundle */; };
		24554E485048408985D0CC1F /* CDVLocation.m in Sources */ = {isa = PBXBuildFile; fileRef = F97C6D85AC2D411E9BF7693C /* CDVLocation.m */; };
		E578484474914E25A515A7E5 /* CDVInAppBrowser.m in Sources */ = {isa = PBXBuildFile; fileRef = 98569C5DEC0A4C7B8080B785 /* CDVInAppBrowser.m */; };
		40F081BF5B764363BE82B313 /* CDVSound.m in Sources */ = {isa = PBXBuildFile; fileRef = 943AB17300154BD28C837C7D /* CDVSound.m */; };
		696BE115A8184B4B99E3572E /* CDVConnection.m in Sources */ = {isa = PBXBuildFile; fileRef = 4FF1AB8CF9DE4056B50AD11C /* CDVConnection.m */; };
		27CE32B7923F4EAD96DD7442 /* CDVReachability.m in Sources */ = {isa = PBXBuildFile; fileRef = B3F50817439049508894AF20 /* CDVReachability.m */; };
		FF5A69BC0DC446DEA680F25B /* CDVSplashScreen.m in Sources */ = {isa = PBXBuildFile; fileRef = D4FA1E7F9F5F4504AA0409FF /* CDVSplashScreen.m */; };
		A20A9CB9F88842B29D9CACB9 /* CDVViewController+SplashScreen.m in Sources */ = {isa = PBXBuildFile; fileRef = 7B99933867EF4A07A5AEAD7A /* CDVViewController+SplashScreen.m */; };
		DD6F18CE79224A70A9D7569A /* CDVStatusBar.m in Sources */ = {isa = PBXBuildFile; fileRef = 31A4E6083DB741CCA27D39BB /* CDVStatusBar.m */; };
		E8C9D0A3582C46A69D789BC5 /* CDVVibration.m in Sources */ = {isa = PBXBuildFile; fileRef = C3243580A7924ADAB6B9508A /* CDVVibration.m */; };
		7E59723C1221460DAD06776E /* IonicKeyboard.m in Sources */ = {isa = PBXBuildFile; fileRef = 417BDB2263044A78BE18CE1B /* IonicKeyboard.m */; };
		9040052DB9A44A8392B0C5C5 /* UIWebViewExtension.m in Sources */ = {isa = PBXBuildFile; fileRef = F15D7ED67FE54BD8B5DCF501 /* UIWebViewExtension.m */; };
		0A92C27F36DF48E4BB5D114A /* AppVersion.m in Sources */ = {isa = PBXBuildFile; fileRef = 9590BE2797174B6DBFDB52B5 /* AppVersion.m */; };
		86FAA512380843B49DBD3B98 /* AppDelegate+notification.m in Sources */ = {isa = PBXBuildFile; fileRef = AAB324E9DAF740A8A2430AFA /* AppDelegate+notification.m */; };
		D311F434A7014B6381C8777F /* PushPlugin.m in Sources */ = {isa = PBXBuildFile; fileRef = 283FE2488D6445A4A91B83A7 /* PushPlugin.m */; };
		195E2D94EA4140028AC8A72D /* libGGLCloudMessaging.a in Frameworks */ = {isa = PBXBuildFile; fileRef = BAC59ABF14674E688C370C59 /* libGGLCloudMessaging.a */; };
		08BF54293D6E41058B82CC8A /* libGGLCore.a in Frameworks */ = {isa = PBXBuildFile; fileRef = C8444ACE34EC4FF38B7DF2BC /* libGGLCore.a */; };
		B803CADD95DE497FAA57ED59 /* libGGLInstanceIDLib.a in Frameworks */ = {isa = PBXBuildFile; fileRef = 7C1FE9E2C8314B8D9393757D /* libGGLInstanceIDLib.a */; };
		5562D0A620154148A82B025D /* libGIP_Reachability.a in Frameworks */ = {isa = PBXBuildFile; fileRef = 1C91DE67098145F48B8CC73C /* libGIP_Reachability.a */; };
		300353A693764627BC98C3D4 /* libGSDK_Overload.a in Frameworks */ = {isa = PBXBuildFile; fileRef = 24B75BEAC1934410A729DF28 /* libGSDK_Overload.a */; };
		ED8EBAEA03D547A89F3C3037 /* libGTMSessionFetcher_core.a in Frameworks */ = {isa = PBXBuildFile; fileRef = 1088A90180E4407EAAFD23C3 /* libGTMSessionFetcher_core.a */; };
		A678156746AF4D6A855A89E6 /* libGTMSessionFetcher_full.a in Frameworks */ = {isa = PBXBuildFile; fileRef = DEAA92B8EC1B4904B14C67E3 /* libGTMSessionFetcher_full.a */; };
		7AEDF494E8F84C4FA23FA8AB /* libGTMStackTrace.a in Frameworks */ = {isa = PBXBuildFile; fileRef = A04852235EF54F77BED31185 /* libGTMStackTrace.a */; };
		91ECD4C7103D42C8B2768DC3 /* libGTM_AddressBook.a in Frameworks */ = {isa = PBXBuildFile; fileRef = B906FA9B32DE4163B04EB46C /* libGTM_AddressBook.a */; };
		A49BF4E3522949989C064D12 /* libGTM_DebugUtils.a in Frameworks */ = {isa = PBXBuildFile; fileRef = F0BBE486D1D74551BF42489C /* libGTM_DebugUtils.a */; };
		DBA80CBA91AE49A58ED30BFC /* libGTM_GTMURLBuilder.a in Frameworks */ = {isa = PBXBuildFile; fileRef = C3C74C3805D04F2E820B9330 /* libGTM_GTMURLBuilder.a */; };
		4E650656DE694C1F8FD77AE3 /* libGTM_KVO.a in Frameworks */ = {isa = PBXBuildFile; fileRef = 66CB42060D94427DBE0CB86A /* libGTM_KVO.a */; };
		1BC7B261F18441C6AE82D0E2 /* libGTM_NSData+zlib.a in Frameworks */ = {isa = PBXBuildFile; fileRef = 586FAAE255A144CB862BD19F /* libGTM_NSData+zlib.a */; };
		F3B4D98D677B476E8C72B94E /* libGTM_NSDictionary+URLArguments.a in Frameworks */ = {isa = PBXBuildFile; fileRef = 1BE8E06A9F644279BB2F2EE3 /* libGTM_NSDictionary+URLArguments.a */; };
		8885FEC153064AD8AB19A738 /* libGTM_NSScannerJSON.a in Frameworks */ = {isa = PBXBuildFile; fileRef = 7BE23554941246858FCA6429 /* libGTM_NSScannerJSON.a */; };
		56AD9DAB3121481C9FC59F17 /* libGTM_NSStringHTML.a in Frameworks */ = {isa = PBXBuildFile; fileRef = C450C5D60E0841FF8B3D62E0 /* libGTM_NSStringHTML.a */; };
		901D1F62592E48328C44064F /* libGTM_NSStringXML.a in Frameworks */ = {isa = PBXBuildFile; fileRef = 0FD8211374674085BD973BC8 /* libGTM_NSStringXML.a */; };
		29D46DE5126D4DEAA3B547E7 /* libGTM_Regex.a in Frameworks */ = {isa = PBXBuildFile; fileRef = 3AE59D9CCEA344EFB29BAF0D /* libGTM_Regex.a */; };
		0B2A5AF80D61442F8D208BBF /* libGTM_RoundedRectPath.a in Frameworks */ = {isa = PBXBuildFile; fileRef = 615D355374244D5AAC4D46EC /* libGTM_RoundedRectPath.a */; };
		EEF92BCACBFD4F72A8784E18 /* libGTM_StringEncoding.a in Frameworks */ = {isa = PBXBuildFile; fileRef = B9E04381906E4CFCB1388DE3 /* libGTM_StringEncoding.a */; };
		B308D3CAEFCE49DD8F8A3014 /* libGTM_SystemVersion.a in Frameworks */ = {isa = PBXBuildFile; fileRef = F93272678F36475A8EB628BA /* libGTM_SystemVersion.a */; };
		1A0AEB76E59C4D8196DB7BAF /* libGTM_UIFont+LineHeight.a in Frameworks */ = {isa = PBXBuildFile; fileRef = D35BAE26816A4A51880BC336 /* libGTM_UIFont+LineHeight.a */; };
		4E3DF4B5814E4017AB123875 /* libGTM_core.a in Frameworks */ = {isa = PBXBuildFile; fileRef = FC999B418C024BF488829AC1 /* libGTM_core.a */; };
		FB24CC1069EE433E8D3F8FA7 /* libGTM_iPhone.a in Frameworks */ = {isa = PBXBuildFile; fileRef = CD2BBE1434AA45D4BBC4D55B /* libGTM_iPhone.a */; };
		ED15E562FF984366833C3E0F /* libGcmLib.a in Frameworks */ = {isa = PBXBuildFile; fileRef = 408BF99D5CA94CE8850426CA /* libGcmLib.a */; };
		5FA857A005CD4D82AD8947EA /* libProtocolBuffers.a in Frameworks */ = {isa = PBXBuildFile; fileRef = 9C7AEF96626541188C99F85A /* libProtocolBuffers.a */; };
		9AF394BA36CD4FEDBD6FA0B3 /* CDVFile.m in Sources */ = {isa = PBXBuildFile; fileRef = 79D1748C2CB7461196B13ABC /* CDVFile.m */; };
		95BEE7C933AD471B892D6F1A /* CDVLocalFilesystem.m in Sources */ = {isa = PBXBuildFile; fileRef = 7D4AB6302B254821854E7DDF /* CDVLocalFilesystem.m */; };
		F83007FD7E47474CA7D0F346 /* CDVAssetLibraryFilesystem.m in Sources */ = {isa = PBXBuildFile; fileRef = F07F432BFA454990905AE35F /* CDVAssetLibraryFilesystem.m */; };
		756984779F734656A7443EC2 /* NativeAudio.m in Sources */ = {isa = PBXBuildFile; fileRef = 8A7496EB822D4CC8850C5D95 /* NativeAudio.m */; };
		8DC5CDB7B45644208AFD661C /* NativeAudioAsset.m in Sources */ = {isa = PBXBuildFile; fileRef = CE8D4037F396414CA9E370BB /* NativeAudioAsset.m */; };
		5E426B7B126D46368F44817B /* AVFoundation.framework in Frameworks */ = {isa = PBXBuildFile; fileRef = 3DA959ED33844DBBA37A820B /* AVFoundation.framework */; };
		D7821276268F4A66B751640D /* FacebookConnectPlugin.m in Sources */ = {isa = PBXBuildFile; fileRef = F4AFF3404262409399031DE6 /* FacebookConnectPlugin.m */; };
		78718CEA6A7B4BD891B11151 /* Bolts.framework in Frameworks */ = {isa = PBXBuildFile; fileRef = F654C1ACB1D848C7B89F22C4 /* Bolts.framework */; };
		3D72A9EA52F9455F912682F8 /* FBSDKCoreKit.framework in Frameworks */ = {isa = PBXBuildFile; fileRef = ECE7E1545F6D432BAC1F6821 /* FBSDKCoreKit.framework */; };
		C0583034869E4EB6B99EF2E3 /* FBSDKLoginKit.framework in Frameworks */ = {isa = PBXBuildFile; fileRef = 59AEDB5510FC460FAF408C16 /* FBSDKLoginKit.framework */; };
		C07EF8EB860A4F4095812127 /* FBSDKShareKit.framework in Frameworks */ = {isa = PBXBuildFile; fileRef = 72C166D646C2468B9F5F1F8E /* FBSDKShareKit.framework */; };
/* End PBXBuildFile section */

/* Begin PBXContainerItemProxy section */
		301BF534109A57CC0062928A /* PBXContainerItemProxy */ = {
			isa = PBXContainerItemProxy;
			containerPortal = 301BF52D109A57CC0062928A /* CordovaLib.xcodeproj */;
			proxyType = 2;
			remoteGlobalIDString = D2AAC07E0554694100DB518D;
			remoteInfo = CordovaLib;
		};
		301BF550109A68C00062928A /* PBXContainerItemProxy */ = {
			isa = PBXContainerItemProxy;
			containerPortal = 301BF52D109A57CC0062928A /* CordovaLib.xcodeproj */;
			proxyType = 1;
			remoteGlobalIDString = D2AAC07D0554694100DB518D;
			remoteInfo = CordovaLib;
		};
/* End PBXContainerItemProxy section */

/* Begin PBXFileReference section */
		0EFEDABA143F4BDF94062E92 /* CoreLocation.framework */ = {isa = PBXFileReference; fileEncoding = 4; lastKnownFileType = wrapper.framework; name = CoreLocation.framework; path = System/Library/Frameworks/CoreLocation.framework; sourceTree = SDKROOT; };
		1D3623240D0F684500981E51 /* AppDelegate.h */ = {isa = PBXFileReference; fileEncoding = 4; lastKnownFileType = sourcecode.c.h; path = AppDelegate.h; sourceTree = "<group>"; };
		1D3623250D0F684500981E51 /* AppDelegate.m */ = {isa = PBXFileReference; fileEncoding = 4; lastKnownFileType = sourcecode.c.objc; path = AppDelegate.m; sourceTree = "<group>"; };
		1D6058910D05DD3D006BFB54 /* Crunchbutton.app */ = {isa = PBXFileReference; explicitFileType = wrapper.application; includeInIndex = 0; path = Crunchbutton.app; sourceTree = BUILT_PRODUCTS_DIR; };
		288765FC0DF74451002DB57D /* CoreGraphics.framework */ = {isa = PBXFileReference; lastKnownFileType = wrapper.framework; name = CoreGraphics.framework; path = System/Library/Frameworks/CoreGraphics.framework; sourceTree = SDKROOT; };
		29B97316FDCFA39411CA2CEA /* main.m */ = {isa = PBXFileReference; fileEncoding = 4; lastKnownFileType = sourcecode.c.objc; path = main.m; sourceTree = "<group>"; };
		2F74017D68F24B0183721EF2 /* Social.framework */ = {isa = PBXFileReference; fileEncoding = 4; lastKnownFileType = wrapper.framework; name = Social.framework; path = System/Library/Frameworks/Social.framework; sourceTree = SDKROOT; };
		301BF52D109A57CC0062928A /* CordovaLib.xcodeproj */ = {isa = PBXFileReference; lastKnownFileType = "wrapper.pb-project"; name = CordovaLib.xcodeproj; path = CordovaLib/CordovaLib.xcodeproj; sourceTree = "<group>"; };
		301BF56E109A69640062928A /* www */ = {isa = PBXFileReference; lastKnownFileType = folder; path = www; sourceTree = SOURCE_ROOT; };
		302D95EE14D2391D003F00A1 /* MainViewController.h */ = {isa = PBXFileReference; fileEncoding = 4; lastKnownFileType = sourcecode.c.h; path = MainViewController.h; sourceTree = "<group>"; };
		302D95EF14D2391D003F00A1 /* MainViewController.m */ = {isa = PBXFileReference; fileEncoding = 4; lastKnownFileType = sourcecode.c.objc; path = MainViewController.m; sourceTree = "<group>"; };
		302D95F014D2391D003F00A1 /* MainViewController.xib */ = {isa = PBXFileReference; fileEncoding = 4; lastKnownFileType = file.xib; path = MainViewController.xib; sourceTree = "<group>"; };
		305D5FD0115AB8F900A74A75 /* MobileCoreServices.framework */ = {isa = PBXFileReference; lastKnownFileType = wrapper.framework; name = MobileCoreServices.framework; path = System/Library/Frameworks/MobileCoreServices.framework; sourceTree = SDKROOT; };
		3088BBB7154F3926009F9C59 /* Default-Landscape@2x~ipad.png */ = {isa = PBXFileReference; lastKnownFileType = image.png; path = "Default-Landscape@2x~ipad.png"; sourceTree = "<group>"; };
		3088BBB8154F3926009F9C59 /* Default-Landscape~ipad.png */ = {isa = PBXFileReference; lastKnownFileType = image.png; path = "Default-Landscape~ipad.png"; sourceTree = "<group>"; };
		3088BBB9154F3926009F9C59 /* Default-Portrait@2x~ipad.png */ = {isa = PBXFileReference; lastKnownFileType = image.png; path = "Default-Portrait@2x~ipad.png"; sourceTree = "<group>"; };
		3088BBBA154F3926009F9C59 /* Default-Portrait~ipad.png */ = {isa = PBXFileReference; lastKnownFileType = image.png; path = "Default-Portrait~ipad.png"; sourceTree = "<group>"; };
		3088BBBB154F3926009F9C59 /* Default@2x~iphone.png */ = {isa = PBXFileReference; lastKnownFileType = image.png; path = "Default@2x~iphone.png"; sourceTree = "<group>"; };
		3088BBBC154F3926009F9C59 /* Default~iphone.png */ = {isa = PBXFileReference; lastKnownFileType = image.png; path = "Default~iphone.png"; sourceTree = "<group>"; };
		308D052E1370CCF300D202BF /* icon-72.png */ = {isa = PBXFileReference; lastKnownFileType = image.png; path = "icon-72.png"; sourceTree = "<group>"; };
		308D052F1370CCF300D202BF /* icon.png */ = {isa = PBXFileReference; lastKnownFileType = image.png; path = icon.png; sourceTree = "<group>"; };
		308D05301370CCF300D202BF /* icon@2x.png */ = {isa = PBXFileReference; lastKnownFileType = image.png; path = "icon@2x.png"; sourceTree = "<group>"; };
		30B4F2FD19D5E07200D9F7D8 /* Default-667h.png */ = {isa = PBXFileReference; lastKnownFileType = image.png; path = "Default-667h.png"; sourceTree = "<group>"; };
		30B4F2FE19D5E07200D9F7D8 /* Default-736h.png */ = {isa = PBXFileReference; lastKnownFileType = image.png; path = "Default-736h.png"; sourceTree = "<group>"; };
		30B4F2FF19D5E07200D9F7D8 /* Default-Landscape-736h.png */ = {isa = PBXFileReference; lastKnownFileType = image.png; path = "Default-Landscape-736h.png"; sourceTree = "<group>"; };
		30C1856519D5FC0A00212699 /* icon-60@3x.png */ = {isa = PBXFileReference; lastKnownFileType = image.png; path = "icon-60@3x.png"; sourceTree = "<group>"; };
		30FC414816E50CA1004E6F35 /* icon-72@2x.png */ = {isa = PBXFileReference; lastKnownFileType = image.png; path = "icon-72@2x.png"; sourceTree = "<group>"; };
		32CA4F630368D1EE00C91783 /* Crunchbutton-Prefix.pch */ = {isa = PBXFileReference; fileEncoding = 4; lastKnownFileType = sourcecode.c.h; path = "Crunchbutton-Prefix.pch"; sourceTree = "<group>"; };
		3350DFBF60DD47D598EC233D /* libsqlite3.tbd */ = {isa = PBXFileReference; fileEncoding = 4; lastKnownFileType = unknown; path = libsqlite3.tbd; sourceTree = "<group>"; };
		3BEC7CE536E84B62A31515DD /* Security.framework */ = {isa = PBXFileReference; fileEncoding = 4; lastKnownFileType = wrapper.framework; name = Security.framework; path = System/Library/Frameworks/Security.framework; sourceTree = SDKROOT; };
		5B1594DC16A7569C00FEF299 /* AssetsLibrary.framework */ = {isa = PBXFileReference; lastKnownFileType = wrapper.framework; name = AssetsLibrary.framework; path = System/Library/Frameworks/AssetsLibrary.framework; sourceTree = SDKROOT; };
		65D75438D5554008AFAF7097 /* SystemConfiguration.framework */ = {isa = PBXFileReference; fileEncoding = 4; lastKnownFileType = wrapper.framework; name = SystemConfiguration.framework; path = System/Library/Frameworks/SystemConfiguration.framework; sourceTree = SDKROOT; };
		6788073D4F9A4068AF5C99C1 /* libz.tbd */ = {isa = PBXFileReference; fileEncoding = 4; lastKnownFileType = unknown; path = libz.tbd; sourceTree = "<group>"; };
		7E7966D41810823500FA85AD /* icon-40.png */ = {isa = PBXFileReference; lastKnownFileType = image.png; path = "icon-40.png"; sourceTree = "<group>"; };
		7E7966D51810823500FA85AD /* icon-40@2x.png */ = {isa = PBXFileReference; lastKnownFileType = image.png; path = "icon-40@2x.png"; sourceTree = "<group>"; };
		7E7966D61810823500FA85AD /* icon-50.png */ = {isa = PBXFileReference; lastKnownFileType = image.png; path = "icon-50.png"; sourceTree = "<group>"; };
		7E7966D71810823500FA85AD /* icon-50@2x.png */ = {isa = PBXFileReference; lastKnownFileType = image.png; path = "icon-50@2x.png"; sourceTree = "<group>"; };
		7E7966D81810823500FA85AD /* icon-60.png */ = {isa = PBXFileReference; lastKnownFileType = image.png; path = "icon-60.png"; sourceTree = "<group>"; };
		7E7966D91810823500FA85AD /* icon-60@2x.png */ = {isa = PBXFileReference; lastKnownFileType = image.png; path = "icon-60@2x.png"; sourceTree = "<group>"; };
		7E7966DA1810823500FA85AD /* icon-76.png */ = {isa = PBXFileReference; lastKnownFileType = image.png; path = "icon-76.png"; sourceTree = "<group>"; };
		7E7966DB1810823500FA85AD /* icon-76@2x.png */ = {isa = PBXFileReference; lastKnownFileType = image.png; path = "icon-76@2x.png"; sourceTree = "<group>"; };
		7E7966DC1810823500FA85AD /* icon-small.png */ = {isa = PBXFileReference; lastKnownFileType = image.png; path = "icon-small.png"; sourceTree = "<group>"; };
		7E7966DD1810823500FA85AD /* icon-small@2x.png */ = {isa = PBXFileReference; lastKnownFileType = image.png; path = "icon-small@2x.png"; sourceTree = "<group>"; };
		85BC399259E24F3A83CED7E6 /* AddressBook.framework */ = {isa = PBXFileReference; fileEncoding = 4; lastKnownFileType = wrapper.framework; name = AddressBook.framework; path = System/Library/Frameworks/AddressBook.framework; sourceTree = SDKROOT; };
		8D1107310486CEB800E47090 /* Crunchbutton-Info.plist */ = {isa = PBXFileReference; fileEncoding = 4; lastKnownFileType = text.plist.xml; name = "Crunchbutton-Info.plist"; path = "../Crunchbutton-Info.plist"; plistStructureDefinitionIdentifier = "com.apple.xcode.plist.structure-definition.iphone.info-plist"; sourceTree = "<group>"; };
		98F6B6B8F1F345428F5119DA /* Foundation.framework */ = {isa = PBXFileReference; fileEncoding = 4; lastKnownFileType = wrapper.framework; name = Foundation.framework; path = System/Library/Frameworks/Foundation.framework; sourceTree = SDKROOT; };
		A8C27E40FCC3490F809A846D /* libsqlite3.dylib */ = {isa = PBXFileReference; fileEncoding = 4; lastKnownFileType = "compiled.mach-o.dylib"; name = libsqlite3.dylib; path = usr/lib/libsqlite3.dylib; sourceTree = SDKROOT; };
		B416E2D56AF1450B93B9A134 /* CoreTelephony.framework */ = {isa = PBXFileReference; fileEncoding = 4; lastKnownFileType = wrapper.framework; name = CoreTelephony.framework; path = System/Library/Frameworks/CoreTelephony.framework; sourceTree = SDKROOT; };
		B894D21EBED34CCB8CDF06AC /* PassKit.framework */ = {isa = PBXFileReference; fileEncoding = 4; lastKnownFileType = wrapper.framework; name = PassKit.framework; path = System/Library/Frameworks/PassKit.framework; sourceTree = SDKROOT; };
		C9DD919E76C8401D85E3D821 /* AudioToolbox.framework */ = {isa = PBXFileReference; fileEncoding = 4; lastKnownFileType = wrapper.framework; name = AudioToolbox.framework; path = System/Library/Frameworks/AudioToolbox.framework; sourceTree = SDKROOT; };
		D42235BB6CC3486F917CE19F /* Accounts.framework */ = {isa = PBXFileReference; fileEncoding = 4; lastKnownFileType = wrapper.framework; name = Accounts.framework; path = System/Library/Frameworks/Accounts.framework; sourceTree = SDKROOT; };
		D4A0D8751607E02300AEF8BB /* Default-568h@2x~iphone.png */ = {isa = PBXFileReference; lastKnownFileType = image.png; path = "Default-568h@2x~iphone.png"; sourceTree = "<group>"; };
		EB87FDF21871DA7A0020F90C /* merges */ = {isa = PBXFileReference; lastKnownFileType = folder; name = merges; path = ../../merges; sourceTree = "<group>"; };
		EB87FDF31871DA8E0020F90C /* www */ = {isa = PBXFileReference; lastKnownFileType = folder; name = www; path = ../../www; sourceTree = "<group>"; };
		EB87FDF41871DAF40020F90C /* config.xml */ = {isa = PBXFileReference; lastKnownFileType = text.xml; name = config.xml; path = ../../config.xml; sourceTree = "<group>"; };
		F3924DA89F20426D93D7A88E /* QuickLook.framework */ = {isa = PBXFileReference; fileEncoding = 4; lastKnownFileType = wrapper.framework; name = QuickLook.framework; path = System/Library/Frameworks/QuickLook.framework; sourceTree = SDKROOT; };
		F840E1F0165FE0F500CFE078 /* config.xml */ = {isa = PBXFileReference; lastKnownFileType = text.xml; name = config.xml; path = Crunchbutton/config.xml; sourceTree = "<group>"; };
		00875D8949934F9C9A3D9931 /* AppAvailability.m */ = {isa = PBXFileReference; lastKnownFileType = sourcecode.c.objc; name = "AppAvailability.m"; path = "cordova-plugin-appavailability/AppAvailability.m"; sourceTree = "<group>"; fileEncoding = 4; };
		B0ECEC219D774138B6B29FD5 /* AppAvailability.h */ = {isa = PBXFileReference; lastKnownFileType = sourcecode.c.h; name = "AppAvailability.h"; path = "cordova-plugin-appavailability/AppAvailability.h"; sourceTree = "<group>"; fileEncoding = 4; };
		1636516CDF6C42D286F23554 /* CDVApplePay.m */ = {isa = PBXFileReference; lastKnownFileType = sourcecode.c.objc; name = "CDVApplePay.m"; path = "cordova-plugin-applepay/CDVApplePay.m"; sourceTree = "<group>"; fileEncoding = 4; };
		27B3D7B1D34045298421E72E /* CDVApplePay.h */ = {isa = PBXFileReference; lastKnownFileType = sourcecode.c.h; name = "CDVApplePay.h"; path = "cordova-plugin-applepay/CDVApplePay.h"; sourceTree = "<group>"; fileEncoding = 4; };
		D26D1C6A6EC94A7F9D306937 /* Stripe.framework */ = {isa = PBXFileReference; lastKnownFileType = wrapper.framework; name = "Stripe.framework"; path = "Crunchbutton/Plugins/cordova-plugin-applepay/Stripe.framework"; sourceTree = "<group>"; };
		6846E44B7AD54D44A476F462 /* CDVDevice.m */ = {isa = PBXFileReference; lastKnownFileType = sourcecode.c.objc; name = "CDVDevice.m"; path = "cordova-plugin-device/CDVDevice.m"; sourceTree = "<group>"; fileEncoding = 4; };
		1683192B501740E2A2F9CA76 /* CDVDevice.h */ = {isa = PBXFileReference; lastKnownFileType = sourcecode.c.h; name = "CDVDevice.h"; path = "cordova-plugin-device/CDVDevice.h"; sourceTree = "<group>"; fileEncoding = 4; };
		2C20AC55C70C43AFBBE37FF7 /* CDVNotification.m */ = {isa = PBXFileReference; lastKnownFileType = sourcecode.c.objc; name = "CDVNotification.m"; path = "cordova-plugin-dialogs/CDVNotification.m"; sourceTree = "<group>"; fileEncoding = 4; };
		EBA1CF3A529A4B5688EB1F62 /* CDVNotification.h */ = {isa = PBXFileReference; lastKnownFileType = sourcecode.c.h; name = "CDVNotification.h"; path = "cordova-plugin-dialogs/CDVNotification.h"; sourceTree = "<group>"; fileEncoding = 4; };
		548EFF2BF695422F9857D7C4 /* CDVNotification.bundle */ = {isa = PBXFileReference; lastKnownFileType = "wrapper.plug-in"; name = "CDVNotification.bundle"; path = "CDVNotification.bundle"; sourceTree = "<group>"; };
		F97C6D85AC2D411E9BF7693C /* CDVLocation.m */ = {isa = PBXFileReference; lastKnownFileType = sourcecode.c.objc; name = "CDVLocation.m"; path = "cordova-plugin-geolocation/CDVLocation.m"; sourceTree = "<group>"; fileEncoding = 4; };
		AAFA9CA566404D9FA78C2014 /* CDVLocation.h */ = {isa = PBXFileReference; lastKnownFileType = sourcecode.c.h; name = "CDVLocation.h"; path = "cordova-plugin-geolocation/CDVLocation.h"; sourceTree = "<group>"; fileEncoding = 4; };
		98569C5DEC0A4C7B8080B785 /* CDVInAppBrowser.m */ = {isa = PBXFileReference; lastKnownFileType = sourcecode.c.objc; name = "CDVInAppBrowser.m"; path = "cordova-plugin-inappbrowser/CDVInAppBrowser.m"; sourceTree = "<group>"; fileEncoding = 4; };
		B61BBF4C5EAD41F4A948CB5D /* CDVInAppBrowser.h */ = {isa = PBXFileReference; lastKnownFileType = sourcecode.c.h; name = "CDVInAppBrowser.h"; path = "cordova-plugin-inappbrowser/CDVInAppBrowser.h"; sourceTree = "<group>"; fileEncoding = 4; };
		943AB17300154BD28C837C7D /* CDVSound.m */ = {isa = PBXFileReference; lastKnownFileType = sourcecode.c.objc; name = "CDVSound.m"; path = "cordova-plugin-media/CDVSound.m"; sourceTree = "<group>"; fileEncoding = 4; };
		FDC6902EE334479DAFC0F39D /* CDVSound.h */ = {isa = PBXFileReference; lastKnownFileType = sourcecode.c.h; name = "CDVSound.h"; path = "cordova-plugin-media/CDVSound.h"; sourceTree = "<group>"; fileEncoding = 4; };
		4FF1AB8CF9DE4056B50AD11C /* CDVConnection.m */ = {isa = PBXFileReference; lastKnownFileType = sourcecode.c.objc; name = "CDVConnection.m"; path = "cordova-plugin-network-information/CDVConnection.m"; sourceTree = "<group>"; fileEncoding = 4; };
		B3F50817439049508894AF20 /* CDVReachability.m */ = {isa = PBXFileReference; lastKnownFileType = sourcecode.c.objc; name = "CDVReachability.m"; path = "cordova-plugin-network-information/CDVReachability.m"; sourceTree = "<group>"; fileEncoding = 4; };
		3C2BCE7E086A4CF88E75D8D8 /* CDVConnection.h */ = {isa = PBXFileReference; lastKnownFileType = sourcecode.c.h; name = "CDVConnection.h"; path = "cordova-plugin-network-information/CDVConnection.h"; sourceTree = "<group>"; fileEncoding = 4; };
		6E274A49C343485D92040B53 /* CDVReachability.h */ = {isa = PBXFileReference; lastKnownFileType = sourcecode.c.h; name = "CDVReachability.h"; path = "cordova-plugin-network-information/CDVReachability.h"; sourceTree = "<group>"; fileEncoding = 4; };
		D4FA1E7F9F5F4504AA0409FF /* CDVSplashScreen.m */ = {isa = PBXFileReference; lastKnownFileType = sourcecode.c.objc; name = "CDVSplashScreen.m"; path = "cordova-plugin-splashscreen/CDVSplashScreen.m"; sourceTree = "<group>"; fileEncoding = 4; };
		7B99933867EF4A07A5AEAD7A /* CDVViewController+SplashScreen.m */ = {isa = PBXFileReference; lastKnownFileType = sourcecode.c.objc; name = "CDVViewController+SplashScreen.m"; path = "cordova-plugin-splashscreen/CDVViewController+SplashScreen.m"; sourceTree = "<group>"; fileEncoding = 4; };
		B71883436FEB4E7D889FAE24 /* CDVSplashScreen.h */ = {isa = PBXFileReference; lastKnownFileType = sourcecode.c.h; name = "CDVSplashScreen.h"; path = "cordova-plugin-splashscreen/CDVSplashScreen.h"; sourceTree = "<group>"; fileEncoding = 4; };
		06ED9F98BFDC432989D46AB2 /* CDVViewController+SplashScreen.h */ = {isa = PBXFileReference; lastKnownFileType = sourcecode.c.h; name = "CDVViewController+SplashScreen.h"; path = "cordova-plugin-splashscreen/CDVViewController+SplashScreen.h"; sourceTree = "<group>"; fileEncoding = 4; };
		31A4E6083DB741CCA27D39BB /* CDVStatusBar.m */ = {isa = PBXFileReference; lastKnownFileType = sourcecode.c.objc; name = "CDVStatusBar.m"; path = "cordova-plugin-statusbar/CDVStatusBar.m"; sourceTree = "<group>"; fileEncoding = 4; };
		8429ADDF807C4DA684752796 /* CDVStatusBar.h */ = {isa = PBXFileReference; lastKnownFileType = sourcecode.c.h; name = "CDVStatusBar.h"; path = "cordova-plugin-statusbar/CDVStatusBar.h"; sourceTree = "<group>"; fileEncoding = 4; };
		C3243580A7924ADAB6B9508A /* CDVVibration.m */ = {isa = PBXFileReference; lastKnownFileType = sourcecode.c.objc; name = "CDVVibration.m"; path = "cordova-plugin-vibration/CDVVibration.m"; sourceTree = "<group>"; fileEncoding = 4; };
		7C49BB12505C44B0B51D8858 /* CDVVibration.h */ = {isa = PBXFileReference; lastKnownFileType = sourcecode.c.h; name = "CDVVibration.h"; path = "cordova-plugin-vibration/CDVVibration.h"; sourceTree = "<group>"; fileEncoding = 4; };
		417BDB2263044A78BE18CE1B /* IonicKeyboard.m */ = {isa = PBXFileReference; lastKnownFileType = sourcecode.c.objc; name = "IonicKeyboard.m"; path = "ionic-plugin-keyboard/IonicKeyboard.m"; sourceTree = "<group>"; fileEncoding = 4; };
		F15D7ED67FE54BD8B5DCF501 /* UIWebViewExtension.m */ = {isa = PBXFileReference; lastKnownFileType = sourcecode.c.objc; name = "UIWebViewExtension.m"; path = "ionic-plugin-keyboard/UIWebViewExtension.m"; sourceTree = "<group>"; fileEncoding = 4; };
		E86559558E7843F4B480662E /* IonicKeyboard.h */ = {isa = PBXFileReference; lastKnownFileType = sourcecode.c.h; name = "IonicKeyboard.h"; path = "ionic-plugin-keyboard/IonicKeyboard.h"; sourceTree = "<group>"; fileEncoding = 4; };
		027170BD4E4E4E019943C4A6 /* UIWebViewExtension.h */ = {isa = PBXFileReference; lastKnownFileType = sourcecode.c.h; name = "UIWebViewExtension.h"; path = "ionic-plugin-keyboard/UIWebViewExtension.h"; sourceTree = "<group>"; fileEncoding = 4; };
		9590BE2797174B6DBFDB52B5 /* AppVersion.m */ = {isa = PBXFileReference; lastKnownFileType = sourcecode.c.objc; name = "AppVersion.m"; path = "net.bgta.phonegap.plugin.appversion/AppVersion.m"; sourceTree = "<group>"; fileEncoding = 4; };
		AD0E2F78E4274826809FCDD7 /* AppVersion.h */ = {isa = PBXFileReference; lastKnownFileType = sourcecode.c.h; name = "AppVersion.h"; path = "net.bgta.phonegap.plugin.appversion/AppVersion.h"; sourceTree = "<group>"; fileEncoding = 4; };
		AAB324E9DAF740A8A2430AFA /* AppDelegate+notification.m */ = {isa = PBXFileReference; lastKnownFileType = sourcecode.c.objc; name = "AppDelegate+notification.m"; path = "phonegap-plugin-push/AppDelegate+notification.m"; sourceTree = "<group>"; fileEncoding = 4; };
		283FE2488D6445A4A91B83A7 /* PushPlugin.m */ = {isa = PBXFileReference; lastKnownFileType = sourcecode.c.objc; name = "PushPlugin.m"; path = "phonegap-plugin-push/PushPlugin.m"; sourceTree = "<group>"; fileEncoding = 4; };
		BAC59ABF14674E688C370C59 /* libGGLCloudMessaging.a */ = {isa = PBXFileReference; lastKnownFileType = archive.ar; name = "libGGLCloudMessaging.a"; path = "Crunchbutton/Plugins/phonegap-plugin-push/GCM/Libraries/libGGLCloudMessaging.a"; sourceTree = "<group>"; fileEncoding = 4; };
		C8444ACE34EC4FF38B7DF2BC /* libGGLCore.a */ = {isa = PBXFileReference; lastKnownFileType = archive.ar; name = "libGGLCore.a"; path = "Crunchbutton/Plugins/phonegap-plugin-push/GCM/Libraries/libGGLCore.a"; sourceTree = "<group>"; fileEncoding = 4; };
		7C1FE9E2C8314B8D9393757D /* libGGLInstanceIDLib.a */ = {isa = PBXFileReference; lastKnownFileType = archive.ar; name = "libGGLInstanceIDLib.a"; path = "Crunchbutton/Plugins/phonegap-plugin-push/GCM/Libraries/libGGLInstanceIDLib.a"; sourceTree = "<group>"; fileEncoding = 4; };
		1C91DE67098145F48B8CC73C /* libGIP_Reachability.a */ = {isa = PBXFileReference; lastKnownFileType = archive.ar; name = "libGIP_Reachability.a"; path = "Crunchbutton/Plugins/phonegap-plugin-push/GCM/Libraries/libGIP_Reachability.a"; sourceTree = "<group>"; fileEncoding = 4; };
		24B75BEAC1934410A729DF28 /* libGSDK_Overload.a */ = {isa = PBXFileReference; lastKnownFileType = archive.ar; name = "libGSDK_Overload.a"; path = "Crunchbutton/Plugins/phonegap-plugin-push/GCM/Libraries/libGSDK_Overload.a"; sourceTree = "<group>"; fileEncoding = 4; };
		1088A90180E4407EAAFD23C3 /* libGTMSessionFetcher_core.a */ = {isa = PBXFileReference; lastKnownFileType = archive.ar; name = "libGTMSessionFetcher_core.a"; path = "Crunchbutton/Plugins/phonegap-plugin-push/GCM/Libraries/libGTMSessionFetcher_core.a"; sourceTree = "<group>"; fileEncoding = 4; };
		DEAA92B8EC1B4904B14C67E3 /* libGTMSessionFetcher_full.a */ = {isa = PBXFileReference; lastKnownFileType = archive.ar; name = "libGTMSessionFetcher_full.a"; path = "Crunchbutton/Plugins/phonegap-plugin-push/GCM/Libraries/libGTMSessionFetcher_full.a"; sourceTree = "<group>"; fileEncoding = 4; };
		A04852235EF54F77BED31185 /* libGTMStackTrace.a */ = {isa = PBXFileReference; lastKnownFileType = archive.ar; name = "libGTMStackTrace.a"; path = "Crunchbutton/Plugins/phonegap-plugin-push/GCM/Libraries/libGTMStackTrace.a"; sourceTree = "<group>"; fileEncoding = 4; };
		B906FA9B32DE4163B04EB46C /* libGTM_AddressBook.a */ = {isa = PBXFileReference; lastKnownFileType = archive.ar; name = "libGTM_AddressBook.a"; path = "Crunchbutton/Plugins/phonegap-plugin-push/GCM/Libraries/libGTM_AddressBook.a"; sourceTree = "<group>"; fileEncoding = 4; };
		F0BBE486D1D74551BF42489C /* libGTM_DebugUtils.a */ = {isa = PBXFileReference; lastKnownFileType = archive.ar; name = "libGTM_DebugUtils.a"; path = "Crunchbutton/Plugins/phonegap-plugin-push/GCM/Libraries/libGTM_DebugUtils.a"; sourceTree = "<group>"; fileEncoding = 4; };
		C3C74C3805D04F2E820B9330 /* libGTM_GTMURLBuilder.a */ = {isa = PBXFileReference; lastKnownFileType = archive.ar; name = "libGTM_GTMURLBuilder.a"; path = "Crunchbutton/Plugins/phonegap-plugin-push/GCM/Libraries/libGTM_GTMURLBuilder.a"; sourceTree = "<group>"; fileEncoding = 4; };
		66CB42060D94427DBE0CB86A /* libGTM_KVO.a */ = {isa = PBXFileReference; lastKnownFileType = archive.ar; name = "libGTM_KVO.a"; path = "Crunchbutton/Plugins/phonegap-plugin-push/GCM/Libraries/libGTM_KVO.a"; sourceTree = "<group>"; fileEncoding = 4; };
		586FAAE255A144CB862BD19F /* libGTM_NSData+zlib.a */ = {isa = PBXFileReference; lastKnownFileType = archive.ar; name = "libGTM_NSData+zlib.a"; path = "Crunchbutton/Plugins/phonegap-plugin-push/GCM/Libraries/libGTM_NSData+zlib.a"; sourceTree = "<group>"; fileEncoding = 4; };
		1BE8E06A9F644279BB2F2EE3 /* libGTM_NSDictionary+URLArguments.a */ = {isa = PBXFileReference; lastKnownFileType = archive.ar; name = "libGTM_NSDictionary+URLArguments.a"; path = "Crunchbutton/Plugins/phonegap-plugin-push/GCM/Libraries/libGTM_NSDictionary+URLArguments.a"; sourceTree = "<group>"; fileEncoding = 4; };
		7BE23554941246858FCA6429 /* libGTM_NSScannerJSON.a */ = {isa = PBXFileReference; lastKnownFileType = archive.ar; name = "libGTM_NSScannerJSON.a"; path = "Crunchbutton/Plugins/phonegap-plugin-push/GCM/Libraries/libGTM_NSScannerJSON.a"; sourceTree = "<group>"; fileEncoding = 4; };
		C450C5D60E0841FF8B3D62E0 /* libGTM_NSStringHTML.a */ = {isa = PBXFileReference; lastKnownFileType = archive.ar; name = "libGTM_NSStringHTML.a"; path = "Crunchbutton/Plugins/phonegap-plugin-push/GCM/Libraries/libGTM_NSStringHTML.a"; sourceTree = "<group>"; fileEncoding = 4; };
		0FD8211374674085BD973BC8 /* libGTM_NSStringXML.a */ = {isa = PBXFileReference; lastKnownFileType = archive.ar; name = "libGTM_NSStringXML.a"; path = "Crunchbutton/Plugins/phonegap-plugin-push/GCM/Libraries/libGTM_NSStringXML.a"; sourceTree = "<group>"; fileEncoding = 4; };
		3AE59D9CCEA344EFB29BAF0D /* libGTM_Regex.a */ = {isa = PBXFileReference; lastKnownFileType = archive.ar; name = "libGTM_Regex.a"; path = "Crunchbutton/Plugins/phonegap-plugin-push/GCM/Libraries/libGTM_Regex.a"; sourceTree = "<group>"; fileEncoding = 4; };
		615D355374244D5AAC4D46EC /* libGTM_RoundedRectPath.a */ = {isa = PBXFileReference; lastKnownFileType = archive.ar; name = "libGTM_RoundedRectPath.a"; path = "Crunchbutton/Plugins/phonegap-plugin-push/GCM/Libraries/libGTM_RoundedRectPath.a"; sourceTree = "<group>"; fileEncoding = 4; };
		B9E04381906E4CFCB1388DE3 /* libGTM_StringEncoding.a */ = {isa = PBXFileReference; lastKnownFileType = archive.ar; name = "libGTM_StringEncoding.a"; path = "Crunchbutton/Plugins/phonegap-plugin-push/GCM/Libraries/libGTM_StringEncoding.a"; sourceTree = "<group>"; fileEncoding = 4; };
		F93272678F36475A8EB628BA /* libGTM_SystemVersion.a */ = {isa = PBXFileReference; lastKnownFileType = archive.ar; name = "libGTM_SystemVersion.a"; path = "Crunchbutton/Plugins/phonegap-plugin-push/GCM/Libraries/libGTM_SystemVersion.a"; sourceTree = "<group>"; fileEncoding = 4; };
		D35BAE26816A4A51880BC336 /* libGTM_UIFont+LineHeight.a */ = {isa = PBXFileReference; lastKnownFileType = archive.ar; name = "libGTM_UIFont+LineHeight.a"; path = "Crunchbutton/Plugins/phonegap-plugin-push/GCM/Libraries/libGTM_UIFont+LineHeight.a"; sourceTree = "<group>"; fileEncoding = 4; };
		FC999B418C024BF488829AC1 /* libGTM_core.a */ = {isa = PBXFileReference; lastKnownFileType = archive.ar; name = "libGTM_core.a"; path = "Crunchbutton/Plugins/phonegap-plugin-push/GCM/Libraries/libGTM_core.a"; sourceTree = "<group>"; fileEncoding = 4; };
		CD2BBE1434AA45D4BBC4D55B /* libGTM_iPhone.a */ = {isa = PBXFileReference; lastKnownFileType = archive.ar; name = "libGTM_iPhone.a"; path = "Crunchbutton/Plugins/phonegap-plugin-push/GCM/Libraries/libGTM_iPhone.a"; sourceTree = "<group>"; fileEncoding = 4; };
		408BF99D5CA94CE8850426CA /* libGcmLib.a */ = {isa = PBXFileReference; lastKnownFileType = archive.ar; name = "libGcmLib.a"; path = "Crunchbutton/Plugins/phonegap-plugin-push/GCM/Libraries/libGcmLib.a"; sourceTree = "<group>"; fileEncoding = 4; };
		9C7AEF96626541188C99F85A /* libProtocolBuffers.a */ = {isa = PBXFileReference; lastKnownFileType = archive.ar; name = "libProtocolBuffers.a"; path = "Crunchbutton/Plugins/phonegap-plugin-push/GCM/Libraries/libProtocolBuffers.a"; sourceTree = "<group>"; fileEncoding = 4; };
		100594250C494343B7C0921A /* AppDelegate+notification.h */ = {isa = PBXFileReference; lastKnownFileType = sourcecode.c.h; name = "AppDelegate+notification.h"; path = "phonegap-plugin-push/AppDelegate+notification.h"; sourceTree = "<group>"; fileEncoding = 4; };
		0375B7C72B49469FA935104A /* PushPlugin.h */ = {isa = PBXFileReference; lastKnownFileType = sourcecode.c.h; name = "PushPlugin.h"; path = "phonegap-plugin-push/PushPlugin.h"; sourceTree = "<group>"; fileEncoding = 4; };
		0ECFA039333E4E1EB5B3B76C /* GGLInstanceID.h */ = {isa = PBXFileReference; lastKnownFileType = sourcecode.c.h; name = "GGLInstanceID.h"; path = "phonegap-plugin-push/GCM/Headers/GGLInstanceID.h"; sourceTree = "<group>"; fileEncoding = 4; };
		4EAC175AE3FF4935AAC05E43 /* GGLInstanceIDConfig.h */ = {isa = PBXFileReference; lastKnownFileType = sourcecode.c.h; name = "GGLInstanceIDConfig.h"; path = "phonegap-plugin-push/GCM/Headers/GGLInstanceIDConfig.h"; sourceTree = "<group>"; fileEncoding = 4; };
		3615F8E9DF084B82BEA21B39 /* GGLInstanceIDDelegate.h */ = {isa = PBXFileReference; lastKnownFileType = sourcecode.c.h; name = "GGLInstanceIDDelegate.h"; path = "phonegap-plugin-push/GCM/Headers/GGLInstanceIDDelegate.h"; sourceTree = "<group>"; fileEncoding = 4; };
		EB41F8ED56E6491CA930CB5C /* GGLInstanceIDHeaders.h */ = {isa = PBXFileReference; lastKnownFileType = sourcecode.c.h; name = "GGLInstanceIDHeaders.h"; path = "phonegap-plugin-push/GCM/Headers/GGLInstanceIDHeaders.h"; sourceTree = "<group>"; fileEncoding = 4; };
		0F7DA75E107D43B98CF1CCA2 /* CloudMessaging.h */ = {isa = PBXFileReference; lastKnownFileType = sourcecode.c.h; name = "CloudMessaging.h"; path = "phonegap-plugin-push/GCM/Headers/CloudMessaging.h"; sourceTree = "<group>"; fileEncoding = 4; };
		F61B158317E04BFB91834B3B /* GGLContext+CloudMessaging.h */ = {isa = PBXFileReference; lastKnownFileType = sourcecode.c.h; name = "GGLContext+CloudMessaging.h"; path = "phonegap-plugin-push/GCM/Headers/GGLContext+CloudMessaging.h"; sourceTree = "<group>"; fileEncoding = 4; };
		36DDC46473E04526A8009EDA /* Core.h */ = {isa = PBXFileReference; lastKnownFileType = sourcecode.c.h; name = "Core.h"; path = "phonegap-plugin-push/GCM/Headers/Core.h"; sourceTree = "<group>"; fileEncoding = 4; };
		52782EC06C854C40B4612BCE /* GGLConfiguration.h */ = {isa = PBXFileReference; lastKnownFileType = sourcecode.c.h; name = "GGLConfiguration.h"; path = "phonegap-plugin-push/GCM/Headers/GGLConfiguration.h"; sourceTree = "<group>"; fileEncoding = 4; };
		BCDBB369B0774451B69289A6 /* GGLContext.h */ = {isa = PBXFileReference; lastKnownFileType = sourcecode.c.h; name = "GGLContext.h"; path = "phonegap-plugin-push/GCM/Headers/GGLContext.h"; sourceTree = "<group>"; fileEncoding = 4; };
		60F763E022F14E63995EAB48 /* GGLErrorCode.h */ = {isa = PBXFileReference; lastKnownFileType = sourcecode.c.h; name = "GGLErrorCode.h"; path = "phonegap-plugin-push/GCM/Headers/GGLErrorCode.h"; sourceTree = "<group>"; fileEncoding = 4; };
		61CAF1C8A37A4A009850A5F1 /* GCMConfig.h */ = {isa = PBXFileReference; lastKnownFileType = sourcecode.c.h; name = "GCMConfig.h"; path = "phonegap-plugin-push/GCM/Headers/GCMConfig.h"; sourceTree = "<group>"; fileEncoding = 4; };
		1721BEF786064476A8842365 /* GCMPubSub.h */ = {isa = PBXFileReference; lastKnownFileType = sourcecode.c.h; name = "GCMPubSub.h"; path = "phonegap-plugin-push/GCM/Headers/GCMPubSub.h"; sourceTree = "<group>"; fileEncoding = 4; };
		8C9D7C8189394876B323216D /* GCMReceiverDelegate.h */ = {isa = PBXFileReference; lastKnownFileType = sourcecode.c.h; name = "GCMReceiverDelegate.h"; path = "phonegap-plugin-push/GCM/Headers/GCMReceiverDelegate.h"; sourceTree = "<group>"; fileEncoding = 4; };
		C195A392E6BF4D0E841CF2D8 /* GCMService.h */ = {isa = PBXFileReference; lastKnownFileType = sourcecode.c.h; name = "GCMService.h"; path = "phonegap-plugin-push/GCM/Headers/GCMService.h"; sourceTree = "<group>"; fileEncoding = 4; };
		508303F480D34E19A4AE2895 /* GoogleCloudMessaging.h */ = {isa = PBXFileReference; lastKnownFileType = sourcecode.c.h; name = "GoogleCloudMessaging.h"; path = "phonegap-plugin-push/GCM/Headers/GoogleCloudMessaging.h"; sourceTree = "<group>"; fileEncoding = 4; };
		79D1748C2CB7461196B13ABC /* CDVFile.m */ = {isa = PBXFileReference; lastKnownFileType = sourcecode.c.objc; name = "CDVFile.m"; path = "cordova-plugin-file/CDVFile.m"; sourceTree = "<group>"; fileEncoding = 4; };
		7D4AB6302B254821854E7DDF /* CDVLocalFilesystem.m */ = {isa = PBXFileReference; lastKnownFileType = sourcecode.c.objc; name = "CDVLocalFilesystem.m"; path = "cordova-plugin-file/CDVLocalFilesystem.m"; sourceTree = "<group>"; fileEncoding = 4; };
		F07F432BFA454990905AE35F /* CDVAssetLibraryFilesystem.m */ = {isa = PBXFileReference; lastKnownFileType = sourcecode.c.objc; name = "CDVAssetLibraryFilesystem.m"; path = "cordova-plugin-file/CDVAssetLibraryFilesystem.m"; sourceTree = "<group>"; fileEncoding = 4; };
		72FCF8D7A5594E0899A506CB /* CDVFile.h */ = {isa = PBXFileReference; lastKnownFileType = sourcecode.c.h; name = "CDVFile.h"; path = "cordova-plugin-file/CDVFile.h"; sourceTree = "<group>"; fileEncoding = 4; };
		82A7AD740DC04BBFAB095958 /* CDVLocalFilesystem.h */ = {isa = PBXFileReference; lastKnownFileType = sourcecode.c.h; name = "CDVLocalFilesystem.h"; path = "cordova-plugin-file/CDVLocalFilesystem.h"; sourceTree = "<group>"; fileEncoding = 4; };
		EA37F556613F46418A036128 /* CDVAssetLibraryFilesystem.h */ = {isa = PBXFileReference; lastKnownFileType = sourcecode.c.h; name = "CDVAssetLibraryFilesystem.h"; path = "cordova-plugin-file/CDVAssetLibraryFilesystem.h"; sourceTree = "<group>"; fileEncoding = 4; };
		8A7496EB822D4CC8850C5D95 /* NativeAudio.m */ = {isa = PBXFileReference; lastKnownFileType = sourcecode.c.objc; name = "NativeAudio.m"; path = "cordova-plugin-nativeaudio/NativeAudio.m"; sourceTree = "<group>"; fileEncoding = 4; };
		CE8D4037F396414CA9E370BB /* NativeAudioAsset.m */ = {isa = PBXFileReference; lastKnownFileType = sourcecode.c.objc; name = "NativeAudioAsset.m"; path = "cordova-plugin-nativeaudio/NativeAudioAsset.m"; sourceTree = "<group>"; fileEncoding = 4; };
		A5973D2B4D7049EB8E8673B6 /* NativeAudio.h */ = {isa = PBXFileReference; lastKnownFileType = sourcecode.c.h; name = "NativeAudio.h"; path = "cordova-plugin-nativeaudio/NativeAudio.h"; sourceTree = "<group>"; fileEncoding = 4; };
		CF65F0AB36F14824AC92BAB9 /* NativeAudioAsset.h */ = {isa = PBXFileReference; lastKnownFileType = sourcecode.c.h; name = "NativeAudioAsset.h"; path = "cordova-plugin-nativeaudio/NativeAudioAsset.h"; sourceTree = "<group>"; fileEncoding = 4; };
		3DA959ED33844DBBA37A820B /* AVFoundation.framework */ = {isa = PBXFileReference; lastKnownFileType = wrapper.framework; name = "AVFoundation.framework"; path = "System/Library/Frameworks/AVFoundation.framework"; sourceTree = SDKROOT; fileEncoding = 4; };
		F4AFF3404262409399031DE6 /* FacebookConnectPlugin.m */ = {isa = PBXFileReference; lastKnownFileType = sourcecode.c.objc; name = "FacebookConnectPlugin.m"; path = "cordova-plugin-facebook4/FacebookConnectPlugin.m"; sourceTree = "<group>"; fileEncoding = 4; };
		65409257B3AB4F65AFF578F7 /* FacebookConnectPlugin.h */ = {isa = PBXFileReference; lastKnownFileType = sourcecode.c.h; name = "FacebookConnectPlugin.h"; path = "cordova-plugin-facebook4/FacebookConnectPlugin.h"; sourceTree = "<group>"; fileEncoding = 4; };
		F654C1ACB1D848C7B89F22C4 /* Bolts.framework */ = {isa = PBXFileReference; lastKnownFileType = wrapper.framework; name = "Bolts.framework"; path = "Crunchbutton/Plugins/cordova-plugin-facebook4/Bolts.framework"; sourceTree = "<group>"; };
		ECE7E1545F6D432BAC1F6821 /* FBSDKCoreKit.framework */ = {isa = PBXFileReference; lastKnownFileType = wrapper.framework; name = "FBSDKCoreKit.framework"; path = "Crunchbutton/Plugins/cordova-plugin-facebook4/FBSDKCoreKit.framework"; sourceTree = "<group>"; };
		59AEDB5510FC460FAF408C16 /* FBSDKLoginKit.framework */ = {isa = PBXFileReference; lastKnownFileType = wrapper.framework; name = "FBSDKLoginKit.framework"; path = "Crunchbutton/Plugins/cordova-plugin-facebook4/FBSDKLoginKit.framework"; sourceTree = "<group>"; };
		72C166D646C2468B9F5F1F8E /* FBSDKShareKit.framework */ = {isa = PBXFileReference; lastKnownFileType = wrapper.framework; name = "FBSDKShareKit.framework"; path = "Crunchbutton/Plugins/cordova-plugin-facebook4/FBSDKShareKit.framework"; sourceTree = "<group>"; };
/* End PBXFileReference section */

/* Begin PBXFrameworksBuildPhase section */
		1D60588F0D05DD3D006BFB54 /* Frameworks */ = {
			isa = PBXFrameworksBuildPhase;
			buildActionMask = 2147483647;
			files = (
				5B1594DD16A7569C00FEF299 /* AssetsLibrary.framework in Frameworks */,
				301BF552109A68D80062928A /* libCordova.a in Frameworks */,
				288765FD0DF74451002DB57D /* CoreGraphics.framework in Frameworks */,
				305D5FD1115AB8F900A74A75 /* MobileCoreServices.framework in Frameworks */,
				655396CFA84C47D9A6A33D11 /* AddressBook.framework in Frameworks */,
				F01C6467E930439FA911A62F /* PassKit.framework in Frameworks */,
				45210961581747EEA89D2D44 /* Foundation.framework in Frameworks */,
				AF52766C04A04C36AF1F9F50 /* Security.framework in Frameworks */,
				00FBFF53E7D04F1EB2199758 /* AudioToolbox.framework in Frameworks */,
				1E081C23457247ABB9C6AD7C /* CoreLocation.framework in Frameworks */,
				8B4A17CBAA0B4277A1060D71 /* SystemConfiguration.framework in Frameworks */,
				E07F94602E6043DEB56E68CD /* CoreTelephony.framework in Frameworks */,
				198B9564F15949CC9B2B6924 /* QuickLook.framework in Frameworks */,
				FE8F1692EF584AA1A5360E08 /* libsqlite3.dylib in Frameworks */,
				3034A2AE4C2840BFBDCAC764 /* Social.framework in Frameworks */,
				2779E3A2528D45DDBE80FB3F /* Accounts.framework in Frameworks */,
				25E04A55E392410E887407C7 /* libsqlite3.tbd in Frameworks */,
				E1FB7864275549E29D8AA919 /* libz.tbd in Frameworks */,
				B82DC79DCEC84BF3BE9C05BF /* Stripe.framework in Frameworks */,
				195E2D94EA4140028AC8A72D /* libGGLCloudMessaging.a in Frameworks */,
				08BF54293D6E41058B82CC8A /* libGGLCore.a in Frameworks */,
				B803CADD95DE497FAA57ED59 /* libGGLInstanceIDLib.a in Frameworks */,
				5562D0A620154148A82B025D /* libGIP_Reachability.a in Frameworks */,
				300353A693764627BC98C3D4 /* libGSDK_Overload.a in Frameworks */,
				ED8EBAEA03D547A89F3C3037 /* libGTMSessionFetcher_core.a in Frameworks */,
				A678156746AF4D6A855A89E6 /* libGTMSessionFetcher_full.a in Frameworks */,
				7AEDF494E8F84C4FA23FA8AB /* libGTMStackTrace.a in Frameworks */,
				91ECD4C7103D42C8B2768DC3 /* libGTM_AddressBook.a in Frameworks */,
				A49BF4E3522949989C064D12 /* libGTM_DebugUtils.a in Frameworks */,
				DBA80CBA91AE49A58ED30BFC /* libGTM_GTMURLBuilder.a in Frameworks */,
				4E650656DE694C1F8FD77AE3 /* libGTM_KVO.a in Frameworks */,
				1BC7B261F18441C6AE82D0E2 /* libGTM_NSData+zlib.a in Frameworks */,
				F3B4D98D677B476E8C72B94E /* libGTM_NSDictionary+URLArguments.a in Frameworks */,
				8885FEC153064AD8AB19A738 /* libGTM_NSScannerJSON.a in Frameworks */,
				56AD9DAB3121481C9FC59F17 /* libGTM_NSStringHTML.a in Frameworks */,
				901D1F62592E48328C44064F /* libGTM_NSStringXML.a in Frameworks */,
				29D46DE5126D4DEAA3B547E7 /* libGTM_Regex.a in Frameworks */,
				0B2A5AF80D61442F8D208BBF /* libGTM_RoundedRectPath.a in Frameworks */,
				EEF92BCACBFD4F72A8784E18 /* libGTM_StringEncoding.a in Frameworks */,
				B308D3CAEFCE49DD8F8A3014 /* libGTM_SystemVersion.a in Frameworks */,
				1A0AEB76E59C4D8196DB7BAF /* libGTM_UIFont+LineHeight.a in Frameworks */,
				4E3DF4B5814E4017AB123875 /* libGTM_core.a in Frameworks */,
				FB24CC1069EE433E8D3F8FA7 /* libGTM_iPhone.a in Frameworks */,
				ED15E562FF984366833C3E0F /* libGcmLib.a in Frameworks */,
				5FA857A005CD4D82AD8947EA /* libProtocolBuffers.a in Frameworks */,
				5E426B7B126D46368F44817B /* AVFoundation.framework in Frameworks */,
				78718CEA6A7B4BD891B11151 /* Bolts.framework in Frameworks */,
				3D72A9EA52F9455F912682F8 /* FBSDKCoreKit.framework in Frameworks */,
				C0583034869E4EB6B99EF2E3 /* FBSDKLoginKit.framework in Frameworks */,
				C07EF8EB860A4F4095812127 /* FBSDKShareKit.framework in Frameworks */,
			);
			runOnlyForDeploymentPostprocessing = 0;
		};
/* End PBXFrameworksBuildPhase section */

/* Begin PBXGroup section */
		080E96DDFE201D6D7F000001 /* Classes */ = {
			isa = PBXGroup;
			children = (
				302D95EE14D2391D003F00A1 /* MainViewController.h */,
				302D95EF14D2391D003F00A1 /* MainViewController.m */,
				302D95F014D2391D003F00A1 /* MainViewController.xib */,
				1D3623240D0F684500981E51 /* AppDelegate.h */,
				1D3623250D0F684500981E51 /* AppDelegate.m */,
			);
			name = Classes;
			path = Crunchbutton/Classes;
			sourceTree = SOURCE_ROOT;
		};
		19C28FACFE9D520D11CA2CBB /* Products */ = {
			isa = PBXGroup;
			children = (
				1D6058910D05DD3D006BFB54 /* Crunchbutton.app */,
			);
			name = Products;
			sourceTree = "<group>";
		};
		29B97314FDCFA39411CA2CEA /* CustomTemplate */ = {
			isa = PBXGroup;
			children = (
				EB87FDF41871DAF40020F90C /* config.xml */,
				EB87FDF31871DA8E0020F90C /* www */,
				EB87FDF21871DA7A0020F90C /* merges */,
				EB87FDF11871DA420020F90C /* Staging */,
				301BF52D109A57CC0062928A /* CordovaLib.xcodeproj */,
				080E96DDFE201D6D7F000001 /* Classes */,
				307C750510C5A3420062BCA9 /* Plugins */,
				29B97315FDCFA39411CA2CEA /* Other Sources */,
				29B97317FDCFA39411CA2CEA /* Resources */,
				29B97323FDCFA39411CA2CEA /* Frameworks */,
				19C28FACFE9D520D11CA2CBB /* Products */,
			);
			name = CustomTemplate;
			sourceTree = "<group>";
		};
		29B97315FDCFA39411CA2CEA /* Other Sources */ = {
			isa = PBXGroup;
			children = (
				32CA4F630368D1EE00C91783 /* Crunchbutton-Prefix.pch */,
				29B97316FDCFA39411CA2CEA /* main.m */,
			);
			name = "Other Sources";
			path = Crunchbutton;
			sourceTree = "<group>";
		};
		29B97317FDCFA39411CA2CEA /* Resources */ = {
			isa = PBXGroup;
			children = (
				308D052D1370CCF300D202BF /* icons */,
				308D05311370CCF300D202BF /* splash */,
				8D1107310486CEB800E47090 /* Crunchbutton-Info.plist */,
				548EFF2BF695422F9857D7C4 /* CDVNotification.bundle */,
			);
			name = Resources;
			path = Crunchbutton/Resources;
			sourceTree = "<group>";
		};
		29B97323FDCFA39411CA2CEA /* Frameworks */ = {
			isa = PBXGroup;
			children = (
				5B1594DC16A7569C00FEF299 /* AssetsLibrary.framework */,
				288765FC0DF74451002DB57D /* CoreGraphics.framework */,
				305D5FD0115AB8F900A74A75 /* MobileCoreServices.framework */,
				85BC399259E24F3A83CED7E6 /* AddressBook.framework */,
				B894D21EBED34CCB8CDF06AC /* PassKit.framework */,
				98F6B6B8F1F345428F5119DA /* Foundation.framework */,
				3BEC7CE536E84B62A31515DD /* Security.framework */,
				C9DD919E76C8401D85E3D821 /* AudioToolbox.framework */,
				0EFEDABA143F4BDF94062E92 /* CoreLocation.framework */,
				65D75438D5554008AFAF7097 /* SystemConfiguration.framework */,
				B416E2D56AF1450B93B9A134 /* CoreTelephony.framework */,
				F3924DA89F20426D93D7A88E /* QuickLook.framework */,
				A8C27E40FCC3490F809A846D /* libsqlite3.dylib */,
				2F74017D68F24B0183721EF2 /* Social.framework */,
				D42235BB6CC3486F917CE19F /* Accounts.framework */,
				3350DFBF60DD47D598EC233D /* libsqlite3.tbd */,
				6788073D4F9A4068AF5C99C1 /* libz.tbd */,
				D26D1C6A6EC94A7F9D306937 /* Stripe.framework */,
				BAC59ABF14674E688C370C59 /* libGGLCloudMessaging.a */,
				C8444ACE34EC4FF38B7DF2BC /* libGGLCore.a */,
				7C1FE9E2C8314B8D9393757D /* libGGLInstanceIDLib.a */,
				1C91DE67098145F48B8CC73C /* libGIP_Reachability.a */,
				24B75BEAC1934410A729DF28 /* libGSDK_Overload.a */,
				1088A90180E4407EAAFD23C3 /* libGTMSessionFetcher_core.a */,
				DEAA92B8EC1B4904B14C67E3 /* libGTMSessionFetcher_full.a */,
				A04852235EF54F77BED31185 /* libGTMStackTrace.a */,
				B906FA9B32DE4163B04EB46C /* libGTM_AddressBook.a */,
				F0BBE486D1D74551BF42489C /* libGTM_DebugUtils.a */,
				C3C74C3805D04F2E820B9330 /* libGTM_GTMURLBuilder.a */,
				66CB42060D94427DBE0CB86A /* libGTM_KVO.a */,
				586FAAE255A144CB862BD19F /* libGTM_NSData+zlib.a */,
				1BE8E06A9F644279BB2F2EE3 /* libGTM_NSDictionary+URLArguments.a */,
				7BE23554941246858FCA6429 /* libGTM_NSScannerJSON.a */,
				C450C5D60E0841FF8B3D62E0 /* libGTM_NSStringHTML.a */,
				0FD8211374674085BD973BC8 /* libGTM_NSStringXML.a */,
				3AE59D9CCEA344EFB29BAF0D /* libGTM_Regex.a */,
				615D355374244D5AAC4D46EC /* libGTM_RoundedRectPath.a */,
				B9E04381906E4CFCB1388DE3 /* libGTM_StringEncoding.a */,
				F93272678F36475A8EB628BA /* libGTM_SystemVersion.a */,
				D35BAE26816A4A51880BC336 /* libGTM_UIFont+LineHeight.a */,
				FC999B418C024BF488829AC1 /* libGTM_core.a */,
				CD2BBE1434AA45D4BBC4D55B /* libGTM_iPhone.a */,
				408BF99D5CA94CE8850426CA /* libGcmLib.a */,
				9C7AEF96626541188C99F85A /* libProtocolBuffers.a */,
				3DA959ED33844DBBA37A820B /* AVFoundation.framework */,
				F654C1ACB1D848C7B89F22C4 /* Bolts.framework */,
				ECE7E1545F6D432BAC1F6821 /* FBSDKCoreKit.framework */,
				59AEDB5510FC460FAF408C16 /* FBSDKLoginKit.framework */,
				72C166D646C2468B9F5F1F8E /* FBSDKShareKit.framework */,
			);
			name = Frameworks;
			sourceTree = "<group>";
		};
		301BF52E109A57CC0062928A /* Products */ = {
			isa = PBXGroup;
			children = (
				301BF535109A57CC0062928A /* libCordova.a */,
			);
			name = Products;
			sourceTree = "<group>";
		};
		307C750510C5A3420062BCA9 /* Plugins */ = {
			isa = PBXGroup;
			children = (
				00875D8949934F9C9A3D9931 /* AppAvailability.m */,
				B0ECEC219D774138B6B29FD5 /* AppAvailability.h */,
				1636516CDF6C42D286F23554 /* CDVApplePay.m */,
				27B3D7B1D34045298421E72E /* CDVApplePay.h */,
				6846E44B7AD54D44A476F462 /* CDVDevice.m */,
				1683192B501740E2A2F9CA76 /* CDVDevice.h */,
				2C20AC55C70C43AFBBE37FF7 /* CDVNotification.m */,
				EBA1CF3A529A4B5688EB1F62 /* CDVNotification.h */,
				F97C6D85AC2D411E9BF7693C /* CDVLocation.m */,
				AAFA9CA566404D9FA78C2014 /* CDVLocation.h */,
				98569C5DEC0A4C7B8080B785 /* CDVInAppBrowser.m */,
				B61BBF4C5EAD41F4A948CB5D /* CDVInAppBrowser.h */,
				943AB17300154BD28C837C7D /* CDVSound.m */,
				FDC6902EE334479DAFC0F39D /* CDVSound.h */,
				4FF1AB8CF9DE4056B50AD11C /* CDVConnection.m */,
				B3F50817439049508894AF20 /* CDVReachability.m */,
				3C2BCE7E086A4CF88E75D8D8 /* CDVConnection.h */,
				6E274A49C343485D92040B53 /* CDVReachability.h */,
				D4FA1E7F9F5F4504AA0409FF /* CDVSplashScreen.m */,
				7B99933867EF4A07A5AEAD7A /* CDVViewController+SplashScreen.m */,
				B71883436FEB4E7D889FAE24 /* CDVSplashScreen.h */,
				06ED9F98BFDC432989D46AB2 /* CDVViewController+SplashScreen.h */,
				31A4E6083DB741CCA27D39BB /* CDVStatusBar.m */,
				8429ADDF807C4DA684752796 /* CDVStatusBar.h */,
				C3243580A7924ADAB6B9508A /* CDVVibration.m */,
				7C49BB12505C44B0B51D8858 /* CDVVibration.h */,
				417BDB2263044A78BE18CE1B /* IonicKeyboard.m */,
				F15D7ED67FE54BD8B5DCF501 /* UIWebViewExtension.m */,
				E86559558E7843F4B480662E /* IonicKeyboard.h */,
				027170BD4E4E4E019943C4A6 /* UIWebViewExtension.h */,
				9590BE2797174B6DBFDB52B5 /* AppVersion.m */,
				AD0E2F78E4274826809FCDD7 /* AppVersion.h */,
				AAB324E9DAF740A8A2430AFA /* AppDelegate+notification.m */,
				283FE2488D6445A4A91B83A7 /* PushPlugin.m */,
				100594250C494343B7C0921A /* AppDelegate+notification.h */,
				0375B7C72B49469FA935104A /* PushPlugin.h */,
				0ECFA039333E4E1EB5B3B76C /* GGLInstanceID.h */,
				4EAC175AE3FF4935AAC05E43 /* GGLInstanceIDConfig.h */,
				3615F8E9DF084B82BEA21B39 /* GGLInstanceIDDelegate.h */,
				EB41F8ED56E6491CA930CB5C /* GGLInstanceIDHeaders.h */,
				0F7DA75E107D43B98CF1CCA2 /* CloudMessaging.h */,
				F61B158317E04BFB91834B3B /* GGLContext+CloudMessaging.h */,
				36DDC46473E04526A8009EDA /* Core.h */,
				52782EC06C854C40B4612BCE /* GGLConfiguration.h */,
				BCDBB369B0774451B69289A6 /* GGLContext.h */,
				60F763E022F14E63995EAB48 /* GGLErrorCode.h */,
				61CAF1C8A37A4A009850A5F1 /* GCMConfig.h */,
				1721BEF786064476A8842365 /* GCMPubSub.h */,
				8C9D7C8189394876B323216D /* GCMReceiverDelegate.h */,
				C195A392E6BF4D0E841CF2D8 /* GCMService.h */,
				508303F480D34E19A4AE2895 /* GoogleCloudMessaging.h */,
				79D1748C2CB7461196B13ABC /* CDVFile.m */,
				7D4AB6302B254821854E7DDF /* CDVLocalFilesystem.m */,
				F07F432BFA454990905AE35F /* CDVAssetLibraryFilesystem.m */,
				72FCF8D7A5594E0899A506CB /* CDVFile.h */,
				82A7AD740DC04BBFAB095958 /* CDVLocalFilesystem.h */,
				EA37F556613F46418A036128 /* CDVAssetLibraryFilesystem.h */,
				8A7496EB822D4CC8850C5D95 /* NativeAudio.m */,
				CE8D4037F396414CA9E370BB /* NativeAudioAsset.m */,
				A5973D2B4D7049EB8E8673B6 /* NativeAudio.h */,
				CF65F0AB36F14824AC92BAB9 /* NativeAudioAsset.h */,
				F4AFF3404262409399031DE6 /* FacebookConnectPlugin.m */,
				65409257B3AB4F65AFF578F7 /* FacebookConnectPlugin.h */,
			);
			name = Plugins;
			path = Crunchbutton/Plugins;
			sourceTree = SOURCE_ROOT;
		};
		308D052D1370CCF300D202BF /* icons */ = {
			isa = PBXGroup;
			children = (
				30C1856519D5FC0A00212699 /* icon-60@3x.png */,
				7E7966D41810823500FA85AD /* icon-40.png */,
				7E7966D51810823500FA85AD /* icon-40@2x.png */,
				7E7966D61810823500FA85AD /* icon-50.png */,
				7E7966D71810823500FA85AD /* icon-50@2x.png */,
				7E7966D81810823500FA85AD /* icon-60.png */,
				7E7966D91810823500FA85AD /* icon-60@2x.png */,
				7E7966DA1810823500FA85AD /* icon-76.png */,
				7E7966DB1810823500FA85AD /* icon-76@2x.png */,
				7E7966DC1810823500FA85AD /* icon-small.png */,
				7E7966DD1810823500FA85AD /* icon-small@2x.png */,
				30FC414816E50CA1004E6F35 /* icon-72@2x.png */,
				308D052E1370CCF300D202BF /* icon-72.png */,
				308D052F1370CCF300D202BF /* icon.png */,
				308D05301370CCF300D202BF /* icon@2x.png */,
			);
			path = icons;
			sourceTree = "<group>";
		};
		308D05311370CCF300D202BF /* splash */ = {
			isa = PBXGroup;
			children = (
				30B4F2FD19D5E07200D9F7D8 /* Default-667h.png */,
				30B4F2FE19D5E07200D9F7D8 /* Default-736h.png */,
				30B4F2FF19D5E07200D9F7D8 /* Default-Landscape-736h.png */,
				D4A0D8751607E02300AEF8BB /* Default-568h@2x~iphone.png */,
				3088BBB7154F3926009F9C59 /* Default-Landscape@2x~ipad.png */,
				3088BBB8154F3926009F9C59 /* Default-Landscape~ipad.png */,
				3088BBB9154F3926009F9C59 /* Default-Portrait@2x~ipad.png */,
				3088BBBA154F3926009F9C59 /* Default-Portrait~ipad.png */,
				3088BBBB154F3926009F9C59 /* Default@2x~iphone.png */,
				3088BBBC154F3926009F9C59 /* Default~iphone.png */,
			);
			path = splash;
			sourceTree = "<group>";
		};
		EB87FDF11871DA420020F90C /* Staging */ = {
			isa = PBXGroup;
			children = (
				F840E1F0165FE0F500CFE078 /* config.xml */,
				301BF56E109A69640062928A /* www */,
			);
			name = Staging;
			sourceTree = "<group>";
		};
/* End PBXGroup section */

/* Begin PBXNativeTarget section */
		1D6058900D05DD3D006BFB54 /* Crunchbutton */ = {
			isa = PBXNativeTarget;
			buildConfigurationList = 1D6058960D05DD3E006BFB54 /* Build configuration list for PBXNativeTarget "Crunchbutton" */;
			buildPhases = (
				304B58A110DAC018002A0835 /* Copy www directory */,
				1D60588D0D05DD3D006BFB54 /* Resources */,
				1D60588E0D05DD3D006BFB54 /* Sources */,
				1D60588F0D05DD3D006BFB54 /* Frameworks */,
			);
			buildRules = (
			);
			dependencies = (
				301BF551109A68C00062928A /* PBXTargetDependency */,
			);
			name = Crunchbutton;
			productName = Crunchbutton;
			productReference = 1D6058910D05DD3D006BFB54 /* Crunchbutton.app */;
			productType = "com.apple.product-type.application";
		};
/* End PBXNativeTarget section */

/* Begin PBXProject section */
		29B97313FDCFA39411CA2CEA /* Project object */ = {
			isa = PBXProject;
			attributes = {
				LastUpgradeCheck = 510;
				TargetAttributes = {
					1D6058900D05DD3D006BFB54 = {
						DevelopmentTeam = T237M9V2RS;
					};
				};
			};
			buildConfigurationList = C01FCF4E08A954540054247B /* Build configuration list for PBXProject "Crunchbutton" */;
			compatibilityVersion = "Xcode 3.2";
			developmentRegion = English;
			hasScannedForEncodings = 1;
			knownRegions = (
				English,
				Japanese,
				French,
				German,
				en,
				es,
				de,
				se,
			);
			mainGroup = 29B97314FDCFA39411CA2CEA /* CustomTemplate */;
			projectDirPath = "";
			projectReferences = (
				{
					ProductGroup = 301BF52E109A57CC0062928A /* Products */;
					ProjectRef = 301BF52D109A57CC0062928A /* CordovaLib.xcodeproj */;
				},
			);
			projectRoot = "";
			targets = (
				1D6058900D05DD3D006BFB54 /* Crunchbutton */,
			);
		};
/* End PBXProject section */

/* Begin PBXReferenceProxy section */
		301BF535109A57CC0062928A /* libCordova.a */ = {
			isa = PBXReferenceProxy;
			fileType = archive.ar;
			path = libCordova.a;
			remoteRef = 301BF534109A57CC0062928A /* PBXContainerItemProxy */;
			sourceTree = BUILT_PRODUCTS_DIR;
		};
/* End PBXReferenceProxy section */

/* Begin PBXResourcesBuildPhase section */
		1D60588D0D05DD3D006BFB54 /* Resources */ = {
			isa = PBXResourcesBuildPhase;
			buildActionMask = 2147483647;
			files = (
				7E7966E41810823500FA85AD /* icon-76.png in Resources */,
				7E7966DF1810823500FA85AD /* icon-40@2x.png in Resources */,
				308D05371370CCF300D202BF /* icon-72.png in Resources */,
				30B4F30119D5E07200D9F7D8 /* Default-736h.png in Resources */,
				308D05381370CCF300D202BF /* icon.png in Resources */,
				308D05391370CCF300D202BF /* icon@2x.png in Resources */,
				302D95F214D2391D003F00A1 /* MainViewController.xib in Resources */,
				7E7966E01810823500FA85AD /* icon-50.png in Resources */,
				7E7966E31810823500FA85AD /* icon-60@2x.png in Resources */,
				7E7966E61810823500FA85AD /* icon-small.png in Resources */,
				3088BBBD154F3926009F9C59 /* Default-Landscape@2x~ipad.png in Resources */,
				3088BBBE154F3926009F9C59 /* Default-Landscape~ipad.png in Resources */,
				3088BBBF154F3926009F9C59 /* Default-Portrait@2x~ipad.png in Resources */,
				7E7966E71810823500FA85AD /* icon-small@2x.png in Resources */,
				3088BBC0154F3926009F9C59 /* Default-Portrait~ipad.png in Resources */,
				30B4F30019D5E07200D9F7D8 /* Default-667h.png in Resources */,
				7E7966DE1810823500FA85AD /* icon-40.png in Resources */,
				3088BBC1154F3926009F9C59 /* Default@2x~iphone.png in Resources */,
				7E7966E21810823500FA85AD /* icon-60.png in Resources */,
				3088BBC2154F3926009F9C59 /* Default~iphone.png in Resources */,
				D4A0D8761607E02300AEF8BB /* Default-568h@2x~iphone.png in Resources */,
				30B4F30219D5E07200D9F7D8 /* Default-Landscape-736h.png in Resources */,
				30C1856619D5FC0A00212699 /* icon-60@3x.png in Resources */,
				7E7966E11810823500FA85AD /* icon-50@2x.png in Resources */,
				7E7966E51810823500FA85AD /* icon-76@2x.png in Resources */,
				30FC414916E50CA1004E6F35 /* icon-72@2x.png in Resources */,
				5DF9F5CFC08B410C85138EF4 /* CDVNotification.bundle in Resources */,
			);
			runOnlyForDeploymentPostprocessing = 0;
		};
/* End PBXResourcesBuildPhase section */

/* Begin PBXShellScriptBuildPhase section */
		304B58A110DAC018002A0835 /* Copy www directory */ = {
			isa = PBXShellScriptBuildPhase;
			buildActionMask = 2147483647;
			files = (
			);
			inputPaths = (
			);
			name = "Copy www directory";
			outputPaths = (
			);
			runOnlyForDeploymentPostprocessing = 0;
			shellPath = /bin/sh;
			shellScript = "NODEJS_PATH=/usr/local/bin; NVM_NODE_PATH=~/.nvm/versions/node/`nvm version 2>/dev/null`/bin; N_NODE_PATH=`find /usr/local/n/versions/node/* -maxdepth 0 -type d 2>/dev/null | tail -1`/bin; XCODE_NODE_PATH=`xcode-select --print-path`/usr/share/xcs/Node/bin; PATH=$NODEJS_PATH:$NVM_NODE_PATH:$N_NODE_PATH:$XCODE_NODE_PATH:$PATH && node cordova/lib/copy-www-build-step.js";
			showEnvVarsInLog = 0;
		};
/* End PBXShellScriptBuildPhase section */

/* Begin PBXSourcesBuildPhase section */
		1D60588E0D05DD3D006BFB54 /* Sources */ = {
			isa = PBXSourcesBuildPhase;
			buildActionMask = 2147483647;
			files = (
				1D60589B0D05DD56006BFB54 /* main.m in Sources */,
				1D3623260D0F684500981E51 /* AppDelegate.m in Sources */,
				302D95F114D2391D003F00A1 /* MainViewController.m in Sources */,
				A0B582C641384D7E87FAA216 /* AppAvailability.m in Sources */,
				961675C095814AA59FA86688 /* CDVApplePay.m in Sources */,
				AF6DA1EC088041F9AC03ED10 /* CDVDevice.m in Sources */,
				69FC341D109544438E892AAA /* CDVNotification.m in Sources */,
				24554E485048408985D0CC1F /* CDVLocation.m in Sources */,
				E578484474914E25A515A7E5 /* CDVInAppBrowser.m in Sources */,
				40F081BF5B764363BE82B313 /* CDVSound.m in Sources */,
				696BE115A8184B4B99E3572E /* CDVConnection.m in Sources */,
				27CE32B7923F4EAD96DD7442 /* CDVReachability.m in Sources */,
				FF5A69BC0DC446DEA680F25B /* CDVSplashScreen.m in Sources */,
				A20A9CB9F88842B29D9CACB9 /* CDVViewController+SplashScreen.m in Sources */,
				DD6F18CE79224A70A9D7569A /* CDVStatusBar.m in Sources */,
				E8C9D0A3582C46A69D789BC5 /* CDVVibration.m in Sources */,
				7E59723C1221460DAD06776E /* IonicKeyboard.m in Sources */,
				9040052DB9A44A8392B0C5C5 /* UIWebViewExtension.m in Sources */,
				0A92C27F36DF48E4BB5D114A /* AppVersion.m in Sources */,
				86FAA512380843B49DBD3B98 /* AppDelegate+notification.m in Sources */,
				D311F434A7014B6381C8777F /* PushPlugin.m in Sources */,
				9AF394BA36CD4FEDBD6FA0B3 /* CDVFile.m in Sources */,
				95BEE7C933AD471B892D6F1A /* CDVLocalFilesystem.m in Sources */,
				F83007FD7E47474CA7D0F346 /* CDVAssetLibraryFilesystem.m in Sources */,
				756984779F734656A7443EC2 /* NativeAudio.m in Sources */,
				8DC5CDB7B45644208AFD661C /* NativeAudioAsset.m in Sources */,
				D7821276268F4A66B751640D /* FacebookConnectPlugin.m in Sources */,
			);
			runOnlyForDeploymentPostprocessing = 0;
		};
/* End PBXSourcesBuildPhase section */

/* Begin PBXTargetDependency section */
		301BF551109A68C00062928A /* PBXTargetDependency */ = {
			isa = PBXTargetDependency;
			name = CordovaLib;
			targetProxy = 301BF550109A68C00062928A /* PBXContainerItemProxy */;
		};
/* End PBXTargetDependency section */

/* Begin XCBuildConfiguration section */
		1D6058940D05DD3E006BFB54 /* Debug */ = {
			isa = XCBuildConfiguration;
			buildSettings = {
				ALWAYS_SEARCH_USER_PATHS = NO;
				CLANG_ENABLE_OBJC_ARC = YES;
				CODE_SIGN_IDENTITY = "iPhone Developer";
				COPY_PHASE_STRIP = NO;
				ENABLE_BITCODE = NO;
				FRAMEWORK_SEARCH_PATHS = (
					"$(inherited)",
					"\"Crunchbutton/Plugins/cordova-plugin-applepay\"",
					"\"Crunchbutton/Plugins/phonegap-facebook-plugin\"",
					"\"Crunchbutton/Plugins/cordova-plugin-applepay\"",
					"\"Crunchbutton/Plugins/phonegap-facebook-plugin\"",
					"\"Crunchbutton/Plugins/cordova-plugin-facebook4\"",
					"\"Crunchbutton/Plugins/cordova-plugin-facebook4\"",
					"\"Crunchbutton/Plugins/cordova-plugin-facebook4\"",
					"\"Crunchbutton/Plugins/cordova-plugin-facebook4\"",
				);
				GCC_DYNAMIC_NO_PIC = NO;
				GCC_OPTIMIZATION_LEVEL = 0;
				GCC_PRECOMPILE_PREFIX_HEADER = YES;
				GCC_PREFIX_HEADER = "Crunchbutton/Crunchbutton-Prefix.pch";
				GCC_THUMB_SUPPORT = NO;
				GCC_VERSION = "";
				INFOPLIST_FILE = "Crunchbutton/Crunchbutton-Info.plist";
				IPHONEOS_DEPLOYMENT_TARGET = 8.1;
				LIBRARY_SEARCH_PATHS = (
					"$(inherited)",
					"\"$(SRCROOT)/Crunchbutton/Plugins/phonegap-plugin-push/GCM/Libraries\"",
					"\"$(SRCROOT)/Crunchbutton/Plugins/phonegap-plugin-push/GCM/Libraries\"",
					"\"$(SRCROOT)/Crunchbutton/Plugins/phonegap-plugin-push/GCM/Libraries\"",
					"\"$(SRCROOT)/Crunchbutton/Plugins/phonegap-plugin-push/GCM/Libraries\"",
					"\"$(SRCROOT)/Crunchbutton/Plugins/phonegap-plugin-push/GCM/Libraries\"",
					"\"$(SRCROOT)/Crunchbutton/Plugins/phonegap-plugin-push/GCM/Libraries\"",
					"\"$(SRCROOT)/Crunchbutton/Plugins/phonegap-plugin-push/GCM/Libraries\"",
					"\"$(SRCROOT)/Crunchbutton/Plugins/phonegap-plugin-push/GCM/Libraries\"",
					"\"$(SRCROOT)/Crunchbutton/Plugins/phonegap-plugin-push/GCM/Libraries\"",
					"\"$(SRCROOT)/Crunchbutton/Plugins/phonegap-plugin-push/GCM/Libraries\"",
					"\"$(SRCROOT)/Crunchbutton/Plugins/phonegap-plugin-push/GCM/Libraries\"",
					"\"$(SRCROOT)/Crunchbutton/Plugins/phonegap-plugin-push/GCM/Libraries\"",
					"\"$(SRCROOT)/Crunchbutton/Plugins/phonegap-plugin-push/GCM/Libraries\"",
					"\"$(SRCROOT)/Crunchbutton/Plugins/phonegap-plugin-push/GCM/Libraries\"",
					"\"$(SRCROOT)/Crunchbutton/Plugins/phonegap-plugin-push/GCM/Libraries\"",
					"\"$(SRCROOT)/Crunchbutton/Plugins/phonegap-plugin-push/GCM/Libraries\"",
					"\"$(SRCROOT)/Crunchbutton/Plugins/phonegap-plugin-push/GCM/Libraries\"",
					"\"$(SRCROOT)/Crunchbutton/Plugins/phonegap-plugin-push/GCM/Libraries\"",
					"\"$(SRCROOT)/Crunchbutton/Plugins/phonegap-plugin-push/GCM/Libraries\"",
					"\"$(SRCROOT)/Crunchbutton/Plugins/phonegap-plugin-push/GCM/Libraries\"",
					"\"$(SRCROOT)/Crunchbutton/Plugins/phonegap-plugin-push/GCM/Libraries\"",
					"\"$(SRCROOT)/Crunchbutton/Plugins/phonegap-plugin-push/GCM/Libraries\"",
					"\"$(SRCROOT)/Crunchbutton/Plugins/phonegap-plugin-push/GCM/Libraries\"",
					"\"$(SRCROOT)/Crunchbutton/Plugins/phonegap-plugin-push/GCM/Libraries\"",
					"\"$(SRCROOT)/Crunchbutton/Plugins/phonegap-plugin-push/GCM/Libraries\"",
					"\"$(SRCROOT)/Crunchbutton/Plugins/phonegap-plugin-push/GCM/Libraries\"",
				);
				OTHER_LDFLAGS = (
					"-weak_framework",
					CoreFoundation,
					"-weak_framework",
					UIKit,
					"-weak_framework",
					AVFoundation,
					"-weak_framework",
					CoreMedia,
					"-weak-lSystem",
					"-ObjC",
				);
				PRODUCT_NAME = Crunchbutton;
				TARGETED_DEVICE_FAMILY = "1,2";
			};
			name = Debug;
		};
		1D6058950D05DD3E006BFB54 /* Release */ = {
			isa = XCBuildConfiguration;
			buildSettings = {
				ALWAYS_SEARCH_USER_PATHS = NO;
				CLANG_ENABLE_OBJC_ARC = YES;
				CODE_SIGN_IDENTITY = "iPhone Developer";
				COPY_PHASE_STRIP = YES;
				ENABLE_BITCODE = NO;
				FRAMEWORK_SEARCH_PATHS = (
					"$(inherited)",
					"\"Crunchbutton/Plugins/cordova-plugin-applepay\"",
					"\"Crunchbutton/Plugins/phonegap-facebook-plugin\"",
					"\"Crunchbutton/Plugins/cordova-plugin-applepay\"",
					"\"Crunchbutton/Plugins/phonegap-facebook-plugin\"",
					"\"Crunchbutton/Plugins/cordova-plugin-facebook4\"",
					"\"Crunchbutton/Plugins/cordova-plugin-facebook4\"",
					"\"Crunchbutton/Plugins/cordova-plugin-facebook4\"",
					"\"Crunchbutton/Plugins/cordova-plugin-facebook4\"",
				);
				GCC_PRECOMPILE_PREFIX_HEADER = YES;
				GCC_PREFIX_HEADER = "Crunchbutton/Crunchbutton-Prefix.pch";
				GCC_THUMB_SUPPORT = NO;
				GCC_VERSION = "";
				INFOPLIST_FILE = "Crunchbutton/Crunchbutton-Info.plist";
				IPHONEOS_DEPLOYMENT_TARGET = 8.1;
				LIBRARY_SEARCH_PATHS = (
					"$(inherited)",
					"\"$(SRCROOT)/Crunchbutton/Plugins/phonegap-plugin-push/GCM/Libraries\"",
					"\"$(SRCROOT)/Crunchbutton/Plugins/phonegap-plugin-push/GCM/Libraries\"",
					"\"$(SRCROOT)/Crunchbutton/Plugins/phonegap-plugin-push/GCM/Libraries\"",
					"\"$(SRCROOT)/Crunchbutton/Plugins/phonegap-plugin-push/GCM/Libraries\"",
					"\"$(SRCROOT)/Crunchbutton/Plugins/phonegap-plugin-push/GCM/Libraries\"",
					"\"$(SRCROOT)/Crunchbutton/Plugins/phonegap-plugin-push/GCM/Libraries\"",
					"\"$(SRCROOT)/Crunchbutton/Plugins/phonegap-plugin-push/GCM/Libraries\"",
					"\"$(SRCROOT)/Crunchbutton/Plugins/phonegap-plugin-push/GCM/Libraries\"",
					"\"$(SRCROOT)/Crunchbutton/Plugins/phonegap-plugin-push/GCM/Libraries\"",
					"\"$(SRCROOT)/Crunchbutton/Plugins/phonegap-plugin-push/GCM/Libraries\"",
					"\"$(SRCROOT)/Crunchbutton/Plugins/phonegap-plugin-push/GCM/Libraries\"",
					"\"$(SRCROOT)/Crunchbutton/Plugins/phonegap-plugin-push/GCM/Libraries\"",
					"\"$(SRCROOT)/Crunchbutton/Plugins/phonegap-plugin-push/GCM/Libraries\"",
					"\"$(SRCROOT)/Crunchbutton/Plugins/phonegap-plugin-push/GCM/Libraries\"",
					"\"$(SRCROOT)/Crunchbutton/Plugins/phonegap-plugin-push/GCM/Libraries\"",
					"\"$(SRCROOT)/Crunchbutton/Plugins/phonegap-plugin-push/GCM/Libraries\"",
					"\"$(SRCROOT)/Crunchbutton/Plugins/phonegap-plugin-push/GCM/Libraries\"",
					"\"$(SRCROOT)/Crunchbutton/Plugins/phonegap-plugin-push/GCM/Libraries\"",
					"\"$(SRCROOT)/Crunchbutton/Plugins/phonegap-plugin-push/GCM/Libraries\"",
					"\"$(SRCROOT)/Crunchbutton/Plugins/phonegap-plugin-push/GCM/Libraries\"",
					"\"$(SRCROOT)/Crunchbutton/Plugins/phonegap-plugin-push/GCM/Libraries\"",
					"\"$(SRCROOT)/Crunchbutton/Plugins/phonegap-plugin-push/GCM/Libraries\"",
					"\"$(SRCROOT)/Crunchbutton/Plugins/phonegap-plugin-push/GCM/Libraries\"",
					"\"$(SRCROOT)/Crunchbutton/Plugins/phonegap-plugin-push/GCM/Libraries\"",
					"\"$(SRCROOT)/Crunchbutton/Plugins/phonegap-plugin-push/GCM/Libraries\"",
					"\"$(SRCROOT)/Crunchbutton/Plugins/phonegap-plugin-push/GCM/Libraries\"",
				);
				OTHER_LDFLAGS = (
					"-weak_framework",
					CoreFoundation,
					"-weak_framework",
					UIKit,
					"-weak_framework",
					AVFoundation,
					"-weak_framework",
					CoreMedia,
					"-weak-lSystem",
					"-ObjC",
				);
				PRODUCT_NAME = Crunchbutton;
				TARGETED_DEVICE_FAMILY = "1,2";
			};
			name = Release;
		};
		C01FCF4F08A954540054247B /* Debug */ = {
			isa = XCBuildConfiguration;
			buildSettings = {
				CLANG_ENABLE_OBJC_ARC = YES;
				CLANG_WARN_BOOL_CONVERSION = YES;
				CLANG_WARN_CONSTANT_CONVERSION = YES;
				CLANG_WARN_EMPTY_BODY = YES;
				CLANG_WARN_ENUM_CONVERSION = YES;
				CLANG_WARN_INT_CONVERSION = YES;
				CLANG_WARN__DUPLICATE_METHOD_MATCH = YES;
				"CODE_SIGN_IDENTITY[sdk=iphoneos*]" = "iPhone Developer";
				GCC_C_LANGUAGE_STANDARD = c99;
				GCC_THUMB_SUPPORT = NO;
				GCC_VERSION = "";
				GCC_WARN_ABOUT_RETURN_TYPE = YES;
				GCC_WARN_UNDECLARED_SELECTOR = YES;
				GCC_WARN_UNINITIALIZED_AUTOS = YES;
				GCC_WARN_UNUSED_FUNCTION = YES;
				GCC_WARN_UNUSED_VARIABLE = YES;
				HEADER_SEARCH_PATHS = (
					"\"$(TARGET_BUILD_DIR)/usr/local/lib/include\"",
					"\"$(OBJROOT)/UninstalledProducts/include\"",
					"\"$(BUILT_PRODUCTS_DIR)\"",
				);
				IPHONEOS_DEPLOYMENT_TARGET = 6.0;
				ONLY_ACTIVE_ARCH = YES;
				OTHER_LDFLAGS = (
					"-weak_framework",
					CoreFoundation,
					"-weak_framework",
					UIKit,
					"-weak_framework",
					AVFoundation,
					"-weak_framework",
					CoreMedia,
					"-weak-lSystem",
					"-ObjC",
				);
				SDKROOT = iphoneos;
				SKIP_INSTALL = NO;
				USER_HEADER_SEARCH_PATHS = "";
			};
			name = Debug;
		};
		C01FCF5008A954540054247B /* Release */ = {
			isa = XCBuildConfiguration;
			buildSettings = {
				CLANG_ENABLE_OBJC_ARC = YES;
				CLANG_WARN_BOOL_CONVERSION = YES;
				CLANG_WARN_CONSTANT_CONVERSION = YES;
				CLANG_WARN_EMPTY_BODY = YES;
				CLANG_WARN_ENUM_CONVERSION = YES;
				CLANG_WARN_INT_CONVERSION = YES;
				CLANG_WARN__DUPLICATE_METHOD_MATCH = YES;
				"CODE_SIGN_IDENTITY[sdk=iphoneos*]" = "iPhone Developer";
				GCC_C_LANGUAGE_STANDARD = c99;
				GCC_THUMB_SUPPORT = NO;
				GCC_VERSION = "";
				GCC_WARN_ABOUT_RETURN_TYPE = YES;
				GCC_WARN_UNDECLARED_SELECTOR = YES;
				GCC_WARN_UNINITIALIZED_AUTOS = YES;
				GCC_WARN_UNUSED_FUNCTION = YES;
				GCC_WARN_UNUSED_VARIABLE = YES;
				HEADER_SEARCH_PATHS = (
					"\"$(TARGET_BUILD_DIR)/usr/local/lib/include\"",
					"\"$(OBJROOT)/UninstalledProducts/include\"",
					"\"$(BUILT_PRODUCTS_DIR)\"",
					"\"$(OBJROOT)/UninstalledProducts/$(PLATFORM_NAME)/include\"",
				);
				IPHONEOS_DEPLOYMENT_TARGET = 6.0;
				OTHER_LDFLAGS = (
					"-weak_framework",
					CoreFoundation,
					"-weak_framework",
					UIKit,
					"-weak_framework",
					AVFoundation,
					"-weak_framework",
					CoreMedia,
					"-weak-lSystem",
					"-ObjC",
				);
				SDKROOT = iphoneos;
				SKIP_INSTALL = NO;
				USER_HEADER_SEARCH_PATHS = "";
			};
			name = Release;
		};
/* End XCBuildConfiguration section */

/* Begin XCConfigurationList section */
		1D6058960D05DD3E006BFB54 /* Build configuration list for PBXNativeTarget "Crunchbutton" */ = {
			isa = XCConfigurationList;
			buildConfigurations = (
				1D6058940D05DD3E006BFB54 /* Debug */,
				1D6058950D05DD3E006BFB54 /* Release */,
			);
			defaultConfigurationIsVisible = 0;
			defaultConfigurationName = Release;
		};
		C01FCF4E08A954540054247B /* Build configuration list for PBXProject "Crunchbutton" */ = {
			isa = XCConfigurationList;
			buildConfigurations = (
				C01FCF4F08A954540054247B /* Debug */,
				C01FCF5008A954540054247B /* Release */,
			);
			defaultConfigurationIsVisible = 0;
			defaultConfigurationName = Release;
		};
/* End XCConfigurationList section */
	};
	rootObject = 29B97313FDCFA39411CA2CEA /* Project object */;
}
