// !$*UTF8*$!
{
	archiveVersion = 1;
	classes = {
	};
	objectVersion = 46;
	objects = {
/* Begin PBXBuildFile section */
		087C6F581BAF4EC200045EFC /* FBSDKCoreKit.framework in Frameworks */ = {isa = PBXBuildFile; fileRef = 087C6F561BAF4EC200045EFC /* FBSDKCoreKit.framework */; settings = {ASSET_TAGS = (); }; };
		087C6F591BAF4EC200045EFC /* FBSDKLoginKit.framework in Frameworks */ = {isa = PBXBuildFile; fileRef = 087C6F571BAF4EC200045EFC /* FBSDKLoginKit.framework */; settings = {ASSET_TAGS = (); }; };
		0E6C521941ED480DA9436114 /* FBSDKCoreKit.framework in Frameworks */ = {isa = PBXBuildFile; fileRef = A8AA39F7FE3C41A9B310869F /* FBSDKCoreKit.framework */; };
		11F1606CAA154C90952D3BED /* AddressBook.framework in Frameworks */ = {isa = PBXBuildFile; fileRef = 96B97B054D2749C08AAFBE4E /* AddressBook.framework */; };
		137E4C2BD5534481A3A95B76 /* Foundation.framework in Frameworks */ = {isa = PBXBuildFile; fileRef = BEA8E0F9A8414BB682BBE5B9 /* Foundation.framework */; };
		1D3623260D0F684500981E51 /* AppDelegate.m in Sources */ = {isa = PBXBuildFile; fileRef = 1D3623250D0F684500981E51 /* AppDelegate.m */; };
		1D60589B0D05DD56006BFB54 /* main.m in Sources */ = {isa = PBXBuildFile; fileRef = 29B97316FDCFA39411CA2CEA /* main.m */; };
		2377EC77741842BD99EF52B5 /* FBSDKShareKit.framework in Frameworks */ = {isa = PBXBuildFile; fileRef = 69681DD7622E4A83A572FE6D /* FBSDKShareKit.framework */; };
		26E87249F2624E7F8A780BBB /* CDVStatusBar.m in Sources */ = {isa = PBXBuildFile; fileRef = 8C80B91F9D094EFFB0A1AD45 /* CDVStatusBar.m */; };
		288765FD0DF74451002DB57D /* CoreGraphics.framework in Frameworks */ = {isa = PBXBuildFile; fileRef = 288765FC0DF74451002DB57D /* CoreGraphics.framework */; };
		301BF552109A68D80062928A /* libCordova.a in Frameworks */ = {isa = PBXBuildFile; fileRef = 301BF535109A57CC0062928A /* libCordova.a */; };
		302D95F114D2391D003F00A1 /* MainViewController.m in Sources */ = {isa = PBXBuildFile; fileRef = 302D95EF14D2391D003F00A1 /* MainViewController.m */; };
		302D95F214D2391D003F00A1 /* MainViewController.xib in Resources */ = {isa = PBXBuildFile; fileRef = 302D95F014D2391D003F00A1 /* MainViewController.xib */; };
		305D5FD1115AB8F900A74A75 /* MobileCoreServices.framework in Frameworks */ = {isa = PBXBuildFile; fileRef = 305D5FD0115AB8F900A74A75 /* MobileCoreServices.framework */; };
		3088BBBD154F3926009F9C59 /* Default-Landscape@2x~ipad.png in Resources */ = {isa = PBXBuildFile; fileRef = 3088BBB7154F3926009F9C59 /* Default-Landscape@2x~ipad.png */; };
		3088BBBE154F3926009F9C59 /* Default-Landscape~ipad.png in Resources */ = {isa = PBXBuildFile; fileRef = 3088BBB8154F3926009F9C59 /* Default-Landscape~ipad.png */; };
		3088BBBF154F3926009F9C59 /* Default-Portrait@2x~ipad.png in Resources */ = {isa = PBXBuildFile; fileRef = 3088BBB9154F3926009F9C59 /* Default-Portrait@2x~ipad.png */; };
		3088BBC0154F3926009F9C59 /* Default-Portrait~ipad.png in Resources */ = {isa = PBXBuildFile; fileRef = 3088BBBA154F3926009F9C59 /* Default-Portrait~ipad.png */; };
		3088BBC1154F3926009F9C59 /* Default@2x~iphone.png in Resources */ = {isa = PBXBuildFile; fileRef = 3088BBBB154F3926009F9C59 /* Default@2x~iphone.png */; };
		3088BBC2154F3926009F9C59 /* Default~iphone.png in Resources */ = {isa = PBXBuildFile; fileRef = 3088BBBC154F3926009F9C59 /* Default~iphone.png */; };
		308D05371370CCF300D202BF /* icon-72.png in Resources */ = {isa = PBXBuildFile; fileRef = 308D052E1370CCF300D202BF /* icon-72.png */; };
		308D05381370CCF300D202BF /* icon.png in Resources */ = {isa = PBXBuildFile; fileRef = 308D052F1370CCF300D202BF /* icon.png */; };
		308D05391370CCF300D202BF /* icon@2x.png in Resources */ = {isa = PBXBuildFile; fileRef = 308D05301370CCF300D202BF /* icon@2x.png */; };
		30B4F30019D5E07200D9F7D8 /* Default-667h.png in Resources */ = {isa = PBXBuildFile; fileRef = 30B4F2FD19D5E07200D9F7D8 /* Default-667h.png */; };
		30B4F30119D5E07200D9F7D8 /* Default-736h.png in Resources */ = {isa = PBXBuildFile; fileRef = 30B4F2FE19D5E07200D9F7D8 /* Default-736h.png */; };
		30B4F30219D5E07200D9F7D8 /* Default-Landscape-736h.png in Resources */ = {isa = PBXBuildFile; fileRef = 30B4F2FF19D5E07200D9F7D8 /* Default-Landscape-736h.png */; };
		30C1856619D5FC0A00212699 /* icon-60@3x.png in Resources */ = {isa = PBXBuildFile; fileRef = 30C1856519D5FC0A00212699 /* icon-60@3x.png */; };
		30FC414916E50CA1004E6F35 /* icon-72@2x.png in Resources */ = {isa = PBXBuildFile; fileRef = 30FC414816E50CA1004E6F35 /* icon-72@2x.png */; };
		35020165D5314CC4B7FF1EE3 /* CDVViewController+SplashScreen.m in Sources */ = {isa = PBXBuildFile; fileRef = B563620A184B41CD91003378 /* CDVViewController+SplashScreen.m */; };
		365DE16E29D04C2E843E89EE /* WebKit.framework in Frameworks */ = {isa = PBXBuildFile; fileRef = 980240B7D06744B9ADF6DA3D /* WebKit.framework */; };
		382E51590DB14309921579A7 /* ReroutingUIWebView.m in Sources */ = {isa = PBXBuildFile; fileRef = 754F0AEBE87C498882A1C905 /* ReroutingUIWebView.m */; };
		3CCEA2E2E0574B369A0D72F1 /* Bolts.framework in Frameworks */ = {isa = PBXBuildFile; fileRef = A2901FA49B0743848593A469 /* Bolts.framework */; };
		40CAA4BBE33145DA8788ACB0 /* CDVDevice.m in Sources */ = {isa = PBXBuildFile; fileRef = 79EBD8C9E87048A88035C969 /* CDVDevice.m */; };
		4AC73740D35641B6A016A362 /* Stripe.framework in Frameworks */ = {isa = PBXBuildFile; fileRef = BA7CB6FF846C40BB8955BBCA /* Stripe.framework */; };
		51B19F581DCF43C188A455F4 /* CDVWebViewOperationsDelegate.m in Sources */ = {isa = PBXBuildFile; fileRef = 9E39FD44750E46B4AAACCD22 /* CDVWebViewOperationsDelegate.m */; };
		5B1594DD16A7569C00FEF299 /* AssetsLibrary.framework in Frameworks */ = {isa = PBXBuildFile; fileRef = 5B1594DC16A7569C00FEF299 /* AssetsLibrary.framework */; };
		5FA74D8B59F64C4F9BEBCA20 /* SystemConfiguration.framework in Frameworks */ = {isa = PBXBuildFile; fileRef = F7CAC6B1AD924B3BB00060C0 /* SystemConfiguration.framework */; settings = {ATTRIBUTES = (Weak, ); }; };
		6058FEA7758F4D86AD07BA49 /* FBSDKLoginKit.framework in Frameworks */ = {isa = PBXBuildFile; fileRef = 17386CF7FF674C48A113002C /* FBSDKLoginKit.framework */; };
		63DD00A7412C45A5A89CD73C /* CDVSplashScreen.m in Sources */ = {isa = PBXBuildFile; fileRef = 9506112B4BE24C8E84A59FEE /* CDVSplashScreen.m */; };
		67EB4E3ED932421E83B56C08 /* GCDWebServer.framework in Frameworks */ = {isa = PBXBuildFile; fileRef = 0C15C7ED34AB44119CC71B48 /* GCDWebServer.framework */; };
		691FB68406FB4A7292B3A7E1 /* CDVApplePay.m in Sources */ = {isa = PBXBuildFile; fileRef = CEA83D1F887F46B89D0EAD57 /* CDVApplePay.m */; };
		6A13ADC879D248C0B6A9D40B /* libz.dylib in Frameworks */ = {isa = PBXBuildFile; fileRef = 572E8B9EE2F449D4A3986C22 /* libz.dylib */; };
		7198192852B64DCC9AA91639 /* AudioToolbox.framework in Frameworks */ = {isa = PBXBuildFile; fileRef = 4C012C257E374049ABC75D7C /* AudioToolbox.framework */; settings = {ATTRIBUTES = (Weak, ); }; };
		746CBAD547994BEB9B65518B /* Social.framework in Frameworks */ = {isa = PBXBuildFile; fileRef = D66ECC687C1B4180B1FC96D4 /* Social.framework */; settings = {ATTRIBUTES = (Weak, ); }; };
		75EF73E1B4EF4FC28DD2AAD5 /* CDVFile.m in Sources */ = {isa = PBXBuildFile; fileRef = 79C18C6E035542888D36C82D /* CDVFile.m */; };
		79D5A2A55DB84A78A2E90E77 /* IonicKeyboard.m in Sources */ = {isa = PBXBuildFile; fileRef = 5FB71D5522B040C5BF8CF3C1 /* IonicKeyboard.m */; };
		7C9DE9FFA1064DF189DD9037 /* AppAvailability.m in Sources */ = {isa = PBXBuildFile; fileRef = 8400BD18B9C24B1AAD9FFC50 /* AppAvailability.m */; };
		7D662B1D66A5453B8E9FF67B /* CDVLocalFilesystem.m in Sources */ = {isa = PBXBuildFile; fileRef = 09E814A946E54C99A5B3286B /* CDVLocalFilesystem.m */; };
		7E7966DE1810823500FA85AD /* icon-40.png in Resources */ = {isa = PBXBuildFile; fileRef = 7E7966D41810823500FA85AD /* icon-40.png */; };
		7E7966DF1810823500FA85AD /* icon-40@2x.png in Resources */ = {isa = PBXBuildFile; fileRef = 7E7966D51810823500FA85AD /* icon-40@2x.png */; };
		7E7966E01810823500FA85AD /* icon-50.png in Resources */ = {isa = PBXBuildFile; fileRef = 7E7966D61810823500FA85AD /* icon-50.png */; };
		7E7966E11810823500FA85AD /* icon-50@2x.png in Resources */ = {isa = PBXBuildFile; fileRef = 7E7966D71810823500FA85AD /* icon-50@2x.png */; };
		7E7966E21810823500FA85AD /* icon-60.png in Resources */ = {isa = PBXBuildFile; fileRef = 7E7966D81810823500FA85AD /* icon-60.png */; };
		7E7966E31810823500FA85AD /* icon-60@2x.png in Resources */ = {isa = PBXBuildFile; fileRef = 7E7966D91810823500FA85AD /* icon-60@2x.png */; };
		7E7966E41810823500FA85AD /* icon-76.png in Resources */ = {isa = PBXBuildFile; fileRef = 7E7966DA1810823500FA85AD /* icon-76.png */; };
		7E7966E51810823500FA85AD /* icon-76@2x.png in Resources */ = {isa = PBXBuildFile; fileRef = 7E7966DB1810823500FA85AD /* icon-76@2x.png */; };
		7E7966E61810823500FA85AD /* icon-small.png in Resources */ = {isa = PBXBuildFile; fileRef = 7E7966DC1810823500FA85AD /* icon-small.png */; };
		7E7966E71810823500FA85AD /* icon-small@2x.png in Resources */ = {isa = PBXBuildFile; fileRef = 7E7966DD1810823500FA85AD /* icon-small@2x.png */; };
		9378BBEA66AB4ECF8FA18C10 /* AppVersion.m in Sources */ = {isa = PBXBuildFile; fileRef = EE0E283E7B1C45C88083680A /* AppVersion.m */; };
		9D3B619A37AC44978063C8E8 /* CDVNotification.bundle in Resources */ = {isa = PBXBuildFile; fileRef = C530D8A647AE47D087F891CB /* CDVNotification.bundle */; };
		9F980073FF6944C2A0160E92 /* CDVVibration.m in Sources */ = {isa = PBXBuildFile; fileRef = AFFF7B663816486BA17D0655 /* CDVVibration.m */; };
		A8F588A0A4FF41379CCA353D /* AppDelegate+notification.m in Sources */ = {isa = PBXBuildFile; fileRef = 82B8E67813764FCBB3FFB20F /* AppDelegate+notification.m */; };
		AE17DFC659744FC59820F0AB /* CDVReachability.m in Sources */ = {isa = PBXBuildFile; fileRef = 052F3421DD1842AAAE2CB6AD /* CDVReachability.m */; };
		B9F4C8CED50C4D8D91623FA2 /* CDVLocation.m in Sources */ = {isa = PBXBuildFile; fileRef = ED8AFEE851D44C728B3EFB74 /* CDVLocation.m */; };
		BB6EB208E9A44CAAAA47F2CD /* PassKit.framework in Frameworks */ = {isa = PBXBuildFile; fileRef = 7FD3B065433E4C8486A335FB /* PassKit.framework */; };
		C59D48A7308640DB8F056708 /* UIWebViewExtension.m in Sources */ = {isa = PBXBuildFile; fileRef = C43B3269D2A74A6C8BE91FDF /* UIWebViewExtension.m */; };
		CAD495977AAF40B5A67A2701 /* CDVAssetLibraryFilesystem.m in Sources */ = {isa = PBXBuildFile; fileRef = E54F4C181E8B4366852C5653 /* CDVAssetLibraryFilesystem.m */; };
		CE3C3E030FA3483680CF4044 /* CDVInAppBrowser.m in Sources */ = {isa = PBXBuildFile; fileRef = 8DCF737CA18B4BC58621FEF8 /* CDVInAppBrowser.m */; };
		D007F1CF3DF54A26805C3E75 /* CDVNotification.m in Sources */ = {isa = PBXBuildFile; fileRef = E3C2B935AF36419690D38960 /* CDVNotification.m */; };
		D1966FB9DED1453EAD04C643 /* PushPlugin.m in Sources */ = {isa = PBXBuildFile; fileRef = 64D4B817BC084E84A585E3A2 /* PushPlugin.m */; };
		D2C02203F4E1446E93AECB7F /* Security.framework in Frameworks */ = {isa = PBXBuildFile; fileRef = 452A97EFB43047F38C0F7278 /* Security.framework */; settings = {ATTRIBUTES = (Weak, ); }; };
		D4A0D8761607E02300AEF8BB /* Default-568h@2x~iphone.png in Resources */ = {isa = PBXBuildFile; fileRef = D4A0D8751607E02300AEF8BB /* Default-568h@2x~iphone.png */; };
		D4D32AE914924850AF035E45 /* MyMainViewController.m in Sources */ = {isa = PBXBuildFile; fileRef = B972E1D7C09A47CDA1E2AEB4 /* MyMainViewController.m */; };
		DD95F578D3DD471482200C6C /* CoreLocation.framework in Frameworks */ = {isa = PBXBuildFile; fileRef = F303832444BB43EA889D9B14 /* CoreLocation.framework */; };
		DFF374D8694E4F5AAB39CB9D /* CDVSound.m in Sources */ = {isa = PBXBuildFile; fileRef = A42A2CCC7EC347AE84409BC6 /* CDVSound.m */; };
		E6594F9607694295955FFAF1 /* libsqlite3.dylib in Frameworks */ = {isa = PBXBuildFile; fileRef = C85BA3AC861C438394740DCC /* libsqlite3.dylib */; };
		E7B19CC5887342EC8B501547 /* Accounts.framework in Frameworks */ = {isa = PBXBuildFile; fileRef = 0DB1700A7AB64F7D93F74640 /* Accounts.framework */; settings = {ATTRIBUTES = (Weak, ); }; };
		EE1527A8B96B40B59399E54B /* CDVConnection.m in Sources */ = {isa = PBXBuildFile; fileRef = B6415974166640A5A2CA7A6D /* CDVConnection.m */; };
		F21F0C431B6F4125A04BA643 /* CDVWebViewUIDelegate.m in Sources */ = {isa = PBXBuildFile; fileRef = C11EA6F28083431CB6847619 /* CDVWebViewUIDelegate.m */; };
		F76B8BA114834339A7DE6FBD /* QuickLook.framework in Frameworks */ = {isa = PBXBuildFile; fileRef = CA613A47971741B18EE9C084 /* QuickLook.framework */; };
		F7B1E4C6A8894B6AA24DA52B /* FacebookConnectPlugin.m in Sources */ = {isa = PBXBuildFile; fileRef = BA783C5708974F51BE7DD3BD /* FacebookConnectPlugin.m */; };
		FB487FA55C33420A8041456C /* AppDelegate+WKWebViewPolyfill.m in Sources */ = {isa = PBXBuildFile; fileRef = 8700A98F7574429EA1AF4BA6 /* AppDelegate+WKWebViewPolyfill.m */; };
		FFA3758E597445838E23BAF6 /* CFNetwork.framework in Frameworks */ = {isa = PBXBuildFile; fileRef = 5F4200D6FD85419A8D64013F /* CFNetwork.framework */; };
/* End PBXBuildFile section */

/* Begin PBXContainerItemProxy section */
		301BF534109A57CC0062928A /* PBXContainerItemProxy */ = {
			isa = PBXContainerItemProxy;
			containerPortal = 301BF52D109A57CC0062928A /* CordovaLib.xcodeproj */;
			proxyType = 2;
			remoteGlobalIDString = D2AAC07E0554694100DB518D;
			remoteInfo = CordovaLib;
		};
		301BF550109A68C00062928A /* PBXContainerItemProxy */ = {
			isa = PBXContainerItemProxy;
			containerPortal = 301BF52D109A57CC0062928A /* CordovaLib.xcodeproj */;
			proxyType = 1;
			remoteGlobalIDString = D2AAC07D0554694100DB518D;
			remoteInfo = CordovaLib;
		};
/* End PBXContainerItemProxy section */

/* Begin PBXFileReference section */
		052F3421DD1842AAAE2CB6AD /* CDVReachability.m */ = {isa = PBXFileReference; fileEncoding = 4; lastKnownFileType = sourcecode.c.objc; name = CDVReachability.m; path = "cordova-plugin-network-information/CDVReachability.m"; sourceTree = "<group>"; };
		0722AD227233472FA0DE6A01 /* CDVFile.h */ = {isa = PBXFileReference; fileEncoding = 4; lastKnownFileType = sourcecode.c.h; name = CDVFile.h; path = "cordova-plugin-file/CDVFile.h"; sourceTree = "<group>"; };
		0827C3227B0A40EEA526E6AD /* CDVViewController+SplashScreen.h */ = {isa = PBXFileReference; fileEncoding = 4; lastKnownFileType = sourcecode.c.h; name = "CDVViewController+SplashScreen.h"; path = "cordova-plugin-splashscreen/CDVViewController+SplashScreen.h"; sourceTree = "<group>"; };
		087C6F3A1BAE73DD00045EFC /* FacebookSDK.framework */ = {isa = PBXFileReference; lastKnownFileType = wrapper.framework; path = FacebookSDK.framework; sourceTree = "<group>"; };
		087C6F561BAF4EC200045EFC /* FBSDKCoreKit.framework */ = {isa = PBXFileReference; lastKnownFileType = wrapper.framework; path = FBSDKCoreKit.framework; sourceTree = "<group>"; };
		087C6F571BAF4EC200045EFC /* FBSDKLoginKit.framework */ = {isa = PBXFileReference; lastKnownFileType = wrapper.framework; path = FBSDKLoginKit.framework; sourceTree = "<group>"; };
		087C6F6E1BAF7BAB00045EFC /* Crunchbutton.entitlements */ = {isa = PBXFileReference; lastKnownFileType = text.xml; name = Crunchbutton.entitlements; path = Crunchbutton/Crunchbutton.entitlements; sourceTree = "<group>"; };
		09E814A946E54C99A5B3286B /* CDVLocalFilesystem.m */ = {isa = PBXFileReference; fileEncoding = 4; lastKnownFileType = sourcecode.c.objc; name = CDVLocalFilesystem.m; path = "cordova-plugin-file/CDVLocalFilesystem.m"; sourceTree = "<group>"; };
		0C15C7ED34AB44119CC71B48 /* GCDWebServer.framework */ = {isa = PBXFileReference; lastKnownFileType = wrapper.framework; name = GCDWebServer.framework; path = "Crunchbutton/Plugins/cordova-plugin-webserver/GCDWebServer.framework"; sourceTree = "<group>"; };
		0DB1700A7AB64F7D93F74640 /* Accounts.framework */ = {isa = PBXFileReference; fileEncoding = 4; lastKnownFileType = wrapper.framework; name = Accounts.framework; path = System/Library/Frameworks/Accounts.framework; sourceTree = SDKROOT; };
		17386CF7FF674C48A113002C /* FBSDKLoginKit.framework */ = {isa = PBXFileReference; lastKnownFileType = wrapper.framework; name = FBSDKLoginKit.framework; path = "Crunchbutton/Plugins/cordova-plugin-facebook4/FBSDKLoginKit.framework"; sourceTree = "<group>"; };
		1B1E9BE9B22F46BC957013C2 /* CDVSound.h */ = {isa = PBXFileReference; fileEncoding = 4; lastKnownFileType = sourcecode.c.h; name = CDVSound.h; path = "cordova-plugin-media/CDVSound.h"; sourceTree = "<group>"; };
		1BA3C4C9F436476DA83B3299 /* AppAvailability.h */ = {isa = PBXFileReference; fileEncoding = 4; lastKnownFileType = sourcecode.c.h; name = AppAvailability.h; path = "cordova-plugin-appavailability/AppAvailability.h"; sourceTree = "<group>"; };
		1D3623240D0F684500981E51 /* AppDelegate.h */ = {isa = PBXFileReference; fileEncoding = 4; lastKnownFileType = sourcecode.c.h; path = AppDelegate.h; sourceTree = "<group>"; };
		1D3623250D0F684500981E51 /* AppDelegate.m */ = {isa = PBXFileReference; fileEncoding = 4; lastKnownFileType = sourcecode.c.objc; path = AppDelegate.m; sourceTree = "<group>"; };
		1D6058910D05DD3D006BFB54 /* Crunchbutton.app */ = {isa = PBXFileReference; explicitFileType = wrapper.application; includeInIndex = 0; path = Crunchbutton.app; sourceTree = BUILT_PRODUCTS_DIR; };
		25DFF7CAE8214377A39786BE /* CDVSplashScreen.h */ = {isa = PBXFileReference; fileEncoding = 4; lastKnownFileType = sourcecode.c.h; name = CDVSplashScreen.h; path = "cordova-plugin-splashscreen/CDVSplashScreen.h"; sourceTree = "<group>"; };
		270231CDD7094039913FF3FD /* CDVLocalFilesystem.h */ = {isa = PBXFileReference; fileEncoding = 4; lastKnownFileType = sourcecode.c.h; name = CDVLocalFilesystem.h; path = "cordova-plugin-file/CDVLocalFilesystem.h"; sourceTree = "<group>"; };
		288765FC0DF74451002DB57D /* CoreGraphics.framework */ = {isa = PBXFileReference; lastKnownFileType = wrapper.framework; name = CoreGraphics.framework; path = System/Library/Frameworks/CoreGraphics.framework; sourceTree = SDKROOT; };
		29B97316FDCFA39411CA2CEA /* main.m */ = {isa = PBXFileReference; fileEncoding = 4; lastKnownFileType = sourcecode.c.objc; path = main.m; sourceTree = "<group>"; };
		301BF52D109A57CC0062928A /* CordovaLib.xcodeproj */ = {isa = PBXFileReference; lastKnownFileType = "wrapper.pb-project"; name = CordovaLib.xcodeproj; path = CordovaLib/CordovaLib.xcodeproj; sourceTree = "<group>"; };
		301BF56E109A69640062928A /* www */ = {isa = PBXFileReference; lastKnownFileType = folder; path = www; sourceTree = SOURCE_ROOT; };
		302D95EE14D2391D003F00A1 /* MainViewController.h */ = {isa = PBXFileReference; fileEncoding = 4; lastKnownFileType = sourcecode.c.h; path = MainViewController.h; sourceTree = "<group>"; };
		302D95EF14D2391D003F00A1 /* MainViewController.m */ = {isa = PBXFileReference; fileEncoding = 4; lastKnownFileType = sourcecode.c.objc; path = MainViewController.m; sourceTree = "<group>"; };
		302D95F014D2391D003F00A1 /* MainViewController.xib */ = {isa = PBXFileReference; fileEncoding = 4; lastKnownFileType = file.xib; path = MainViewController.xib; sourceTree = "<group>"; };
		302FA54DDF7C418C968CDB02 /* AppDelegate+WKWebViewPolyfill.h */ = {isa = PBXFileReference; fileEncoding = 4; lastKnownFileType = sourcecode.c.h; name = "AppDelegate+WKWebViewPolyfill.h"; path = "com.telerik.plugins.wkwebview/AppDelegate+WKWebViewPolyfill.h"; sourceTree = "<group>"; };
		305D5FD0115AB8F900A74A75 /* MobileCoreServices.framework */ = {isa = PBXFileReference; lastKnownFileType = wrapper.framework; name = MobileCoreServices.framework; path = System/Library/Frameworks/MobileCoreServices.framework; sourceTree = SDKROOT; };
		3088BBB7154F3926009F9C59 /* Default-Landscape@2x~ipad.png */ = {isa = PBXFileReference; lastKnownFileType = image.png; path = "Default-Landscape@2x~ipad.png"; sourceTree = "<group>"; };
		3088BBB8154F3926009F9C59 /* Default-Landscape~ipad.png */ = {isa = PBXFileReference; lastKnownFileType = image.png; path = "Default-Landscape~ipad.png"; sourceTree = "<group>"; };
		3088BBB9154F3926009F9C59 /* Default-Portrait@2x~ipad.png */ = {isa = PBXFileReference; lastKnownFileType = image.png; path = "Default-Portrait@2x~ipad.png"; sourceTree = "<group>"; };
		3088BBBA154F3926009F9C59 /* Default-Portrait~ipad.png */ = {isa = PBXFileReference; lastKnownFileType = image.png; path = "Default-Portrait~ipad.png"; sourceTree = "<group>"; };
		3088BBBB154F3926009F9C59 /* Default@2x~iphone.png */ = {isa = PBXFileReference; lastKnownFileType = image.png; path = "Default@2x~iphone.png"; sourceTree = "<group>"; };
		3088BBBC154F3926009F9C59 /* Default~iphone.png */ = {isa = PBXFileReference; lastKnownFileType = image.png; path = "Default~iphone.png"; sourceTree = "<group>"; };
		308D052E1370CCF300D202BF /* icon-72.png */ = {isa = PBXFileReference; lastKnownFileType = image.png; path = "icon-72.png"; sourceTree = "<group>"; };
		308D052F1370CCF300D202BF /* icon.png */ = {isa = PBXFileReference; lastKnownFileType = image.png; path = icon.png; sourceTree = "<group>"; };
		308D05301370CCF300D202BF /* icon@2x.png */ = {isa = PBXFileReference; lastKnownFileType = image.png; path = "icon@2x.png"; sourceTree = "<group>"; };
		30B4F2FD19D5E07200D9F7D8 /* Default-667h.png */ = {isa = PBXFileReference; lastKnownFileType = image.png; path = "Default-667h.png"; sourceTree = "<group>"; };
		30B4F2FE19D5E07200D9F7D8 /* Default-736h.png */ = {isa = PBXFileReference; lastKnownFileType = image.png; path = "Default-736h.png"; sourceTree = "<group>"; };
		30B4F2FF19D5E07200D9F7D8 /* Default-Landscape-736h.png */ = {isa = PBXFileReference; lastKnownFileType = image.png; path = "Default-Landscape-736h.png"; sourceTree = "<group>"; };
		30C1856519D5FC0A00212699 /* icon-60@3x.png */ = {isa = PBXFileReference; lastKnownFileType = image.png; path = "icon-60@3x.png"; sourceTree = "<group>"; };
		30FC414816E50CA1004E6F35 /* icon-72@2x.png */ = {isa = PBXFileReference; lastKnownFileType = image.png; path = "icon-72@2x.png"; sourceTree = "<group>"; };
		32CA4F630368D1EE00C91783 /* Crunchbutton-Prefix.pch */ = {isa = PBXFileReference; fileEncoding = 4; lastKnownFileType = sourcecode.c.h; path = "Crunchbutton-Prefix.pch"; sourceTree = "<group>"; };
		3E421AF2BE854932AC376D72 /* CDVConnection.h */ = {isa = PBXFileReference; fileEncoding = 4; lastKnownFileType = sourcecode.c.h; name = CDVConnection.h; path = "cordova-plugin-network-information/CDVConnection.h"; sourceTree = "<group>"; };
		452A97EFB43047F38C0F7278 /* Security.framework */ = {isa = PBXFileReference; fileEncoding = 4; lastKnownFileType = wrapper.framework; name = Security.framework; path = System/Library/Frameworks/Security.framework; sourceTree = SDKROOT; };
		4C012C257E374049ABC75D7C /* AudioToolbox.framework */ = {isa = PBXFileReference; fileEncoding = 4; lastKnownFileType = wrapper.framework; name = AudioToolbox.framework; path = System/Library/Frameworks/AudioToolbox.framework; sourceTree = SDKROOT; };
		51CC02FD136B4873A966DD04 /* CDVWebViewOperationsDelegate.h */ = {isa = PBXFileReference; fileEncoding = 4; lastKnownFileType = sourcecode.c.h; name = CDVWebViewOperationsDelegate.h; path = com.telerik.plugins.wkwebview/CDVWebViewOperationsDelegate.h; sourceTree = "<group>"; };
		53962B461C394C4DBF382C5D /* CDVVibration.h */ = {isa = PBXFileReference; fileEncoding = 4; lastKnownFileType = sourcecode.c.h; name = CDVVibration.h; path = "cordova-plugin-vibration/CDVVibration.h"; sourceTree = "<group>"; };
		572E8B9EE2F449D4A3986C22 /* libz.dylib */ = {isa = PBXFileReference; fileEncoding = 4; lastKnownFileType = "compiled.mach-o.dylib"; name = libz.dylib; path = usr/lib/libz.dylib; sourceTree = SDKROOT; };
		5B1594DC16A7569C00FEF299 /* AssetsLibrary.framework */ = {isa = PBXFileReference; lastKnownFileType = wrapper.framework; name = AssetsLibrary.framework; path = System/Library/Frameworks/AssetsLibrary.framework; sourceTree = SDKROOT; };
		5F4200D6FD85419A8D64013F /* CFNetwork.framework */ = {isa = PBXFileReference; fileEncoding = 4; lastKnownFileType = wrapper.framework; name = CFNetwork.framework; path = System/Library/Frameworks/CFNetwork.framework; sourceTree = SDKROOT; };
		5FB71D5522B040C5BF8CF3C1 /* IonicKeyboard.m */ = {isa = PBXFileReference; fileEncoding = 4; lastKnownFileType = sourcecode.c.objc; name = IonicKeyboard.m; path = "ionic-plugin-keyboard/IonicKeyboard.m"; sourceTree = "<group>"; };
		63BAC395CFC14357895ED8A0 /* CDVNotification.h */ = {isa = PBXFileReference; fileEncoding = 4; lastKnownFileType = sourcecode.c.h; name = CDVNotification.h; path = "cordova-plugin-dialogs/CDVNotification.h"; sourceTree = "<group>"; };
		64D4B817BC084E84A585E3A2 /* PushPlugin.m */ = {isa = PBXFileReference; fileEncoding = 4; lastKnownFileType = sourcecode.c.objc; name = PushPlugin.m; path = "phonegap-plugin-push/PushPlugin.m"; sourceTree = "<group>"; };
		69681DD7622E4A83A572FE6D /* FBSDKShareKit.framework */ = {isa = PBXFileReference; lastKnownFileType = wrapper.framework; name = FBSDKShareKit.framework; path = "Crunchbutton/Plugins/cordova-plugin-facebook4/FBSDKShareKit.framework"; sourceTree = "<group>"; };
		6B459B3D7E84493383C297F3 /* CDVInAppBrowser.h */ = {isa = PBXFileReference; fileEncoding = 4; lastKnownFileType = sourcecode.c.h; name = CDVInAppBrowser.h; path = "cordova-plugin-inappbrowser/CDVInAppBrowser.h"; sourceTree = "<group>"; };
		70646EF0BA7C434F87746EFD /* AppDelegate+notification.h */ = {isa = PBXFileReference; fileEncoding = 4; lastKnownFileType = sourcecode.c.h; name = "AppDelegate+notification.h"; path = "phonegap-plugin-push/AppDelegate+notification.h"; sourceTree = "<group>"; };
		754F0AEBE87C498882A1C905 /* ReroutingUIWebView.m */ = {isa = PBXFileReference; fileEncoding = 4; lastKnownFileType = sourcecode.c.objc; name = ReroutingUIWebView.m; path = com.telerik.plugins.wkwebview/ReroutingUIWebView.m; sourceTree = "<group>"; };
		75AE89665F67429183286729 /* MyMainViewController.h */ = {isa = PBXFileReference; fileEncoding = 4; lastKnownFileType = sourcecode.c.h; name = MyMainViewController.h; path = com.telerik.plugins.wkwebview/MyMainViewController.h; sourceTree = "<group>"; };
		79C18C6E035542888D36C82D /* CDVFile.m */ = {isa = PBXFileReference; fileEncoding = 4; lastKnownFileType = sourcecode.c.objc; name = CDVFile.m; path = "cordova-plugin-file/CDVFile.m"; sourceTree = "<group>"; };
		79EBD8C9E87048A88035C969 /* CDVDevice.m */ = {isa = PBXFileReference; fileEncoding = 4; lastKnownFileType = sourcecode.c.objc; name = CDVDevice.m; path = "cordova-plugin-device/CDVDevice.m"; sourceTree = "<group>"; };
		7E7966D41810823500FA85AD /* icon-40.png */ = {isa = PBXFileReference; lastKnownFileType = image.png; path = "icon-40.png"; sourceTree = "<group>"; };
		7E7966D51810823500FA85AD /* icon-40@2x.png */ = {isa = PBXFileReference; lastKnownFileType = image.png; path = "icon-40@2x.png"; sourceTree = "<group>"; };
		7E7966D61810823500FA85AD /* icon-50.png */ = {isa = PBXFileReference; lastKnownFileType = image.png; path = "icon-50.png"; sourceTree = "<group>"; };
		7E7966D71810823500FA85AD /* icon-50@2x.png */ = {isa = PBXFileReference; lastKnownFileType = image.png; path = "icon-50@2x.png"; sourceTree = "<group>"; };
		7E7966D81810823500FA85AD /* icon-60.png */ = {isa = PBXFileReference; lastKnownFileType = image.png; path = "icon-60.png"; sourceTree = "<group>"; };
		7E7966D91810823500FA85AD /* icon-60@2x.png */ = {isa = PBXFileReference; lastKnownFileType = image.png; path = "icon-60@2x.png"; sourceTree = "<group>"; };
		7E7966DA1810823500FA85AD /* icon-76.png */ = {isa = PBXFileReference; lastKnownFileType = image.png; path = "icon-76.png"; sourceTree = "<group>"; };
		7E7966DB1810823500FA85AD /* icon-76@2x.png */ = {isa = PBXFileReference; lastKnownFileType = image.png; path = "icon-76@2x.png"; sourceTree = "<group>"; };
		7E7966DC1810823500FA85AD /* icon-small.png */ = {isa = PBXFileReference; lastKnownFileType = image.png; path = "icon-small.png"; sourceTree = "<group>"; };
		7E7966DD1810823500FA85AD /* icon-small@2x.png */ = {isa = PBXFileReference; lastKnownFileType = image.png; path = "icon-small@2x.png"; sourceTree = "<group>"; };
		7FD3B065433E4C8486A335FB /* PassKit.framework */ = {isa = PBXFileReference; fileEncoding = 4; lastKnownFileType = wrapper.framework; name = PassKit.framework; path = System/Library/Frameworks/PassKit.framework; sourceTree = SDKROOT; };
		82B8E67813764FCBB3FFB20F /* AppDelegate+notification.m */ = {isa = PBXFileReference; fileEncoding = 4; lastKnownFileType = sourcecode.c.objc; name = "AppDelegate+notification.m"; path = "phonegap-plugin-push/AppDelegate+notification.m"; sourceTree = "<group>"; };
		8400BD18B9C24B1AAD9FFC50 /* AppAvailability.m */ = {isa = PBXFileReference; fileEncoding = 4; lastKnownFileType = sourcecode.c.objc; name = AppAvailability.m; path = "cordova-plugin-appavailability/AppAvailability.m"; sourceTree = "<group>"; };
		84F65C065D3545719351A673 /* CDVAssetLibraryFilesystem.h */ = {isa = PBXFileReference; fileEncoding = 4; lastKnownFileType = sourcecode.c.h; name = CDVAssetLibraryFilesystem.h; path = "cordova-plugin-file/CDVAssetLibraryFilesystem.h"; sourceTree = "<group>"; };
		8700A98F7574429EA1AF4BA6 /* AppDelegate+WKWebViewPolyfill.m */ = {isa = PBXFileReference; fileEncoding = 4; lastKnownFileType = sourcecode.c.objc; name = "AppDelegate+WKWebViewPolyfill.m"; path = "com.telerik.plugins.wkwebview/AppDelegate+WKWebViewPolyfill.m"; sourceTree = "<group>"; };
		8C80B91F9D094EFFB0A1AD45 /* CDVStatusBar.m */ = {isa = PBXFileReference; fileEncoding = 4; lastKnownFileType = sourcecode.c.objc; name = CDVStatusBar.m; path = "cordova-plugin-statusbar/CDVStatusBar.m"; sourceTree = "<group>"; };
		8C96D23DD5484D8498FA1AAA /* PushPlugin.h */ = {isa = PBXFileReference; fileEncoding = 4; lastKnownFileType = sourcecode.c.h; name = PushPlugin.h; path = "phonegap-plugin-push/PushPlugin.h"; sourceTree = "<group>"; };
		8D1107310486CEB800E47090 /* Crunchbutton-Info.plist */ = {isa = PBXFileReference; fileEncoding = 4; lastKnownFileType = text.plist.xml; name = "Crunchbutton-Info.plist"; path = "../Crunchbutton-Info.plist"; plistStructureDefinitionIdentifier = "com.apple.xcode.plist.structure-definition.iphone.info-plist"; sourceTree = "<group>"; };
		8DCF737CA18B4BC58621FEF8 /* CDVInAppBrowser.m */ = {isa = PBXFileReference; fileEncoding = 4; lastKnownFileType = sourcecode.c.objc; name = CDVInAppBrowser.m; path = "cordova-plugin-inappbrowser/CDVInAppBrowser.m"; sourceTree = "<group>"; };
		8FE42F2C01664D3D8A8CDB42 /* ReroutingUIWebView.h */ = {isa = PBXFileReference; fileEncoding = 4; lastKnownFileType = sourcecode.c.h; name = ReroutingUIWebView.h; path = com.telerik.plugins.wkwebview/ReroutingUIWebView.h; sourceTree = "<group>"; };
		9506112B4BE24C8E84A59FEE /* CDVSplashScreen.m */ = {isa = PBXFileReference; fileEncoding = 4; lastKnownFileType = sourcecode.c.objc; name = CDVSplashScreen.m; path = "cordova-plugin-splashscreen/CDVSplashScreen.m"; sourceTree = "<group>"; };
		96B97B054D2749C08AAFBE4E /* AddressBook.framework */ = {isa = PBXFileReference; fileEncoding = 4; lastKnownFileType = wrapper.framework; name = AddressBook.framework; path = System/Library/Frameworks/AddressBook.framework; sourceTree = SDKROOT; };
		96BA9AEE83B64E4E9E7869CE /* UIWebViewExtension.h */ = {isa = PBXFileReference; fileEncoding = 4; lastKnownFileType = sourcecode.c.h; name = UIWebViewExtension.h; path = "ionic-plugin-keyboard/UIWebViewExtension.h"; sourceTree = "<group>"; };
		980240B7D06744B9ADF6DA3D /* WebKit.framework */ = {isa = PBXFileReference; fileEncoding = 4; lastKnownFileType = wrapper.framework; name = WebKit.framework; path = System/Library/Frameworks/WebKit.framework; sourceTree = SDKROOT; };
		986B3332E2264B27A0876D47 /* FacebookConnectPlugin.h */ = {isa = PBXFileReference; fileEncoding = 4; lastKnownFileType = sourcecode.c.h; name = FacebookConnectPlugin.h; path = "cordova-plugin-facebook4/FacebookConnectPlugin.h"; sourceTree = "<group>"; };
		9CEA2DE7D2084074A4652659 /* CDVApplePay.h */ = {isa = PBXFileReference; fileEncoding = 4; lastKnownFileType = sourcecode.c.h; name = CDVApplePay.h; path = "cordova-plugin-applepay/CDVApplePay.h"; sourceTree = "<group>"; };
		9E39FD44750E46B4AAACCD22 /* CDVWebViewOperationsDelegate.m */ = {isa = PBXFileReference; fileEncoding = 4; lastKnownFileType = sourcecode.c.objc; name = CDVWebViewOperationsDelegate.m; path = com.telerik.plugins.wkwebview/CDVWebViewOperationsDelegate.m; sourceTree = "<group>"; };
		A2901FA49B0743848593A469 /* Bolts.framework */ = {isa = PBXFileReference; lastKnownFileType = wrapper.framework; name = Bolts.framework; path = "Crunchbutton/Plugins/cordova-plugin-facebook4/Bolts.framework"; sourceTree = "<group>"; };
		A42A2CCC7EC347AE84409BC6 /* CDVSound.m */ = {isa = PBXFileReference; fileEncoding = 4; lastKnownFileType = sourcecode.c.objc; name = CDVSound.m; path = "cordova-plugin-media/CDVSound.m"; sourceTree = "<group>"; };
		A6AF12C7F1EB4132B6673CA2 /* AppVersion.h */ = {isa = PBXFileReference; fileEncoding = 4; lastKnownFileType = sourcecode.c.h; name = AppVersion.h; path = net.bgta.phonegap.plugin.appversion/AppVersion.h; sourceTree = "<group>"; };
		A8AA39F7FE3C41A9B310869F /* FBSDKCoreKit.framework */ = {isa = PBXFileReference; lastKnownFileType = wrapper.framework; name = FBSDKCoreKit.framework; path = "Crunchbutton/Plugins/cordova-plugin-facebook4/FBSDKCoreKit.framework"; sourceTree = "<group>"; };
		AFFF7B663816486BA17D0655 /* CDVVibration.m */ = {isa = PBXFileReference; fileEncoding = 4; lastKnownFileType = sourcecode.c.objc; name = CDVVibration.m; path = "cordova-plugin-vibration/CDVVibration.m"; sourceTree = "<group>"; };
		B050231DBA874CD18591384E /* CDVLocation.h */ = {isa = PBXFileReference; fileEncoding = 4; lastKnownFileType = sourcecode.c.h; name = CDVLocation.h; path = "cordova-plugin-geolocation/CDVLocation.h"; sourceTree = "<group>"; };
		B563620A184B41CD91003378 /* CDVViewController+SplashScreen.m */ = {isa = PBXFileReference; fileEncoding = 4; lastKnownFileType = sourcecode.c.objc; name = "CDVViewController+SplashScreen.m"; path = "cordova-plugin-splashscreen/CDVViewController+SplashScreen.m"; sourceTree = "<group>"; };
		B6415974166640A5A2CA7A6D /* CDVConnection.m */ = {isa = PBXFileReference; fileEncoding = 4; lastKnownFileType = sourcecode.c.objc; name = CDVConnection.m; path = "cordova-plugin-network-information/CDVConnection.m"; sourceTree = "<group>"; };
		B972E1D7C09A47CDA1E2AEB4 /* MyMainViewController.m */ = {isa = PBXFileReference; fileEncoding = 4; lastKnownFileType = sourcecode.c.objc; name = MyMainViewController.m; path = com.telerik.plugins.wkwebview/MyMainViewController.m; sourceTree = "<group>"; };
		BA783C5708974F51BE7DD3BD /* FacebookConnectPlugin.m */ = {isa = PBXFileReference; fileEncoding = 4; lastKnownFileType = sourcecode.c.objc; name = FacebookConnectPlugin.m; path = "cordova-plugin-facebook4/FacebookConnectPlugin.m"; sourceTree = "<group>"; };
		BA7CB6FF846C40BB8955BBCA /* Stripe.framework */ = {isa = PBXFileReference; lastKnownFileType = wrapper.framework; name = Stripe.framework; path = "Crunchbutton/Plugins/cordova-plugin-applepay/Stripe.framework"; sourceTree = "<group>"; };
		BEA8E0F9A8414BB682BBE5B9 /* Foundation.framework */ = {isa = PBXFileReference; fileEncoding = 4; lastKnownFileType = wrapper.framework; name = Foundation.framework; path = System/Library/Frameworks/Foundation.framework; sourceTree = SDKROOT; };
		C11EA6F28083431CB6847619 /* CDVWebViewUIDelegate.m */ = {isa = PBXFileReference; fileEncoding = 4; lastKnownFileType = sourcecode.c.objc; name = CDVWebViewUIDelegate.m; path = com.telerik.plugins.wkwebview/CDVWebViewUIDelegate.m; sourceTree = "<group>"; };
		C43B3269D2A74A6C8BE91FDF /* UIWebViewExtension.m */ = {isa = PBXFileReference; fileEncoding = 4; lastKnownFileType = sourcecode.c.objc; name = UIWebViewExtension.m; path = "ionic-plugin-keyboard/UIWebViewExtension.m"; sourceTree = "<group>"; };
		C530D8A647AE47D087F891CB /* CDVNotification.bundle */ = {isa = PBXFileReference; lastKnownFileType = "wrapper.plug-in"; path = CDVNotification.bundle; sourceTree = "<group>"; };
		C5AE3CDA36E043A6A4688057 /* CDVWebViewUIDelegate.h */ = {isa = PBXFileReference; fileEncoding = 4; lastKnownFileType = sourcecode.c.h; name = CDVWebViewUIDelegate.h; path = com.telerik.plugins.wkwebview/CDVWebViewUIDelegate.h; sourceTree = "<group>"; };
		C6C185A62D48482C8F36DE84 /* CDVDevice.h */ = {isa = PBXFileReference; fileEncoding = 4; lastKnownFileType = sourcecode.c.h; name = CDVDevice.h; path = "cordova-plugin-device/CDVDevice.h"; sourceTree = "<group>"; };
		C85BA3AC861C438394740DCC /* libsqlite3.dylib */ = {isa = PBXFileReference; fileEncoding = 4; lastKnownFileType = "compiled.mach-o.dylib"; name = libsqlite3.dylib; path = usr/lib/libsqlite3.dylib; sourceTree = SDKROOT; };
		CA56CBE112704F06923BC712 /* CDVStatusBar.h */ = {isa = PBXFileReference; fileEncoding = 4; lastKnownFileType = sourcecode.c.h; name = CDVStatusBar.h; path = "cordova-plugin-statusbar/CDVStatusBar.h"; sourceTree = "<group>"; };
		CA613A47971741B18EE9C084 /* QuickLook.framework */ = {isa = PBXFileReference; fileEncoding = 4; lastKnownFileType = wrapper.framework; name = QuickLook.framework; path = System/Library/Frameworks/QuickLook.framework; sourceTree = SDKROOT; };
		CABA3B0CFBDE4F0C8CA1F38C /* IonicKeyboard.h */ = {isa = PBXFileReference; fileEncoding = 4; lastKnownFileType = sourcecode.c.h; name = IonicKeyboard.h; path = "ionic-plugin-keyboard/IonicKeyboard.h"; sourceTree = "<group>"; };
		CEA83D1F887F46B89D0EAD57 /* CDVApplePay.m */ = {isa = PBXFileReference; fileEncoding = 4; lastKnownFileType = sourcecode.c.objc; name = CDVApplePay.m; path = "cordova-plugin-applepay/CDVApplePay.m"; sourceTree = "<group>"; };
		D4A0D8751607E02300AEF8BB /* Default-568h@2x~iphone.png */ = {isa = PBXFileReference; lastKnownFileType = image.png; path = "Default-568h@2x~iphone.png"; sourceTree = "<group>"; };
		D66ECC687C1B4180B1FC96D4 /* Social.framework */ = {isa = PBXFileReference; fileEncoding = 4; lastKnownFileType = wrapper.framework; name = Social.framework; path = System/Library/Frameworks/Social.framework; sourceTree = SDKROOT; };
		E3C2B935AF36419690D38960 /* CDVNotification.m */ = {isa = PBXFileReference; fileEncoding = 4; lastKnownFileType = sourcecode.c.objc; name = CDVNotification.m; path = "cordova-plugin-dialogs/CDVNotification.m"; sourceTree = "<group>"; };
		E54F4C181E8B4366852C5653 /* CDVAssetLibraryFilesystem.m */ = {isa = PBXFileReference; fileEncoding = 4; lastKnownFileType = sourcecode.c.objc; name = CDVAssetLibraryFilesystem.m; path = "cordova-plugin-file/CDVAssetLibraryFilesystem.m"; sourceTree = "<group>"; };
		E658ACF84374477CA97D6615 /* CDVReachability.h */ = {isa = PBXFileReference; fileEncoding = 4; lastKnownFileType = sourcecode.c.h; name = CDVReachability.h; path = "cordova-plugin-network-information/CDVReachability.h"; sourceTree = "<group>"; };
		EB87FDF21871DA7A0020F90C /* merges */ = {isa = PBXFileReference; lastKnownFileType = folder; name = merges; path = ../../merges; sourceTree = "<group>"; };
		EB87FDF31871DA8E0020F90C /* www */ = {isa = PBXFileReference; lastKnownFileType = folder; name = www; path = ../../www; sourceTree = "<group>"; };
		EB87FDF41871DAF40020F90C /* config.xml */ = {isa = PBXFileReference; lastKnownFileType = text.xml; name = config.xml; path = ../../config.xml; sourceTree = "<group>"; };
		ED8AFEE851D44C728B3EFB74 /* CDVLocation.m */ = {isa = PBXFileReference; fileEncoding = 4; lastKnownFileType = sourcecode.c.objc; name = CDVLocation.m; path = "cordova-plugin-geolocation/CDVLocation.m"; sourceTree = "<group>"; };
		EE0E283E7B1C45C88083680A /* AppVersion.m */ = {isa = PBXFileReference; fileEncoding = 4; lastKnownFileType = sourcecode.c.objc; name = AppVersion.m; path = net.bgta.phonegap.plugin.appversion/AppVersion.m; sourceTree = "<group>"; };
		F303832444BB43EA889D9B14 /* CoreLocation.framework */ = {isa = PBXFileReference; fileEncoding = 4; lastKnownFileType = wrapper.framework; name = CoreLocation.framework; path = System/Library/Frameworks/CoreLocation.framework; sourceTree = SDKROOT; };
		F7CAC6B1AD924B3BB00060C0 /* SystemConfiguration.framework */ = {isa = PBXFileReference; fileEncoding = 4; lastKnownFileType = wrapper.framework; name = SystemConfiguration.framework; path = System/Library/Frameworks/SystemConfiguration.framework; sourceTree = SDKROOT; };
		F840E1F0165FE0F500CFE078 /* config.xml */ = {isa = PBXFileReference; lastKnownFileType = text.xml; name = config.xml; path = Crunchbutton/config.xml; sourceTree = "<group>"; };
/* End PBXFileReference section */

/* Begin PBXFrameworksBuildPhase section */
		1D60588F0D05DD3D006BFB54 /* Frameworks */ = {
			isa = PBXFrameworksBuildPhase;
			buildActionMask = 2147483647;
			files = (
				5B1594DD16A7569C00FEF299 /* AssetsLibrary.framework in Frameworks */,
				301BF552109A68D80062928A /* libCordova.a in Frameworks */,
				087C6F591BAF4EC200045EFC /* FBSDKLoginKit.framework in Frameworks */,
				087C6F581BAF4EC200045EFC /* FBSDKCoreKit.framework in Frameworks */,
				288765FD0DF74451002DB57D /* CoreGraphics.framework in Frameworks */,
				305D5FD1115AB8F900A74A75 /* MobileCoreServices.framework in Frameworks */,
				4AC73740D35641B6A016A362 /* Stripe.framework in Frameworks */,
				11F1606CAA154C90952D3BED /* AddressBook.framework in Frameworks */,
				BB6EB208E9A44CAAAA47F2CD /* PassKit.framework in Frameworks */,
				137E4C2BD5534481A3A95B76 /* Foundation.framework in Frameworks */,
				7198192852B64DCC9AA91639 /* AudioToolbox.framework in Frameworks */,
				DD95F578D3DD471482200C6C /* CoreLocation.framework in Frameworks */,
				5FA74D8B59F64C4F9BEBCA20 /* SystemConfiguration.framework in Frameworks */,
				F76B8BA114834339A7DE6FBD /* QuickLook.framework in Frameworks */,
				3CCEA2E2E0574B369A0D72F1 /* Bolts.framework in Frameworks */,
				0E6C521941ED480DA9436114 /* FBSDKCoreKit.framework in Frameworks */,
				6058FEA7758F4D86AD07BA49 /* FBSDKLoginKit.framework in Frameworks */,
				2377EC77741842BD99EF52B5 /* FBSDKShareKit.framework in Frameworks */,
				E6594F9607694295955FFAF1 /* libsqlite3.dylib in Frameworks */,
				746CBAD547994BEB9B65518B /* Social.framework in Frameworks */,
				E7B19CC5887342EC8B501547 /* Accounts.framework in Frameworks */,
				D2C02203F4E1446E93AECB7F /* Security.framework in Frameworks */,
				67EB4E3ED932421E83B56C08 /* GCDWebServer.framework in Frameworks */,
				6A13ADC879D248C0B6A9D40B /* libz.dylib in Frameworks */,
				FFA3758E597445838E23BAF6 /* CFNetwork.framework in Frameworks */,
				365DE16E29D04C2E843E89EE /* WebKit.framework in Frameworks */,
			);
			runOnlyForDeploymentPostprocessing = 0;
		};
/* End PBXFrameworksBuildPhase section */

/* Begin PBXGroup section */
		080E96DDFE201D6D7F000001 /* Classes */ = {
			isa = PBXGroup;
			children = (
				302D95EE14D2391D003F00A1 /* MainViewController.h */,
				302D95EF14D2391D003F00A1 /* MainViewController.m */,
				302D95F014D2391D003F00A1 /* MainViewController.xib */,
				1D3623240D0F684500981E51 /* AppDelegate.h */,
				1D3623250D0F684500981E51 /* AppDelegate.m */,
			);
			name = Classes;
			path = Crunchbutton/Classes;
			sourceTree = SOURCE_ROOT;
		};
		19C28FACFE9D520D11CA2CBB /* Products */ = {
			isa = PBXGroup;
			children = (
				1D6058910D05DD3D006BFB54 /* Crunchbutton.app */,
			);
			name = Products;
			sourceTree = "<group>";
		};
		29B97314FDCFA39411CA2CEA /* CustomTemplate */ = {
			isa = PBXGroup;
			children = (
				087C6F6E1BAF7BAB00045EFC /* Crunchbutton.entitlements */,
				EB87FDF41871DAF40020F90C /* config.xml */,
				EB87FDF31871DA8E0020F90C /* www */,
				EB87FDF21871DA7A0020F90C /* merges */,
				EB87FDF11871DA420020F90C /* Staging */,
				301BF52D109A57CC0062928A /* CordovaLib.xcodeproj */,
				080E96DDFE201D6D7F000001 /* Classes */,
				307C750510C5A3420062BCA9 /* Plugins */,
				29B97315FDCFA39411CA2CEA /* Other Sources */,
				29B97317FDCFA39411CA2CEA /* Resources */,
				29B97323FDCFA39411CA2CEA /* Frameworks */,
				19C28FACFE9D520D11CA2CBB /* Products */,
			);
			name = CustomTemplate;
			sourceTree = "<group>";
		};
		29B97315FDCFA39411CA2CEA /* Other Sources */ = {
			isa = PBXGroup;
			children = (
				32CA4F630368D1EE00C91783 /* Crunchbutton-Prefix.pch */,
				29B97316FDCFA39411CA2CEA /* main.m */,
			);
			name = "Other Sources";
			path = Crunchbutton;
			sourceTree = "<group>";
		};
		29B97317FDCFA39411CA2CEA /* Resources */ = {
			isa = PBXGroup;
			children = (
				308D052D1370CCF300D202BF /* icons */,
				308D05311370CCF300D202BF /* splash */,
				8D1107310486CEB800E47090 /* Crunchbutton-Info.plist */,
				C530D8A647AE47D087F891CB /* CDVNotification.bundle */,
			);
			name = Resources;
			path = Crunchbutton/Resources;
			sourceTree = "<group>";
		};
		29B97323FDCFA39411CA2CEA /* Frameworks */ = {
			isa = PBXGroup;
			children = (
				087C6F561BAF4EC200045EFC /* FBSDKCoreKit.framework */,
				087C6F571BAF4EC200045EFC /* FBSDKLoginKit.framework */,
				087C6F3A1BAE73DD00045EFC /* FacebookSDK.framework */,
				5B1594DC16A7569C00FEF299 /* AssetsLibrary.framework */,
				288765FC0DF74451002DB57D /* CoreGraphics.framework */,
				305D5FD0115AB8F900A74A75 /* MobileCoreServices.framework */,
				BA7CB6FF846C40BB8955BBCA /* Stripe.framework */,
				96B97B054D2749C08AAFBE4E /* AddressBook.framework */,
				7FD3B065433E4C8486A335FB /* PassKit.framework */,
				BEA8E0F9A8414BB682BBE5B9 /* Foundation.framework */,
				4C012C257E374049ABC75D7C /* AudioToolbox.framework */,
				F303832444BB43EA889D9B14 /* CoreLocation.framework */,
				F7CAC6B1AD924B3BB00060C0 /* SystemConfiguration.framework */,
				CA613A47971741B18EE9C084 /* QuickLook.framework */,
				A2901FA49B0743848593A469 /* Bolts.framework */,
				A8AA39F7FE3C41A9B310869F /* FBSDKCoreKit.framework */,
				17386CF7FF674C48A113002C /* FBSDKLoginKit.framework */,
				69681DD7622E4A83A572FE6D /* FBSDKShareKit.framework */,
				C85BA3AC861C438394740DCC /* libsqlite3.dylib */,
				D66ECC687C1B4180B1FC96D4 /* Social.framework */,
				0DB1700A7AB64F7D93F74640 /* Accounts.framework */,
				452A97EFB43047F38C0F7278 /* Security.framework */,
				0C15C7ED34AB44119CC71B48 /* GCDWebServer.framework */,
				572E8B9EE2F449D4A3986C22 /* libz.dylib */,
				5F4200D6FD85419A8D64013F /* CFNetwork.framework */,
				980240B7D06744B9ADF6DA3D /* WebKit.framework */,
			);
			name = Frameworks;
			sourceTree = "<group>";
		};
		301BF52E109A57CC0062928A /* Products */ = {
			isa = PBXGroup;
			children = (
				301BF535109A57CC0062928A /* libCordova.a */,
			);
			name = Products;
			sourceTree = "<group>";
		};
		307C750510C5A3420062BCA9 /* Plugins */ = {
			isa = PBXGroup;
			children = (
				8400BD18B9C24B1AAD9FFC50 /* AppAvailability.m */,
				1BA3C4C9F436476DA83B3299 /* AppAvailability.h */,
				CEA83D1F887F46B89D0EAD57 /* CDVApplePay.m */,
				9CEA2DE7D2084074A4652659 /* CDVApplePay.h */,
				79EBD8C9E87048A88035C969 /* CDVDevice.m */,
				C6C185A62D48482C8F36DE84 /* CDVDevice.h */,
				E3C2B935AF36419690D38960 /* CDVNotification.m */,
				63BAC395CFC14357895ED8A0 /* CDVNotification.h */,
				ED8AFEE851D44C728B3EFB74 /* CDVLocation.m */,
				B050231DBA874CD18591384E /* CDVLocation.h */,
				8DCF737CA18B4BC58621FEF8 /* CDVInAppBrowser.m */,
				6B459B3D7E84493383C297F3 /* CDVInAppBrowser.h */,
				79C18C6E035542888D36C82D /* CDVFile.m */,
				09E814A946E54C99A5B3286B /* CDVLocalFilesystem.m */,
				E54F4C181E8B4366852C5653 /* CDVAssetLibraryFilesystem.m */,
				0722AD227233472FA0DE6A01 /* CDVFile.h */,
				270231CDD7094039913FF3FD /* CDVLocalFilesystem.h */,
				84F65C065D3545719351A673 /* CDVAssetLibraryFilesystem.h */,
				A42A2CCC7EC347AE84409BC6 /* CDVSound.m */,
				1B1E9BE9B22F46BC957013C2 /* CDVSound.h */,
				B6415974166640A5A2CA7A6D /* CDVConnection.m */,
				052F3421DD1842AAAE2CB6AD /* CDVReachability.m */,
				3E421AF2BE854932AC376D72 /* CDVConnection.h */,
				E658ACF84374477CA97D6615 /* CDVReachability.h */,
				9506112B4BE24C8E84A59FEE /* CDVSplashScreen.m */,
				B563620A184B41CD91003378 /* CDVViewController+SplashScreen.m */,
				25DFF7CAE8214377A39786BE /* CDVSplashScreen.h */,
				0827C3227B0A40EEA526E6AD /* CDVViewController+SplashScreen.h */,
				8C80B91F9D094EFFB0A1AD45 /* CDVStatusBar.m */,
				CA56CBE112704F06923BC712 /* CDVStatusBar.h */,
				AFFF7B663816486BA17D0655 /* CDVVibration.m */,
				53962B461C394C4DBF382C5D /* CDVVibration.h */,
				5FB71D5522B040C5BF8CF3C1 /* IonicKeyboard.m */,
				C43B3269D2A74A6C8BE91FDF /* UIWebViewExtension.m */,
				CABA3B0CFBDE4F0C8CA1F38C /* IonicKeyboard.h */,
				96BA9AEE83B64E4E9E7869CE /* UIWebViewExtension.h */,
				EE0E283E7B1C45C88083680A /* AppVersion.m */,
				A6AF12C7F1EB4132B6673CA2 /* AppVersion.h */,
				82B8E67813764FCBB3FFB20F /* AppDelegate+notification.m */,
				64D4B817BC084E84A585E3A2 /* PushPlugin.m */,
				70646EF0BA7C434F87746EFD /* AppDelegate+notification.h */,
				8C96D23DD5484D8498FA1AAA /* PushPlugin.h */,
				BA783C5708974F51BE7DD3BD /* FacebookConnectPlugin.m */,
				986B3332E2264B27A0876D47 /* FacebookConnectPlugin.h */,
				B972E1D7C09A47CDA1E2AEB4 /* MyMainViewController.m */,
				8700A98F7574429EA1AF4BA6 /* AppDelegate+WKWebViewPolyfill.m */,
				754F0AEBE87C498882A1C905 /* ReroutingUIWebView.m */,
				9E39FD44750E46B4AAACCD22 /* CDVWebViewOperationsDelegate.m */,
				C11EA6F28083431CB6847619 /* CDVWebViewUIDelegate.m */,
				75AE89665F67429183286729 /* MyMainViewController.h */,
				302FA54DDF7C418C968CDB02 /* AppDelegate+WKWebViewPolyfill.h */,
				8FE42F2C01664D3D8A8CDB42 /* ReroutingUIWebView.h */,
				51CC02FD136B4873A966DD04 /* CDVWebViewOperationsDelegate.h */,
				C5AE3CDA36E043A6A4688057 /* CDVWebViewUIDelegate.h */,
			);
			name = Plugins;
			path = Crunchbutton/Plugins;
			sourceTree = SOURCE_ROOT;
		};
		308D052D1370CCF300D202BF /* icons */ = {
			isa = PBXGroup;
			children = (
				30C1856519D5FC0A00212699 /* icon-60@3x.png */,
				7E7966D41810823500FA85AD /* icon-40.png */,
				7E7966D51810823500FA85AD /* icon-40@2x.png */,
				7E7966D61810823500FA85AD /* icon-50.png */,
				7E7966D71810823500FA85AD /* icon-50@2x.png */,
				7E7966D81810823500FA85AD /* icon-60.png */,
				7E7966D91810823500FA85AD /* icon-60@2x.png */,
				7E7966DA1810823500FA85AD /* icon-76.png */,
				7E7966DB1810823500FA85AD /* icon-76@2x.png */,
				7E7966DC1810823500FA85AD /* icon-small.png */,
				7E7966DD1810823500FA85AD /* icon-small@2x.png */,
				30FC414816E50CA1004E6F35 /* icon-72@2x.png */,
				308D052E1370CCF300D202BF /* icon-72.png */,
				308D052F1370CCF300D202BF /* icon.png */,
				308D05301370CCF300D202BF /* icon@2x.png */,
			);
			path = icons;
			sourceTree = "<group>";
		};
		308D05311370CCF300D202BF /* splash */ = {
			isa = PBXGroup;
			children = (
				30B4F2FD19D5E07200D9F7D8 /* Default-667h.png */,
				30B4F2FE19D5E07200D9F7D8 /* Default-736h.png */,
				30B4F2FF19D5E07200D9F7D8 /* Default-Landscape-736h.png */,
				D4A0D8751607E02300AEF8BB /* Default-568h@2x~iphone.png */,
				3088BBB7154F3926009F9C59 /* Default-Landscape@2x~ipad.png */,
				3088BBB8154F3926009F9C59 /* Default-Landscape~ipad.png */,
				3088BBB9154F3926009F9C59 /* Default-Portrait@2x~ipad.png */,
				3088BBBA154F3926009F9C59 /* Default-Portrait~ipad.png */,
				3088BBBB154F3926009F9C59 /* Default@2x~iphone.png */,
				3088BBBC154F3926009F9C59 /* Default~iphone.png */,
			);
			path = splash;
			sourceTree = "<group>";
		};
		EB87FDF11871DA420020F90C /* Staging */ = {
			isa = PBXGroup;
			children = (
				F840E1F0165FE0F500CFE078 /* config.xml */,
				301BF56E109A69640062928A /* www */,
			);
			name = Staging;
			sourceTree = "<group>";
		};
/* End PBXGroup section */

/* Begin PBXNativeTarget section */
		1D6058900D05DD3D006BFB54 /* Crunchbutton */ = {
			isa = PBXNativeTarget;
			buildConfigurationList = 1D6058960D05DD3E006BFB54 /* Build configuration list for PBXNativeTarget "Crunchbutton" */;
			buildPhases = (
				304B58A110DAC018002A0835 /* Copy www directory */,
				1D60588D0D05DD3D006BFB54 /* Resources */,
				1D60588E0D05DD3D006BFB54 /* Sources */,
				1D60588F0D05DD3D006BFB54 /* Frameworks */,
			);
			buildRules = (
			);
			dependencies = (
				301BF551109A68C00062928A /* PBXTargetDependency */,
			);
			name = Crunchbutton;
			productName = Crunchbutton;
			productReference = 1D6058910D05DD3D006BFB54 /* Crunchbutton.app */;
			productType = "com.apple.product-type.application";
		};
/* End PBXNativeTarget section */

/* Begin PBXProject section */
		29B97313FDCFA39411CA2CEA /* Project object */ = {
			isa = PBXProject;
			attributes = {
				LastUpgradeCheck = 510;
				TargetAttributes = {
					1D6058900D05DD3D006BFB54 = {
						DevelopmentTeam = T237M9V2RS;
						SystemCapabilities = {
							com.apple.OMC = {
								enabled = 1;
							};
							com.apple.Push = {
								enabled = 1;
							};
						};
					};
				};
			};
			buildConfigurationList = C01FCF4E08A954540054247B /* Build configuration list for PBXProject "Crunchbutton" */;
			compatibilityVersion = "Xcode 3.2";
			developmentRegion = English;
			hasScannedForEncodings = 1;
			knownRegions = (
				English,
				Japanese,
				French,
				German,
				en,
				es,
				de,
				se,
			);
			mainGroup = 29B97314FDCFA39411CA2CEA /* CustomTemplate */;
			projectDirPath = "";
			projectReferences = (
				{
					ProductGroup = 301BF52E109A57CC0062928A /* Products */;
					ProjectRef = 301BF52D109A57CC0062928A /* CordovaLib.xcodeproj */;
				},
			);
			projectRoot = "";
			targets = (
				1D6058900D05DD3D006BFB54 /* Crunchbutton */,
			);
		};
/* End PBXProject section */

/* Begin PBXReferenceProxy section */
		301BF535109A57CC0062928A /* libCordova.a */ = {
			isa = PBXReferenceProxy;
			fileType = archive.ar;
			path = libCordova.a;
			remoteRef = 301BF534109A57CC0062928A /* PBXContainerItemProxy */;
			sourceTree = BUILT_PRODUCTS_DIR;
		};
/* End PBXReferenceProxy section */

/* Begin PBXResourcesBuildPhase section */
		1D60588D0D05DD3D006BFB54 /* Resources */ = {
			isa = PBXResourcesBuildPhase;
			buildActionMask = 2147483647;
			files = (
				7E7966E41810823500FA85AD /* icon-76.png in Resources */,
				7E7966DF1810823500FA85AD /* icon-40@2x.png in Resources */,
				308D05371370CCF300D202BF /* icon-72.png in Resources */,
				30B4F30119D5E07200D9F7D8 /* Default-736h.png in Resources */,
				308D05381370CCF300D202BF /* icon.png in Resources */,
				308D05391370CCF300D202BF /* icon@2x.png in Resources */,
				302D95F214D2391D003F00A1 /* MainViewController.xib in Resources */,
				7E7966E01810823500FA85AD /* icon-50.png in Resources */,
				7E7966E31810823500FA85AD /* icon-60@2x.png in Resources */,
				7E7966E61810823500FA85AD /* icon-small.png in Resources */,
				3088BBBD154F3926009F9C59 /* Default-Landscape@2x~ipad.png in Resources */,
				3088BBBE154F3926009F9C59 /* Default-Landscape~ipad.png in Resources */,
				3088BBBF154F3926009F9C59 /* Default-Portrait@2x~ipad.png in Resources */,
				7E7966E71810823500FA85AD /* icon-small@2x.png in Resources */,
				3088BBC0154F3926009F9C59 /* Default-Portrait~ipad.png in Resources */,
				30B4F30019D5E07200D9F7D8 /* Default-667h.png in Resources */,
				7E7966DE1810823500FA85AD /* icon-40.png in Resources */,
				3088BBC1154F3926009F9C59 /* Default@2x~iphone.png in Resources */,
				7E7966E21810823500FA85AD /* icon-60.png in Resources */,
				3088BBC2154F3926009F9C59 /* Default~iphone.png in Resources */,
				D4A0D8761607E02300AEF8BB /* Default-568h@2x~iphone.png in Resources */,
				30B4F30219D5E07200D9F7D8 /* Default-Landscape-736h.png in Resources */,
				30C1856619D5FC0A00212699 /* icon-60@3x.png in Resources */,
				7E7966E11810823500FA85AD /* icon-50@2x.png in Resources */,
				7E7966E51810823500FA85AD /* icon-76@2x.png in Resources */,
				30FC414916E50CA1004E6F35 /* icon-72@2x.png in Resources */,
				9D3B619A37AC44978063C8E8 /* CDVNotification.bundle in Resources */,
			);
			runOnlyForDeploymentPostprocessing = 0;
		};
/* End PBXResourcesBuildPhase section */

/* Begin PBXShellScriptBuildPhase section */
		304B58A110DAC018002A0835 /* Copy www directory */ = {
			isa = PBXShellScriptBuildPhase;
			buildActionMask = 2147483647;
			files = (
			);
			inputPaths = (
			);
			name = "Copy www directory";
			outputPaths = (
			);
			runOnlyForDeploymentPostprocessing = 0;
			shellPath = /bin/sh;
			shellScript = "NODEJS_PATH=/usr/local/bin; NVM_NODE_PATH=~/.nvm/versions/node/`nvm version 2>/dev/null`/bin; N_NODE_PATH=`find /usr/local/n/versions/node/* -maxdepth 0 -type d 2>/dev/null | tail -1`/bin; XCODE_NODE_PATH=`xcode-select --print-path`/usr/share/xcs/Node/bin; PATH=$NODEJS_PATH:$NVM_NODE_PATH:$N_NODE_PATH:$XCODE_NODE_PATH:$PATH && node cordova/lib/copy-www-build-step.js";
			showEnvVarsInLog = 0;
		};
/* End PBXShellScriptBuildPhase section */

/* Begin PBXSourcesBuildPhase section */
		1D60588E0D05DD3D006BFB54 /* Sources */ = {
			isa = PBXSourcesBuildPhase;
			buildActionMask = 2147483647;
			files = (
				1D60589B0D05DD56006BFB54 /* main.m in Sources */,
				1D3623260D0F684500981E51 /* AppDelegate.m in Sources */,
				302D95F114D2391D003F00A1 /* MainViewController.m in Sources */,
				7C9DE9FFA1064DF189DD9037 /* AppAvailability.m in Sources */,
				691FB68406FB4A7292B3A7E1 /* CDVApplePay.m in Sources */,
				40CAA4BBE33145DA8788ACB0 /* CDVDevice.m in Sources */,
				D007F1CF3DF54A26805C3E75 /* CDVNotification.m in Sources */,
				B9F4C8CED50C4D8D91623FA2 /* CDVLocation.m in Sources */,
				CE3C3E030FA3483680CF4044 /* CDVInAppBrowser.m in Sources */,
				75EF73E1B4EF4FC28DD2AAD5 /* CDVFile.m in Sources */,
				7D662B1D66A5453B8E9FF67B /* CDVLocalFilesystem.m in Sources */,
				CAD495977AAF40B5A67A2701 /* CDVAssetLibraryFilesystem.m in Sources */,
				DFF374D8694E4F5AAB39CB9D /* CDVSound.m in Sources */,
				EE1527A8B96B40B59399E54B /* CDVConnection.m in Sources */,
				AE17DFC659744FC59820F0AB /* CDVReachability.m in Sources */,
				63DD00A7412C45A5A89CD73C /* CDVSplashScreen.m in Sources */,
				35020165D5314CC4B7FF1EE3 /* CDVViewController+SplashScreen.m in Sources */,
				26E87249F2624E7F8A780BBB /* CDVStatusBar.m in Sources */,
				9F980073FF6944C2A0160E92 /* CDVVibration.m in Sources */,
				79D5A2A55DB84A78A2E90E77 /* IonicKeyboard.m in Sources */,
				C59D48A7308640DB8F056708 /* UIWebViewExtension.m in Sources */,
				9378BBEA66AB4ECF8FA18C10 /* AppVersion.m in Sources */,
				A8F588A0A4FF41379CCA353D /* AppDelegate+notification.m in Sources */,
				D1966FB9DED1453EAD04C643 /* PushPlugin.m in Sources */,
				F7B1E4C6A8894B6AA24DA52B /* FacebookConnectPlugin.m in Sources */,
				D4D32AE914924850AF035E45 /* MyMainViewController.m in Sources */,
				FB487FA55C33420A8041456C /* AppDelegate+WKWebViewPolyfill.m in Sources */,
				382E51590DB14309921579A7 /* ReroutingUIWebView.m in Sources */,
				51B19F581DCF43C188A455F4 /* CDVWebViewOperationsDelegate.m in Sources */,
				F21F0C431B6F4125A04BA643 /* CDVWebViewUIDelegate.m in Sources */,
			);
			runOnlyForDeploymentPostprocessing = 0;
		};
/* End PBXSourcesBuildPhase section */

/* Begin PBXTargetDependency section */
		301BF551109A68C00062928A /* PBXTargetDependency */ = {
			isa = PBXTargetDependency;
			name = CordovaLib;
			targetProxy = 301BF550109A68C00062928A /* PBXContainerItemProxy */;
		};
/* End PBXTargetDependency section */

/* Begin XCBuildConfiguration section */
		1D6058940D05DD3E006BFB54 /* Debug */ = {
			isa = XCBuildConfiguration;
			buildSettings = {
				ALWAYS_SEARCH_USER_PATHS = NO;
				CLANG_ENABLE_MODULES = YES;
				CLANG_ENABLE_OBJC_ARC = YES;
				CODE_SIGN_ENTITLEMENTS = Crunchbutton/Crunchbutton.entitlements;
				CODE_SIGN_IDENTITY = "iPhone Developer";
				COPY_PHASE_STRIP = NO;
				ENABLE_BITCODE = NO;
				FRAMEWORK_SEARCH_PATHS = (
					"$(inherited)",
					Crunchbutton/Plugins/com.phonegap.plugins.facebookconnect,
					"Crunchbutton/Plugins/cordova-plugin-applepay",
					"$(PROJECT_DIR)",
					"\"Crunchbutton/Plugins/cordova-plugin-facebook4\"",
					"\"Crunchbutton/Plugins/cordova-plugin-facebook4\"",
					"\"Crunchbutton/Plugins/cordova-plugin-facebook4\"",
					"\"Crunchbutton/Plugins/cordova-plugin-facebook4\"",
					"\"Crunchbutton/Plugins/cordova-plugin-webserver\"",
				);
				GCC_DYNAMIC_NO_PIC = NO;
				GCC_OPTIMIZATION_LEVEL = 0;
				GCC_PRECOMPILE_PREFIX_HEADER = YES;
				GCC_PREFIX_HEADER = "Crunchbutton/Crunchbutton-Prefix.pch";
				GCC_THUMB_SUPPORT = NO;
				GCC_VERSION = "";
				INFOPLIST_FILE = "Crunchbutton/Crunchbutton-Info.plist";
				IPHONEOS_DEPLOYMENT_TARGET = 8.0;
				OTHER_LDFLAGS = (
					"-weak_framework",
					CoreFoundation,
					"-weak_framework",
					UIKit,
					"-weak_framework",
					AVFoundation,
					"-weak_framework",
					CoreMedia,
					"-weak-lSystem",
					"-ObjC",
				);
				PRODUCT_NAME = Crunchbutton;
				TARGETED_DEVICE_FAMILY = "1,2";
			};
			name = Debug;
		};
		1D6058950D05DD3E006BFB54 /* Release */ = {
			isa = XCBuildConfiguration;
			buildSettings = {
				ALWAYS_SEARCH_USER_PATHS = NO;
				CLANG_ENABLE_MODULES = YES;
				CLANG_ENABLE_OBJC_ARC = YES;
				CODE_SIGN_ENTITLEMENTS = Crunchbutton/Crunchbutton.entitlements;
				CODE_SIGN_IDENTITY = "iPhone Developer";
				COPY_PHASE_STRIP = YES;
				ENABLE_BITCODE = NO;
				FRAMEWORK_SEARCH_PATHS = (
					"$(inherited)",
					Crunchbutton/Plugins/com.phonegap.plugins.facebookconnect,
					"Crunchbutton/Plugins/cordova-plugin-applepay",
					"$(PROJECT_DIR)",
					"\"Crunchbutton/Plugins/cordova-plugin-facebook4\"",
					"\"Crunchbutton/Plugins/cordova-plugin-facebook4\"",
					"\"Crunchbutton/Plugins/cordova-plugin-facebook4\"",
					"\"Crunchbutton/Plugins/cordova-plugin-facebook4\"",
					"\"Crunchbutton/Plugins/cordova-plugin-webserver\"",
				);
				GCC_PRECOMPILE_PREFIX_HEADER = YES;
				GCC_PREFIX_HEADER = "Crunchbutton/Crunchbutton-Prefix.pch";
				GCC_THUMB_SUPPORT = NO;
				GCC_VERSION = "";
				INFOPLIST_FILE = "Crunchbutton/Crunchbutton-Info.plist";
				IPHONEOS_DEPLOYMENT_TARGET = 8.0;
				OTHER_LDFLAGS = (
					"-weak_framework",
					CoreFoundation,
					"-weak_framework",
					UIKit,
					"-weak_framework",
					AVFoundation,
					"-weak_framework",
					CoreMedia,
					"-weak-lSystem",
					"-ObjC",
				);
				PRODUCT_NAME = Crunchbutton;
				TARGETED_DEVICE_FAMILY = "1,2";
			};
			name = Release;
		};
		C01FCF4F08A954540054247B /* Debug */ = {
			isa = XCBuildConfiguration;
			buildSettings = {
				CLANG_ENABLE_OBJC_ARC = YES;
				CLANG_WARN_BOOL_CONVERSION = YES;
				CLANG_WARN_CONSTANT_CONVERSION = YES;
				CLANG_WARN_EMPTY_BODY = YES;
				CLANG_WARN_ENUM_CONVERSION = YES;
				CLANG_WARN_INT_CONVERSION = YES;
				CLANG_WARN__DUPLICATE_METHOD_MATCH = YES;
				"CODE_SIGN_IDENTITY[sdk=iphoneos*]" = "iPhone Developer";
				GCC_C_LANGUAGE_STANDARD = c99;
				GCC_THUMB_SUPPORT = NO;
				GCC_VERSION = "";
				GCC_WARN_ABOUT_RETURN_TYPE = YES;
				GCC_WARN_UNDECLARED_SELECTOR = YES;
				GCC_WARN_UNINITIALIZED_AUTOS = YES;
				GCC_WARN_UNUSED_FUNCTION = YES;
				GCC_WARN_UNUSED_VARIABLE = YES;
				HEADER_SEARCH_PATHS = (
					"\"$(TARGET_BUILD_DIR)/usr/local/lib/include\"",
					"\"$(OBJROOT)/UninstalledProducts/include\"",
					"\"$(BUILT_PRODUCTS_DIR)\"",
				);
				IPHONEOS_DEPLOYMENT_TARGET = 6.0;
				ONLY_ACTIVE_ARCH = YES;
				OTHER_LDFLAGS = (
					"-weak_framework",
					CoreFoundation,
					"-weak_framework",
					UIKit,
					"-weak_framework",
					AVFoundation,
					"-weak_framework",
					CoreMedia,
					"-weak-lSystem",
					"-ObjC",
				);
				SDKROOT = iphoneos;
				SKIP_INSTALL = NO;
				USER_HEADER_SEARCH_PATHS = "";
			};
			name = Debug;
		};
		C01FCF5008A954540054247B /* Release */ = {
			isa = XCBuildConfiguration;
			buildSettings = {
				CLANG_ENABLE_OBJC_ARC = YES;
				CLANG_WARN_BOOL_CONVERSION = YES;
				CLANG_WARN_CONSTANT_CONVERSION = YES;
				CLANG_WARN_EMPTY_BODY = YES;
				CLANG_WARN_ENUM_CONVERSION = YES;
				CLANG_WARN_INT_CONVERSION = YES;
				CLANG_WARN__DUPLICATE_METHOD_MATCH = YES;
				"CODE_SIGN_IDENTITY[sdk=iphoneos*]" = "iPhone Developer";
				GCC_C_LANGUAGE_STANDARD = c99;
				GCC_THUMB_SUPPORT = NO;
				GCC_VERSION = "";
				GCC_WARN_ABOUT_RETURN_TYPE = YES;
				GCC_WARN_UNDECLARED_SELECTOR = YES;
				GCC_WARN_UNINITIALIZED_AUTOS = YES;
				GCC_WARN_UNUSED_FUNCTION = YES;
				GCC_WARN_UNUSED_VARIABLE = YES;
				HEADER_SEARCH_PATHS = (
					"\"$(TARGET_BUILD_DIR)/usr/local/lib/include\"",
					"\"$(OBJROOT)/UninstalledProducts/include\"",
					"\"$(BUILT_PRODUCTS_DIR)\"",
				);
				IPHONEOS_DEPLOYMENT_TARGET = 6.0;
				OTHER_LDFLAGS = (
					"-weak_framework",
					CoreFoundation,
					"-weak_framework",
					UIKit,
					"-weak_framework",
					AVFoundation,
					"-weak_framework",
					CoreMedia,
					"-weak-lSystem",
					"-ObjC",
				);
				SDKROOT = iphoneos;
				SKIP_INSTALL = NO;
				USER_HEADER_SEARCH_PATHS = "";
			};
			name = Release;
		};
/* End XCBuildConfiguration section */

/* Begin XCConfigurationList section */
		1D6058960D05DD3E006BFB54 /* Build configuration list for PBXNativeTarget "Crunchbutton" */ = {
			isa = XCConfigurationList;
			buildConfigurations = (
				1D6058940D05DD3E006BFB54 /* Debug */,
				1D6058950D05DD3E006BFB54 /* Release */,
			);
			defaultConfigurationIsVisible = 0;
			defaultConfigurationName = Release;
		};
		C01FCF4E08A954540054247B /* Build configuration list for PBXProject "Crunchbutton" */ = {
			isa = XCConfigurationList;
			buildConfigurations = (
				C01FCF4F08A954540054247B /* Debug */,
				C01FCF5008A954540054247B /* Release */,
			);
			defaultConfigurationIsVisible = 0;
			defaultConfigurationName = Release;
		};
/* End XCConfigurationList section */
	};
	rootObject = 29B97313FDCFA39411CA2CEA /* Project object */;
}
